# This file is automatically @generated by Cargo.
# It is not intended for manual editing.
version = 4

[[package]]
name = "contract_data"
version = "0.0.1"
dependencies = [
 "xrpl-wasm-std",
]

[[package]]
name = "xrpl-wasm-std"
version = "0.5.1-devnet5"
source = "git+https://github.com/Transia-RnD/craft.git?branch=dangell%2Fsmart-contracts#3c8191ae9832ea25f7d8f3e5eeb33b65181d31b5"
