{
    "version": "0.5",
    "requires": [
        "zlib/1.3.1#b8bc2603263cf7eccbd6e17e66b0ed76%1756234269.497",
        "xxhash/0.8.3#681d36a0a6111fc56e5e45ea182c19cc%1756234289.683",
        "sqlite3/3.49.1#8631739a4c9b93bd3d6b753bac548a63%1756234266.869",
        "soci/4.0.3#a9f8d773cd33e356b5879a4b0564f287%1756234262.318",
        "snappy/1.1.10#968fef506ff261592ec30c574d4a7809%1756234314.246",
        "rocksdb/10.0.1#85537f46e538974d67da0c3977de48ac%1756234304.347",
        "re2/20230301#dfd6e2bf050eb90ddd8729cfb4c844a4%1756234257.976",
        "protobuf/3.21.12#d927114e28de9f4691a6bbcdd9a529d1%1756234251.614",
        "openssl/3.6.0#89e8af1d4a21afcac0557079d23d8890%1759746682.365",
        "nudb/2.0.9#c62cfd501e57055a7e0d8ee3d5e5427d%1756234237.107",
        "lz4/1.10.0#59fc63cac7f10fbe8e05c7e62c2f3504%1756234228.999",
        "libiconv/1.17#1e65319e945f2d31941a9d28cc13c058%1756223727.64",
        "libbacktrace/cci.20210118#a7691bfccd8caaf66309df196790a5a1%1756230911.03",
        "libarchive/3.8.1#5cf685686322e906cb42706ab7e099a8%1756234256.696",
        "jemalloc/5.3.0#e951da9cf599e956cebc117880d2d9f8%1729241615.244",
        "grpc/1.50.1#02291451d1e17200293a409410d1c4e1%1756234248.958",
        "doctest/2.4.11#a4211dfc329a16ba9f280f9574025659%1756234220.819",
        "date/3.0.4#f74bbba5a08fa388256688743136cb6f%1756234217.493",
        "c-ares/1.34.5#b78b91e7cfb1f11ce777a285bbf169c6%1756234217.915",
        "bzip2/1.0.8#00b4a4658791c1f06914e087f0e792f5%1756234261.716",
        "boost/1.88.0#8852c0b72ce8271fb8ff7c53456d4983%1756223752.326",
        "abseil/20230802.1#f0f91485b111dc9837a68972cb19ca7b%1756234220.907"
    ],
    "build_requires": [
        "zlib/1.3.1#b8bc2603263cf7eccbd6e17e66b0ed76%1756234269.497",
        "strawberryperl/5.32.1.1#707032463aa0620fa17ec0d887f5fe41%1756234281.733",
        "protobuf/3.21.12#d927114e28de9f4691a6bbcdd9a529d1%1756234251.614",
        "nasm/2.16.01#31e26f2ee3c4346ecd347911bd126904%1756234232.901",
        "msys2/cci.latest#5b73b10144f73cc5bfe0572ed9be39e1%1751977009.857",
        "m4/1.4.19#b38ced39a01e31fef5435bc634461fd2%1700758725.451",
        "cmake/3.31.8#dde3bde00bb843687e55aea5afa0e220%1756234232.89",
        "b2/5.3.3#107c15377719889654eb9a162a673975%1756234226.28",
        "automake/1.16.5#b91b7c384c3deaa9d535be02da14d04f%1755524470.56",
        "autoconf/2.71#51077f068e61700d65bb05541ea1e4b0%1731054366.86"
    ],
    "python_requires": [],
    "overrides": {
        "protobuf/3.21.12": [
            null,
            "protobuf/3.21.12"
        ],
        "lz4/1.9.4": [
            "lz4/1.10.0"
        ],
        "boost/1.83.0": [
            "boost/1.88.0"
        ],
        "sqlite3/3.44.2": [
            "sqlite3/3.49.1"
        ]
    },
    "config_requires": []
}