{
  "nodes": {
    "nixpkgs": {
      "locked": {
        "lastModified": 1780749050,
        "narHash": "sha256-3av0pIjlOWQ6rDbNOmpUSvbNnJkGORQKKjb4LtCZsIY=",
        "owner": "NixOS",
        "repo": "nixpkgs",
        "rev": "a799d3e3886da994fa307f817a6bc705ae538eeb",
        "type": "github"
      },
      "original": {
        "id": "nixpkgs",
        "ref": "nixos-unstable",
        "type": "indirect"
      }
    },
    "nixpkgs-custom-glibc": {
      "flake": false,
      "locked": {
        "lastModified": 1593520194,
        "narHash": "sha256-+TZW+2I7kLL9JglPNOagm1ywjf9ua0JYGoptq/dzVn0=",
        "owner": "NixOS",
        "repo": "nixpkgs",
        "rev": "9cd98386a38891d1074fc18036b842dc4416f562",
        "type": "github"
      },
      "original": {
        "owner": "NixOS",
        "repo": "nixpkgs",
        "rev": "9cd98386a38891d1074fc18036b842dc4416f562",
        "type": "github"
      }
    },
    "root": {
      "inputs": {
        "nixpkgs": "nixpkgs",
        "nixpkgs-custom-glibc": "nixpkgs-custom-glibc"
      }
    }
  },
  "root": "root",
  "version": 7
}
