<?xml version="1.0" encoding="utf-8"?>
<Project ToolsVersion="4.0" xmlns="http://schemas.microsoft.com/developer/msbuild/2003">
  <ItemGroup>
    <Filter Include="Source Files">
      <UniqueIdentifier>{4FC737F1-C7A5-4376-A066-2A32D752A2FF}</UniqueIdentifier>
      <Extensions>cpp;c;cc;cxx;def;odl;idl;hpj;bat;asm;asmx</Extensions>
    </Filter>
    <Filter Include="[0] Libraries">
      <UniqueIdentifier>{475c5b33-c9b5-415f-89df-fb9961f3b57c}</UniqueIdentifier>
    </Filter>
    <Filter Include="[0] Libraries\SQLite">
      <UniqueIdentifier>{60c3631e-8855-4a61-bdd3-9892d96242d5}</UniqueIdentifier>
    </Filter>
    <Filter Include="[0] Libraries\json">
      <UniqueIdentifier>{c642219d-cace-47c1-828a-58ba570da63a}</UniqueIdentifier>
    </Filter>
    <Filter Include="[0] Libraries\websocket">
      <UniqueIdentifier>{cd4c41c0-3ee6-49f8-8322-d11422b892f9}</UniqueIdentifier>
    </Filter>
    <Filter Include="[1] Modules">
      <UniqueIdentifier>{a152ed99-bd05-4c37-8ae7-82888b1bb469}</UniqueIdentifier>
    </Filter>
    <Filter Include="[0] Libraries\json\core">
      <UniqueIdentifier>{ca69d54b-9228-4767-9cef-81e489621683}</UniqueIdentifier>
    </Filter>
    <Filter Include="[0] Libraries\websocket\core">
      <UniqueIdentifier>{9fe711b6-ec1c-4a6c-9f78-2812f4627e70}</UniqueIdentifier>
    </Filter>
  </ItemGroup>
  <ItemGroup>
    <ClCompile Include="src\cpp\ripple\AccountState.cpp">
      <Filter>Source Files</Filter>
    </ClCompile>
    <ClCompile Include="src\cpp\ripple\Amount.cpp">
      <Filter>Source Files</Filter>
    </ClCompile>
    <ClCompile Include="src\cpp\ripple\Application.cpp">
      <Filter>Source Files</Filter>
    </ClCompile>
    <ClCompile Include="src\cpp\ripple\BitcoinUtil.cpp">
      <Filter>Source Files</Filter>
    </ClCompile>
    <ClCompile Include="src\cpp\ripple\CallRPC.cpp">
      <Filter>Source Files</Filter>
    </ClCompile>
    <ClCompile Include="src\cpp\ripple\CanonicalTXSet.cpp">
      <Filter>Source Files</Filter>
    </ClCompile>
    <ClCompile Include="src\cpp\ripple\Config.cpp">
      <Filter>Source Files</Filter>
    </ClCompile>
    <ClCompile Include="src\cpp\ripple\ConnectionPool.cpp">
      <Filter>Source Files</Filter>
    </ClCompile>
    <ClCompile Include="src\cpp\ripple\Contract.cpp">
      <Filter>Source Files</Filter>
    </ClCompile>
    <ClCompile Include="src\cpp\ripple\DBInit.cpp">
      <Filter>Source Files</Filter>
    </ClCompile>
    <ClCompile Include="src\cpp\ripple\DeterministicKeys.cpp">
      <Filter>Source Files</Filter>
    </ClCompile>
    <ClCompile Include="src\cpp\ripple\ECIES.cpp">
      <Filter>Source Files</Filter>
    </ClCompile>
    <ClCompile Include="src\cpp\ripple\FeatureTable.cpp">
      <Filter>Source Files</Filter>
    </ClCompile>
    <ClCompile Include="src\cpp\ripple\FieldNames.cpp">
      <Filter>Source Files</Filter>
    </ClCompile>
    <ClCompile Include="src\cpp\ripple\HashedObject.cpp">
      <Filter>Source Files</Filter>
    </ClCompile>
    <ClCompile Include="src\cpp\ripple\HTTPRequest.cpp">
      <Filter>Source Files</Filter>
    </ClCompile>
    <ClCompile Include="src\cpp\ripple\HttpsClient.cpp">
      <Filter>Source Files</Filter>
    </ClCompile>
    <ClCompile Include="src\cpp\ripple\InstanceCounter.cpp">
      <Filter>Source Files</Filter>
    </ClCompile>
    <ClCompile Include="src\cpp\ripple\Interpreter.cpp">
      <Filter>Source Files</Filter>
    </ClCompile>
    <ClCompile Include="src\cpp\ripple\JobQueue.cpp">
      <Filter>Source Files</Filter>
    </ClCompile>
    <ClCompile Include="src\cpp\ripple\Ledger.cpp">
      <Filter>Source Files</Filter>
    </ClCompile>
    <ClCompile Include="src\cpp\ripple\LedgerAcquire.cpp">
      <Filter>Source Files</Filter>
    </ClCompile>
    <ClCompile Include="src\cpp\ripple\LedgerConsensus.cpp">
      <Filter>Source Files</Filter>
    </ClCompile>
    <ClCompile Include="src\cpp\ripple\LedgerEntrySet.cpp">
      <Filter>Source Files</Filter>
    </ClCompile>
    <ClCompile Include="src\cpp\ripple\LedgerFormats.cpp">
      <Filter>Source Files</Filter>
    </ClCompile>
    <ClCompile Include="src\cpp\ripple\LedgerHistory.cpp">
      <Filter>Source Files</Filter>
    </ClCompile>
    <ClCompile Include="src\cpp\ripple\LedgerMaster.cpp">
      <Filter>Source Files</Filter>
    </ClCompile>
    <ClCompile Include="src\cpp\ripple\LedgerProposal.cpp">
      <Filter>Source Files</Filter>
    </ClCompile>
    <ClCompile Include="src\cpp\ripple\LedgerTiming.cpp">
      <Filter>Source Files</Filter>
    </ClCompile>
    <ClCompile Include="src\cpp\ripple\Log.cpp">
      <Filter>Source Files</Filter>
    </ClCompile>
    <ClCompile Include="src\cpp\ripple\main.cpp">
      <Filter>Source Files</Filter>
    </ClCompile>
    <ClCompile Include="src\cpp\ripple\NetworkOPs.cpp">
      <Filter>Source Files</Filter>
    </ClCompile>
    <ClCompile Include="src\cpp\ripple\NicknameState.cpp">
      <Filter>Source Files</Filter>
    </ClCompile>
    <ClCompile Include="src\cpp\ripple\Operation.cpp">
      <Filter>Source Files</Filter>
    </ClCompile>
    <ClCompile Include="src\cpp\ripple\OrderBook.cpp">
      <Filter>Source Files</Filter>
    </ClCompile>
    <ClCompile Include="src\cpp\ripple\OrderBookDB.cpp">
      <Filter>Source Files</Filter>
    </ClCompile>
    <ClCompile Include="src\cpp\ripple\PackedMessage.cpp">
      <Filter>Source Files</Filter>
    </ClCompile>
    <ClCompile Include="src\cpp\ripple\ParseSection.cpp">
      <Filter>Source Files</Filter>
    </ClCompile>
    <ClCompile Include="src\cpp\ripple\Pathfinder.cpp">
      <Filter>Source Files</Filter>
    </ClCompile>
    <ClCompile Include="src\cpp\ripple\Peer.cpp">
      <Filter>Source Files</Filter>
    </ClCompile>
    <ClCompile Include="src\cpp\ripple\PeerDoor.cpp">
      <Filter>Source Files</Filter>
    </ClCompile>
    <ClCompile Include="src\cpp\ripple\PFRequest.cpp">
      <Filter>Source Files</Filter>
    </ClCompile>
    <ClCompile Include="src\cpp\ripple\PlatRand.cpp">
      <Filter>Source Files</Filter>
    </ClCompile>
    <ClCompile Include="src\cpp\ripple\RangeSet.cpp">
      <Filter>Source Files</Filter>
    </ClCompile>
    <ClCompile Include="src\cpp\ripple\rfc1751.cpp">
      <Filter>Source Files</Filter>
    </ClCompile>
    <ClCompile Include="src\cpp\ripple\RippleAddress.cpp">
      <Filter>Source Files</Filter>
    </ClCompile>
    <ClCompile Include="src\cpp\ripple\RippleCalc.cpp">
      <Filter>Source Files</Filter>
    </ClCompile>
    <ClCompile Include="src\cpp\ripple\RippleState.cpp">
      <Filter>Source Files</Filter>
    </ClCompile>
    <ClCompile Include="src\cpp\ripple\rpc.cpp">
      <Filter>Source Files</Filter>
    </ClCompile>
    <ClCompile Include="src\cpp\ripple\RPCDoor.cpp">
      <Filter>Source Files</Filter>
    </ClCompile>
    <ClCompile Include="src\cpp\ripple\RPCHandler.cpp">
      <Filter>Source Files</Filter>
    </ClCompile>
    <ClCompile Include="src\cpp\ripple\RPCServer.cpp">
      <Filter>Source Files</Filter>
    </ClCompile>
    <ClCompile Include="src\cpp\ripple\ScriptData.cpp">
      <Filter>Source Files</Filter>
    </ClCompile>
    <ClCompile Include="src\cpp\ripple\SerializedLedger.cpp">
      <Filter>Source Files</Filter>
    </ClCompile>
    <ClCompile Include="src\cpp\ripple\SerializedObject.cpp">
      <Filter>Source Files</Filter>
    </ClCompile>
    <ClCompile Include="src\cpp\ripple\SerializedTransaction.cpp">
      <Filter>Source Files</Filter>
    </ClCompile>
    <ClCompile Include="src\cpp\ripple\SerializedTypes.cpp">
      <Filter>Source Files</Filter>
    </ClCompile>
    <ClCompile Include="src\cpp\ripple\SerializedValidation.cpp">
      <Filter>Source Files</Filter>
    </ClCompile>
    <ClCompile Include="src\cpp\ripple\Serializer.cpp">
      <Filter>Source Files</Filter>
    </ClCompile>
    <ClCompile Include="src\cpp\ripple\SHAMap.cpp">
      <Filter>Source Files</Filter>
    </ClCompile>
    <ClCompile Include="src\cpp\ripple\SHAMapDiff.cpp">
      <Filter>Source Files</Filter>
    </ClCompile>
    <ClCompile Include="src\cpp\ripple\SHAMapNodes.cpp">
      <Filter>Source Files</Filter>
    </ClCompile>
    <ClCompile Include="src\cpp\ripple\SHAMapSync.cpp">
      <Filter>Source Files</Filter>
    </ClCompile>
    <ClCompile Include="src\cpp\ripple\SNTPClient.cpp">
      <Filter>Source Files</Filter>
    </ClCompile>
    <ClCompile Include="src\cpp\ripple\Suppression.cpp">
      <Filter>Source Files</Filter>
    </ClCompile>
    <ClCompile Include="src\cpp\ripple\Transaction.cpp">
      <Filter>Source Files</Filter>
    </ClCompile>
    <ClCompile Include="src\cpp\ripple\TransactionAcquire.cpp">
      <Filter>Source Files</Filter>
    </ClCompile>
    <ClCompile Include="src\cpp\ripple\TransactionEngine.cpp">
      <Filter>Source Files</Filter>
    </ClCompile>
    <ClCompile Include="src\cpp\ripple\TransactionCheck.cpp">
      <Filter>Source Files</Filter>
    </ClCompile>
    <ClCompile Include="src\cpp\ripple\TransactionErr.cpp">
      <Filter>Source Files</Filter>
    </ClCompile>
    <ClCompile Include="src\cpp\ripple\TransactionFormats.cpp">
      <Filter>Source Files</Filter>
    </ClCompile>
    <ClCompile Include="src\cpp\ripple\TransactionMaster.cpp">
      <Filter>Source Files</Filter>
    </ClCompile>
    <ClCompile Include="src\cpp\ripple\TransactionMeta.cpp">
      <Filter>Source Files</Filter>
    </ClCompile>
    <ClCompile Include="src\cpp\ripple\TransactionQueue.cpp">
      <Filter>Source Files</Filter>
    </ClCompile>
    <ClCompile Include="src\cpp\ripple\UniqueNodeList.cpp">
      <Filter>Source Files</Filter>
    </ClCompile>
    <ClCompile Include="src\cpp\ripple\UpdateTables.cpp">
      <Filter>Source Files</Filter>
    </ClCompile>
    <ClCompile Include="src\cpp\ripple\utils.cpp">
      <Filter>Source Files</Filter>
    </ClCompile>
    <ClCompile Include="src\cpp\ripple\ValidationCollection.cpp">
      <Filter>Source Files</Filter>
    </ClCompile>
    <ClCompile Include="src\cpp\ripple\Wallet.cpp">
      <Filter>Source Files</Filter>
    </ClCompile>
    <ClCompile Include="src\cpp\ripple\WSDoor.cpp">
      <Filter>Source Files</Filter>
    </ClCompile>
    <ClCompile Include="src\cpp\ripple\ripple.pb.cc">
      <Filter>Source Files</Filter>
    </ClCompile>
    <ClCompile Include="src\cpp\database\sqlite3.c">
      <Filter>[0] Libraries\SQLite</Filter>
    </ClCompile>
    <ClCompile Include="src\cpp\ripple\Transactor.cpp">
      <Filter>Source Files</Filter>
    </ClCompile>
    <ClCompile Include="src\cpp\ripple\PaymentTransactor.cpp">
      <Filter>Source Files</Filter>
    </ClCompile>
    <ClCompile Include="src\cpp\ripple\WalletAddTransactor.cpp">
      <Filter>Source Files</Filter>
    </ClCompile>
    <ClCompile Include="src\cpp\ripple\AccountSetTransactor.cpp">
      <Filter>Source Files</Filter>
    </ClCompile>
    <ClCompile Include="src\cpp\ripple\OfferCancelTransactor.cpp">
      <Filter>Source Files</Filter>
    </ClCompile>
    <ClCompile Include="src\cpp\ripple\OfferCreateTransactor.cpp">
      <Filter>Source Files</Filter>
    </ClCompile>
    <ClCompile Include="src\cpp\ripple\RegularKeySetTransactor.cpp">
      <Filter>Source Files</Filter>
    </ClCompile>
    <ClCompile Include="src\cpp\ripple\TrustSetTransactor.cpp">
      <Filter>Source Files</Filter>
    </ClCompile>
    <ClCompile Include="src\cpp\ripple\LoadMonitor.cpp">
      <Filter>Source Files</Filter>
    </ClCompile>
    <ClCompile Include="src\cpp\ripple\RPCErr.cpp">
      <Filter>Source Files</Filter>
    </ClCompile>
    <ClCompile Include="src\cpp\ripple\Offer.cpp">
      <Filter>Source Files</Filter>
    </ClCompile>
    <ClCompile Include="src\cpp\ripple\AcceptedLedger.cpp">
      <Filter>Source Files</Filter>
    </ClCompile>
    <ClCompile Include="src\cpp\ripple\AccountItems.cpp">
      <Filter>Source Files</Filter>
    </ClCompile>
    <ClCompile Include="src\cpp\ripple\ProofOfWork.cpp">
      <Filter>Source Files</Filter>
    </ClCompile>
    <ClCompile Include="src\cpp\ripple\LoadManager.cpp">
      <Filter>Source Files</Filter>
    </ClCompile>
    <ClCompile Include="src\cpp\ripple\RPCSub.cpp">
      <Filter>Source Files</Filter>
    </ClCompile>
    <ClCompile Include="src\cpp\ripple\AmountRound.cpp">
      <Filter>Source Files</Filter>
    </ClCompile>
    <ClCompile Include="src\cpp\ripple\ChangeTransactor.cpp">
      <Filter>Source Files</Filter>
    </ClCompile>
    <ClCompile Include="src\cpp\leveldb_core.cpp" />
    <ClCompile Include="src\cpp\protobuf_core.cpp" />
    <ClCompile Include="src\cpp\database\database.cpp">
      <Filter>Source Files</Filter>
    </ClCompile>
    <ClCompile Include="src\cpp\database\SqliteDatabase.cpp">
      <Filter>Source Files</Filter>
    </ClCompile>
    <ClCompile Include="src\cpp\websocket_core.cpp">
      <Filter>[0] Libraries</Filter>
    </ClCompile>
    <ClCompile Include="src\cpp\websocketpp\src\base64\base64.cpp">
      <Filter>[0] Libraries\websocket\core</Filter>
    </ClCompile>
    <ClCompile Include="src\cpp\websocketpp\src\rng\boost_rng.cpp">
      <Filter>[0] Libraries\websocket\core</Filter>
    </ClCompile>
    <ClCompile Include="src\cpp\websocketpp\src\messages\data.cpp">
      <Filter>[0] Libraries\websocket\core</Filter>
    </ClCompile>
    <ClCompile Include="src\cpp\websocketpp\src\processors\hybi_header.cpp">
      <Filter>[0] Libraries\websocket\core</Filter>
    </ClCompile>
    <ClCompile Include="src\cpp\websocketpp\src\processors\hybi_util.cpp">
      <Filter>[0] Libraries\websocket\core</Filter>
    </ClCompile>
    <ClCompile Include="src\cpp\websocketpp\src\md5\md5.c">
      <Filter>[0] Libraries\websocket\core</Filter>
    </ClCompile>
    <ClCompile Include="src\cpp\websocketpp\src\network_utilities.cpp">
      <Filter>[0] Libraries\websocket\core</Filter>
    </ClCompile>
    <ClCompile Include="src\cpp\websocketpp\src\sha1\sha1.cpp">
      <Filter>[0] Libraries\websocket\core</Filter>
    </ClCompile>
    <ClCompile Include="src\cpp\websocketpp\src\uri.cpp">
      <Filter>[0] Libraries\websocket\core</Filter>
    </ClCompile>
    <ClCompile Include="src\cpp\json_core.cpp">
      <Filter>[0] Libraries\json</Filter>
    </ClCompile>
    <ClCompile Include="src\cpp\json\json_reader.cpp">
      <Filter>[0] Libraries\json\core</Filter>
    </ClCompile>
    <ClCompile Include="src\cpp\json\json_value.cpp">
      <Filter>[0] Libraries\json\core</Filter>
    </ClCompile>
    <ClCompile Include="src\cpp\json\json_writer.cpp">
      <Filter>[0] Libraries\json\core</Filter>
    </ClCompile>
  </ItemGroup>
  <ItemGroup>
    <ClInclude Include="src\cpp\ripple\ChangeTransactor.h">
      <Filter>Source Files</Filter>
    </ClInclude>
    <ClInclude Include="database\sqlite3ext.h">
      <Filter>[0] Libraries\SQLite</Filter>
    </ClInclude>
    <ClInclude Include="database\sqlite3.h">
      <Filter>[0] Libraries\SQLite</Filter>
    </ClInclude>
    <ClInclude Include="src\cpp\ripple\AcceptedLedger.h">
      <Filter>Source Files</Filter>
    </ClInclude>
    <ClInclude Include="src\cpp\ripple\AccountItems.h">
      <Filter>Source Files</Filter>
    </ClInclude>
    <ClInclude Include="src\cpp\ripple\AccountSetTransactor.h">
      <Filter>Source Files</Filter>
    </ClInclude>
    <ClInclude Include="src\cpp\ripple\AccountState.h">
      <Filter>Source Files</Filter>
    </ClInclude>
    <ClInclude Include="src\cpp\ripple\Application.h">
      <Filter>Source Files</Filter>
    </ClInclude>
    <ClInclude Include="src\cpp\ripple\base58.h">
      <Filter>Source Files</Filter>
    </ClInclude>
    <ClInclude Include="src\cpp\ripple\bignum.h">
      <Filter>Source Files</Filter>
    </ClInclude>
    <ClInclude Include="src\cpp\ripple\BitcoinUtil.h">
      <Filter>Source Files</Filter>
    </ClInclude>
    <ClInclude Include="src\cpp\ripple\CallRPC.h">
      <Filter>Source Files</Filter>
    </ClInclude>
    <ClInclude Include="src\cpp\ripple\CanonicalTXSet.h">
      <Filter>Source Files</Filter>
    </ClInclude>
    <ClInclude Include="src\cpp\ripple\Config.h">
      <Filter>Source Files</Filter>
    </ClInclude>
    <ClInclude Include="src\cpp\ripple\ConnectionPool.h">
      <Filter>Source Files</Filter>
    </ClInclude>
    <ClInclude Include="src\cpp\ripple\Contract.h">
      <Filter>Source Files</Filter>
    </ClInclude>
    <ClInclude Include="database\database.h">
      <Filter>Source Files</Filter>
    </ClInclude>
    <ClInclude Include="src\cpp\ripple\FieldNames.h">
      <Filter>Source Files</Filter>
    </ClInclude>
    <ClInclude Include="src\cpp\ripple\HashedObject.h">
      <Filter>Source Files</Filter>
    </ClInclude>
    <ClInclude Include="src\cpp\ripple\HashPrefixes.h">
      <Filter>Source Files</Filter>
    </ClInclude>
    <ClInclude Include="src\cpp\ripple\HTTPRequest.h">
      <Filter>Source Files</Filter>
    </ClInclude>
    <ClInclude Include="src\cpp\ripple\HttpsClient.h">
      <Filter>Source Files</Filter>
    </ClInclude>
    <ClInclude Include="src\cpp\ripple\InstanceCounter.h">
      <Filter>Source Files</Filter>
    </ClInclude>
    <ClInclude Include="src\cpp\ripple\Interpreter.h">
      <Filter>Source Files</Filter>
    </ClInclude>
    <ClInclude Include="src\cpp\ripple\JobQueue.h">
      <Filter>Source Files</Filter>
    </ClInclude>
    <ClInclude Include="src\cpp\ripple\key.h">
      <Filter>Source Files</Filter>
    </ClInclude>
    <ClInclude Include="src\cpp\ripple\Ledger.h">
      <Filter>Source Files</Filter>
    </ClInclude>
    <ClInclude Include="src\cpp\ripple\LedgerAcquire.h">
      <Filter>Source Files</Filter>
    </ClInclude>
    <ClInclude Include="src\cpp\ripple\LedgerConsensus.h">
      <Filter>Source Files</Filter>
    </ClInclude>
    <ClInclude Include="src\cpp\ripple\LedgerEntrySet.h">
      <Filter>Source Files</Filter>
    </ClInclude>
    <ClInclude Include="src\cpp\ripple\LedgerFormats.h">
      <Filter>Source Files</Filter>
    </ClInclude>
    <ClInclude Include="src\cpp\ripple\LedgerHistory.h">
      <Filter>Source Files</Filter>
    </ClInclude>
    <ClInclude Include="src\cpp\ripple\LedgerMaster.h">
      <Filter>Source Files</Filter>
    </ClInclude>
    <ClInclude Include="src\cpp\ripple\LedgerProposal.h">
      <Filter>Source Files</Filter>
    </ClInclude>
    <ClInclude Include="src\cpp\ripple\LedgerTiming.h">
      <Filter>Source Files</Filter>
    </ClInclude>
    <ClInclude Include="src\cpp\ripple\Log.h">
      <Filter>Source Files</Filter>
    </ClInclude>
    <ClInclude Include="src\cpp\ripple\NetworkOPs.h">
      <Filter>Source Files</Filter>
    </ClInclude>
    <ClInclude Include="src\cpp\ripple\NetworkStatus.h">
      <Filter>Source Files</Filter>
    </ClInclude>
    <ClInclude Include="src\cpp\ripple\NicknameState.h">
      <Filter>Source Files</Filter>
    </ClInclude>
    <ClInclude Include="src\cpp\ripple\Offer.h">
      <Filter>Source Files</Filter>
    </ClInclude>
    <ClInclude Include="src\cpp\ripple\OfferCancelTransactor.h">
      <Filter>Source Files</Filter>
    </ClInclude>
    <ClInclude Include="src\cpp\ripple\OfferCreateTransactor.h">
      <Filter>Source Files</Filter>
    </ClInclude>
    <ClInclude Include="src\cpp\ripple\Operation.h">
      <Filter>Source Files</Filter>
    </ClInclude>
    <ClInclude Include="src\cpp\ripple\OrderBook.h">
      <Filter>Source Files</Filter>
    </ClInclude>
    <ClInclude Include="src\cpp\ripple\OrderBookDB.h">
      <Filter>Source Files</Filter>
    </ClInclude>
    <ClInclude Include="src\cpp\ripple\PackedMessage.h">
      <Filter>Source Files</Filter>
    </ClInclude>
    <ClInclude Include="src\cpp\ripple\ParseSection.h">
      <Filter>Source Files</Filter>
    </ClInclude>
    <ClInclude Include="src\cpp\ripple\Pathfinder.h">
      <Filter>Source Files</Filter>
    </ClInclude>
    <ClInclude Include="src\cpp\ripple\PaymentTransactor.h">
      <Filter>Source Files</Filter>
    </ClInclude>
    <ClInclude Include="src\cpp\ripple\Peer.h">
      <Filter>Source Files</Filter>
    </ClInclude>
    <ClInclude Include="src\cpp\ripple\PeerDoor.h">
      <Filter>Source Files</Filter>
    </ClInclude>
    <ClInclude Include="src\cpp\ripple\ProofOfWork.h">
      <Filter>Source Files</Filter>
    </ClInclude>
    <ClInclude Include="src\cpp\ripple\RangeSet.h">
      <Filter>Source Files</Filter>
    </ClInclude>
    <ClInclude Include="src\cpp\ripple\RegularKeySetTransactor.h">
      <Filter>Source Files</Filter>
    </ClInclude>
    <ClInclude Include="src\cpp\ripple\rfc1751.h">
      <Filter>Source Files</Filter>
    </ClInclude>
    <ClInclude Include="src\cpp\ripple\ripple.pb.h">
      <Filter>Source Files</Filter>
    </ClInclude>
    <ClInclude Include="src\cpp\ripple\RippleAddress.h">
      <Filter>Source Files</Filter>
    </ClInclude>
    <ClInclude Include="src\cpp\ripple\RippleCalc.h">
      <Filter>Source Files</Filter>
    </ClInclude>
    <ClInclude Include="src\cpp\ripple\RippleState.h">
      <Filter>Source Files</Filter>
    </ClInclude>
    <ClInclude Include="src\cpp\ripple\RPC.h">
      <Filter>Source Files</Filter>
    </ClInclude>
    <ClInclude Include="src\cpp\ripple\RPCCommands.h">
      <Filter>Source Files</Filter>
    </ClInclude>
    <ClInclude Include="src\cpp\ripple\RPCDoor.h">
      <Filter>Source Files</Filter>
    </ClInclude>
    <ClInclude Include="src\cpp\ripple\RPCHandler.h">
      <Filter>Source Files</Filter>
    </ClInclude>
    <ClInclude Include="src\cpp\ripple\RPCServer.h">
      <Filter>Source Files</Filter>
    </ClInclude>
    <ClInclude Include="src\cpp\ripple\ScopedLock.h">
      <Filter>Source Files</Filter>
    </ClInclude>
    <ClInclude Include="src\cpp\ripple\ScriptData.h">
      <Filter>Source Files</Filter>
    </ClInclude>
    <ClInclude Include="src\cpp\ripple\SecureAllocator.h">
      <Filter>Source Files</Filter>
    </ClInclude>
    <ClInclude Include="src\cpp\ripple\SerializedLedger.h">
      <Filter>Source Files</Filter>
    </ClInclude>
    <ClInclude Include="src\cpp\ripple\SerializedObject.h">
      <Filter>Source Files</Filter>
    </ClInclude>
    <ClInclude Include="src\cpp\ripple\SerializedTransaction.h">
      <Filter>Source Files</Filter>
    </ClInclude>
    <ClInclude Include="src\cpp\ripple\SerializedTypes.h">
      <Filter>Source Files</Filter>
    </ClInclude>
    <ClInclude Include="src\cpp\ripple\SerializedValidation.h">
      <Filter>Source Files</Filter>
    </ClInclude>
    <ClInclude Include="src\cpp\ripple\SerializeProto.h">
      <Filter>Source Files</Filter>
    </ClInclude>
    <ClInclude Include="src\cpp\ripple\Serializer.h">
      <Filter>Source Files</Filter>
    </ClInclude>
    <ClInclude Include="src\cpp\ripple\SHAMap.h">
      <Filter>Source Files</Filter>
    </ClInclude>
    <ClInclude Include="src\cpp\ripple\SHAMapSync.h">
      <Filter>Source Files</Filter>
    </ClInclude>
    <ClInclude Include="src\cpp\ripple\SNTPClient.h">
      <Filter>Source Files</Filter>
    </ClInclude>
    <ClInclude Include="database\SqliteDatabase.h">
      <Filter>Source Files</Filter>
    </ClInclude>
    <ClInclude Include="src\cpp\ripple\Suppression.h">
      <Filter>Source Files</Filter>
    </ClInclude>
    <ClInclude Include="src\cpp\ripple\TaggedCache.h">
      <Filter>Source Files</Filter>
    </ClInclude>
    <ClInclude Include="src\cpp\ripple\Transaction.h">
      <Filter>Source Files</Filter>
    </ClInclude>
    <ClInclude Include="src\cpp\ripple\TransactionEngine.h">
      <Filter>Source Files</Filter>
    </ClInclude>
    <ClInclude Include="src\cpp\ripple\TransactionErr.h">
      <Filter>Source Files</Filter>
    </ClInclude>
    <ClInclude Include="src\cpp\ripple\TransactionFormats.h">
      <Filter>Source Files</Filter>
    </ClInclude>
    <ClInclude Include="src\cpp\ripple\TransactionMaster.h">
      <Filter>Source Files</Filter>
    </ClInclude>
    <ClInclude Include="src\cpp\ripple\TransactionMeta.h">
      <Filter>Source Files</Filter>
    </ClInclude>
    <ClInclude Include="src\cpp\ripple\TransactionQueue.h">
      <Filter>Source Files</Filter>
    </ClInclude>
    <ClInclude Include="src\cpp\ripple\Transactor.h">
      <Filter>Source Files</Filter>
    </ClInclude>
    <ClInclude Include="src\cpp\ripple\TrustSetTransactor.h">
      <Filter>Source Files</Filter>
    </ClInclude>
    <ClInclude Include="src\cpp\ripple\types.h">
      <Filter>Source Files</Filter>
    </ClInclude>
    <ClInclude Include="src\cpp\ripple\uint256.h">
      <Filter>Source Files</Filter>
    </ClInclude>
    <ClInclude Include="src\cpp\ripple\UniqueNodeList.h">
      <Filter>Source Files</Filter>
    </ClInclude>
    <ClInclude Include="src\cpp\ripple\utils.h">
      <Filter>Source Files</Filter>
    </ClInclude>
    <ClInclude Include="src\cpp\ripple\ValidationCollection.h">
      <Filter>Source Files</Filter>
    </ClInclude>
    <ClInclude Include="src\cpp\ripple\Version.h">
      <Filter>Source Files</Filter>
    </ClInclude>
    <ClInclude Include="src\cpp\ripple\Wallet.h">
      <Filter>Source Files</Filter>
    </ClInclude>
    <ClInclude Include="src\cpp\ripple\WalletAddTransactor.h">
      <Filter>Source Files</Filter>
    </ClInclude>
    <ClInclude Include="src\cpp\ripple\WSConnection.h">
      <Filter>Source Files</Filter>
    </ClInclude>
    <ClInclude Include="src\cpp\ripple\WSDoor.h">
      <Filter>Source Files</Filter>
    </ClInclude>
    <ClInclude Include="src\cpp\ripple\WSHandler.h">
      <Filter>Source Files</Filter>
    </ClInclude>
    <ClInclude Include="src\cpp\websocketpp\src\common.hpp">
      <Filter>[0] Libraries\websocket\core</Filter>
    </ClInclude>
    <ClInclude Include="src\cpp\websocketpp\src\connection.hpp">
      <Filter>[0] Libraries\websocket\core</Filter>
    </ClInclude>
    <ClInclude Include="src\cpp\websocketpp\src\endpoint.hpp">
      <Filter>[0] Libraries\websocket\core</Filter>
    </ClInclude>
    <ClInclude Include="src\cpp\websocketpp\src\network_utilities.hpp">
      <Filter>[0] Libraries\websocket\core</Filter>
    </ClInclude>
    <ClInclude Include="src\cpp\websocketpp\src\sockets\plain.hpp">
      <Filter>[0] Libraries\websocket\core</Filter>
    </ClInclude>
    <ClInclude Include="src\cpp\websocketpp\src\shared_const_buffer.hpp">
      <Filter>[0] Libraries\websocket\core</Filter>
    </ClInclude>
    <ClInclude Include="src\cpp\websocketpp\src\sockets\socket_base.hpp">
      <Filter>[0] Libraries\websocket\core</Filter>
    </ClInclude>
    <ClInclude Include="src\cpp\websocketpp\src\sockets\tls.hpp">
      <Filter>[0] Libraries\websocket\core</Filter>
    </ClInclude>
    <ClInclude Include="src\cpp\websocketpp\src\uri.hpp">
      <Filter>[0] Libraries\websocket\core</Filter>
    </ClInclude>
    <ClInclude Include="src\cpp\websocketpp\src\websocket_frame.hpp">
      <Filter>[0] Libraries\websocket\core</Filter>
    </ClInclude>
    <ClInclude Include="src\cpp\websocketpp\src\websocketpp.hpp">
      <Filter>[0] Libraries\websocket\core</Filter>
    </ClInclude>
    <ClInclude Include="src\cpp\json\autolink.h">
      <Filter>[0] Libraries\json\core</Filter>
    </ClInclude>
    <ClInclude Include="src\cpp\json\config.h">
      <Filter>[0] Libraries\json\core</Filter>
    </ClInclude>
    <ClInclude Include="src\cpp\json\features.h">
      <Filter>[0] Libraries\json\core</Filter>
    </ClInclude>
    <ClInclude Include="src\cpp\json\forwards.h">
      <Filter>[0] Libraries\json\core</Filter>
    </ClInclude>
    <ClInclude Include="src\cpp\json\json.h">
      <Filter>[0] Libraries\json\core</Filter>
    </ClInclude>
    <ClInclude Include="src\cpp\json\json_batchallocator.h">
      <Filter>[0] Libraries\json\core</Filter>
    </ClInclude>
    <ClInclude Include="src\cpp\json\reader.h">
      <Filter>[0] Libraries\json\core</Filter>
    </ClInclude>
    <ClInclude Include="src\cpp\json\value.h">
      <Filter>[0] Libraries\json\core</Filter>
    </ClInclude>
    <ClInclude Include="src\cpp\json\writer.h">
      <Filter>[0] Libraries\json\core</Filter>
    </ClInclude>
  </ItemGroup>
  <ItemGroup>
    <None Include="wallet.xml" />
    <None Include="SConstruct" />
    <None Include="newcoind.cfg" />
    <None Include="validators.txt" />
    <None Include="README" />
    <None Include="test\buster.js" />
    <None Include="test\server.js" />
    <None Include="test\standalone-test.js" />
    <None Include="test\utils.js" />
    <None Include="src\cpp\json\json_internalarray.inl">
      <Filter>[0] Libraries\json\core</Filter>
    </None>
    <None Include="src\cpp\json\json_internalmap.inl">
      <Filter>[0] Libraries\json\core</Filter>
    </None>
    <None Include="src\cpp\json\json_valueiterator.inl">
      <Filter>[0] Libraries\json\core</Filter>
    </None>
  </ItemGroup>
  <ItemGroup>
    <CustomBuild Include="src\cpp\ripple\ripple.proto" />
  </ItemGroup>
</Project>