<?xml version="1.0" encoding="utf-8"?>
<Project ToolsVersion="4.0" xmlns="http://schemas.microsoft.com/developer/msbuild/2003">
  <ItemGroup>
    <Filter Include="Source Files">
      <UniqueIdentifier>{4FC737F1-C7A5-4376-A066-2A32D752A2FF}</UniqueIdentifier>
      <Extensions>cpp;c;cc;cxx;def;odl;idl;hpj;bat;asm;asmx</Extensions>
    </Filter>
    <Filter Include="0. Third Party Code">
      <UniqueIdentifier>{475c5b33-c9b5-415f-89df-fb9961f3b57c}</UniqueIdentifier>
    </Filter>
    <Filter Include="0. Third Party Code\SQLite">
      <UniqueIdentifier>{60c3631e-8855-4a61-bdd3-9892d96242d5}</UniqueIdentifier>
    </Filter>
    <Filter Include="0. Third Party Code\json">
      <UniqueIdentifier>{c642219d-cace-47c1-828a-58ba570da63a}</UniqueIdentifier>
    </Filter>
    <Filter Include="0. Third Party Code\json\core">
      <UniqueIdentifier>{ca69d54b-9228-4767-9cef-81e489621683}</UniqueIdentifier>
    </Filter>
    <Filter Include="0. Third Party Code\websocket">
      <UniqueIdentifier>{cd4c41c0-3ee6-49f8-8322-d11422b892f9}</UniqueIdentifier>
    </Filter>
    <Filter Include="0. Third Party Code\websocket\core">
      <UniqueIdentifier>{9fe711b6-ec1c-4a6c-9f78-2812f4627e70}</UniqueIdentifier>
    </Filter>
    <Filter Include="1. Ripple Modules">
      <UniqueIdentifier>{a152ed99-bd05-4c37-8ae7-82888b1bb469}</UniqueIdentifier>
    </Filter>
    <Filter Include="0. Third Party Code\LevelDB">
      <UniqueIdentifier>{83e0c1a9-5ac4-4c68-ba62-45e24bf60c85}</UniqueIdentifier>
    </Filter>
    <Filter Include="0. Third Party Code\protobuf">
      <UniqueIdentifier>{1e155698-fbdf-4b1a-861f-396ca1690486}</UniqueIdentifier>
    </Filter>
    <Filter Include="0. Third Party Code\LevelDB\db">
      <UniqueIdentifier>{90f03f10-67b3-405b-9395-ca514b3d2554}</UniqueIdentifier>
    </Filter>
    <Filter Include="0. Third Party Code\LevelDB\table">
      <UniqueIdentifier>{08051cd0-8c55-4aea-a839-fab10847ae8e}</UniqueIdentifier>
    </Filter>
    <Filter Include="0. Third Party Code\LevelDB\util">
      <UniqueIdentifier>{2c99e10c-fd93-4859-ad41-b4878eb7e149}</UniqueIdentifier>
    </Filter>
    <Filter Include="0. Third Party Code\LevelDB\port">
      <UniqueIdentifier>{5aa322df-2bf4-4409-a39a-cb0069eb5e87}</UniqueIdentifier>
    </Filter>
    <Filter Include="0. Third Party Code\LevelDB\port\win">
      <UniqueIdentifier>{5249322a-6711-40e8-b1fb-12873aa39495}</UniqueIdentifier>
    </Filter>
    <Filter Include="0. Third Party Code\protobuf\protobuf">
      <UniqueIdentifier>{50c3843c-4a67-4cc2-a1d9-c45692849b48}</UniqueIdentifier>
    </Filter>
    <Filter Include="0. Third Party Code\protobuf\io">
      <UniqueIdentifier>{f57e4d02-7a69-4861-9f4b-160f13695e54}</UniqueIdentifier>
    </Filter>
    <Filter Include="0. Third Party Code\protobuf\stubs">
      <UniqueIdentifier>{27858e65-9580-4a67-b0c5-054e970516af}</UniqueIdentifier>
    </Filter>
    <Filter Include="1. Ripple Modules\database">
      <UniqueIdentifier>{a5190241-c5bc-4e23-8ef1-6adf757c75e3}</UniqueIdentifier>
    </Filter>
    <Filter Include="protoc_generated">
      <UniqueIdentifier>{7a289f3b-0204-4a4d-b161-589efd3589c0}</UniqueIdentifier>
    </Filter>
    <Filter Include="1. Ripple Modules\netio">
      <UniqueIdentifier>{7f76ce57-c428-487e-97a0-979c0990a81d}</UniqueIdentifier>
    </Filter>
  </ItemGroup>
  <ItemGroup>
    <ClCompile Include="src\cpp\database\sqlite3.c">
      <Filter>0. Third Party Code\SQLite</Filter>
    </ClCompile>
    <ClCompile Include="src\cpp\websocketpp\src\base64\base64.cpp">
      <Filter>0. Third Party Code\websocket\core</Filter>
    </ClCompile>
    <ClCompile Include="src\cpp\websocketpp\src\rng\boost_rng.cpp">
      <Filter>0. Third Party Code\websocket\core</Filter>
    </ClCompile>
    <ClCompile Include="src\cpp\websocketpp\src\messages\data.cpp">
      <Filter>0. Third Party Code\websocket\core</Filter>
    </ClCompile>
    <ClCompile Include="src\cpp\websocketpp\src\processors\hybi_header.cpp">
      <Filter>0. Third Party Code\websocket\core</Filter>
    </ClCompile>
    <ClCompile Include="src\cpp\websocketpp\src\processors\hybi_util.cpp">
      <Filter>0. Third Party Code\websocket\core</Filter>
    </ClCompile>
    <ClCompile Include="src\cpp\websocketpp\src\md5\md5.c">
      <Filter>0. Third Party Code\websocket\core</Filter>
    </ClCompile>
    <ClCompile Include="src\cpp\websocketpp\src\network_utilities.cpp">
      <Filter>0. Third Party Code\websocket\core</Filter>
    </ClCompile>
    <ClCompile Include="src\cpp\websocketpp\src\sha1\sha1.cpp">
      <Filter>0. Third Party Code\websocket\core</Filter>
    </ClCompile>
    <ClCompile Include="src\cpp\websocketpp\src\uri.cpp">
      <Filter>0. Third Party Code\websocket\core</Filter>
    </ClCompile>
    <ClCompile Include="src\cpp\json_core.cpp">
      <Filter>0. Third Party Code\json</Filter>
    </ClCompile>
    <ClCompile Include="src\cpp\json\json_reader.cpp">
      <Filter>0. Third Party Code\json\core</Filter>
    </ClCompile>
    <ClCompile Include="src\cpp\json\json_value.cpp">
      <Filter>0. Third Party Code\json\core</Filter>
    </ClCompile>
    <ClCompile Include="src\cpp\json\json_writer.cpp">
      <Filter>0. Third Party Code\json\core</Filter>
    </ClCompile>
    <ClCompile Include="src\cpp\leveldb_core.cpp">
      <Filter>0. Third Party Code\LevelDB</Filter>
    </ClCompile>
    <ClCompile Include="src\cpp\protobuf_core.cpp">
      <Filter>0. Third Party Code\protobuf</Filter>
    </ClCompile>
    <ClCompile Include="src\cpp\leveldb\db\builder.cc">
      <Filter>0. Third Party Code\LevelDB\db</Filter>
    </ClCompile>
    <ClCompile Include="src\cpp\leveldb\db\c.cc">
      <Filter>0. Third Party Code\LevelDB\db</Filter>
    </ClCompile>
    <ClCompile Include="src\cpp\leveldb\db\c_test.c">
      <Filter>0. Third Party Code\LevelDB\db</Filter>
    </ClCompile>
    <ClCompile Include="src\cpp\leveldb\db\db_bench.cc">
      <Filter>0. Third Party Code\LevelDB\db</Filter>
    </ClCompile>
    <ClCompile Include="src\cpp\leveldb\db\db_impl.cc">
      <Filter>0. Third Party Code\LevelDB\db</Filter>
    </ClCompile>
    <ClCompile Include="src\cpp\leveldb\db\db_iter.cc">
      <Filter>0. Third Party Code\LevelDB\db</Filter>
    </ClCompile>
    <ClCompile Include="src\cpp\leveldb\db\dbformat.cc">
      <Filter>0. Third Party Code\LevelDB\db</Filter>
    </ClCompile>
    <ClCompile Include="src\cpp\leveldb\db\filename.cc">
      <Filter>0. Third Party Code\LevelDB\db</Filter>
    </ClCompile>
    <ClCompile Include="src\cpp\leveldb\db\log_reader.cc">
      <Filter>0. Third Party Code\LevelDB\db</Filter>
    </ClCompile>
    <ClCompile Include="src\cpp\leveldb\db\log_test.cc">
      <Filter>0. Third Party Code\LevelDB\db</Filter>
    </ClCompile>
    <ClCompile Include="src\cpp\leveldb\db\log_writer.cc">
      <Filter>0. Third Party Code\LevelDB\db</Filter>
    </ClCompile>
    <ClCompile Include="src\cpp\leveldb\db\memtable.cc">
      <Filter>0. Third Party Code\LevelDB\db</Filter>
    </ClCompile>
    <ClCompile Include="src\cpp\leveldb\db\repair.cc">
      <Filter>0. Third Party Code\LevelDB\db</Filter>
    </ClCompile>
    <ClCompile Include="src\cpp\leveldb\db\table_cache.cc">
      <Filter>0. Third Party Code\LevelDB\db</Filter>
    </ClCompile>
    <ClCompile Include="src\cpp\leveldb\db\version_edit.cc">
      <Filter>0. Third Party Code\LevelDB\db</Filter>
    </ClCompile>
    <ClCompile Include="src\cpp\leveldb\db\version_set.cc">
      <Filter>0. Third Party Code\LevelDB\db</Filter>
    </ClCompile>
    <ClCompile Include="src\cpp\leveldb\db\write_batch.cc">
      <Filter>0. Third Party Code\LevelDB\db</Filter>
    </ClCompile>
    <ClCompile Include="src\cpp\leveldb\port\port_posix.cc">
      <Filter>0. Third Party Code\LevelDB\port</Filter>
    </ClCompile>
    <ClCompile Include="src\cpp\leveldb\port\port_win.cc">
      <Filter>0. Third Party Code\LevelDB\port</Filter>
    </ClCompile>
    <ClCompile Include="src\cpp\leveldb\table\format.cc">
      <Filter>0. Third Party Code\LevelDB\table</Filter>
    </ClCompile>
    <ClCompile Include="src\cpp\leveldb\table\iterator.cc">
      <Filter>0. Third Party Code\LevelDB\table</Filter>
    </ClCompile>
    <ClCompile Include="src\cpp\leveldb\table\merger.cc">
      <Filter>0. Third Party Code\LevelDB\table</Filter>
    </ClCompile>
    <ClCompile Include="src\cpp\leveldb\table\table.cc">
      <Filter>0. Third Party Code\LevelDB\table</Filter>
    </ClCompile>
    <ClCompile Include="src\cpp\leveldb\table\table_builder.cc">
      <Filter>0. Third Party Code\LevelDB\table</Filter>
    </ClCompile>
    <ClCompile Include="src\cpp\leveldb\table\two_level_iterator.cc">
      <Filter>0. Third Party Code\LevelDB\table</Filter>
    </ClCompile>
    <ClCompile Include="src\cpp\leveldb\table\block.cc">
      <Filter>0. Third Party Code\LevelDB\table</Filter>
    </ClCompile>
    <ClCompile Include="src\cpp\leveldb\table\block_builder.cc">
      <Filter>0. Third Party Code\LevelDB\table</Filter>
    </ClCompile>
    <ClCompile Include="src\cpp\leveldb\table\filter_block.cc">
      <Filter>0. Third Party Code\LevelDB\table</Filter>
    </ClCompile>
    <ClCompile Include="src\cpp\protobuf\src\google\protobuf\service.cc">
      <Filter>0. Third Party Code\protobuf\protobuf</Filter>
    </ClCompile>
    <ClCompile Include="src\cpp\protobuf\src\google\protobuf\text_format.cc">
      <Filter>0. Third Party Code\protobuf\protobuf</Filter>
    </ClCompile>
    <ClCompile Include="src\cpp\protobuf\src\google\protobuf\text_format_unittest.cc">
      <Filter>0. Third Party Code\protobuf\protobuf</Filter>
    </ClCompile>
    <ClCompile Include="src\cpp\protobuf\src\google\protobuf\unknown_field_set.cc">
      <Filter>0. Third Party Code\protobuf\protobuf</Filter>
    </ClCompile>
    <ClCompile Include="src\cpp\protobuf\src\google\protobuf\wire_format.cc">
      <Filter>0. Third Party Code\protobuf\protobuf</Filter>
    </ClCompile>
    <ClCompile Include="src\cpp\protobuf\src\google\protobuf\wire_format_lite.cc">
      <Filter>0. Third Party Code\protobuf\protobuf</Filter>
    </ClCompile>
    <ClCompile Include="src\cpp\protobuf\src\google\protobuf\descriptor.cc">
      <Filter>0. Third Party Code\protobuf\protobuf</Filter>
    </ClCompile>
    <ClCompile Include="src\cpp\protobuf\src\google\protobuf\descriptor.pb.cc">
      <Filter>0. Third Party Code\protobuf\protobuf</Filter>
    </ClCompile>
    <ClCompile Include="src\cpp\protobuf\src\google\protobuf\descriptor_database.cc">
      <Filter>0. Third Party Code\protobuf\protobuf</Filter>
    </ClCompile>
    <ClCompile Include="src\cpp\protobuf\src\google\protobuf\descriptor_unittest.cc">
      <Filter>0. Third Party Code\protobuf\protobuf</Filter>
    </ClCompile>
    <ClCompile Include="src\cpp\protobuf\src\google\protobuf\dynamic_message.cc">
      <Filter>0. Third Party Code\protobuf\protobuf</Filter>
    </ClCompile>
    <ClCompile Include="src\cpp\protobuf\src\google\protobuf\extension_set.cc">
      <Filter>0. Third Party Code\protobuf\protobuf</Filter>
    </ClCompile>
    <ClCompile Include="src\cpp\protobuf\src\google\protobuf\extension_set_heavy.cc">
      <Filter>0. Third Party Code\protobuf\protobuf</Filter>
    </ClCompile>
    <ClCompile Include="src\cpp\protobuf\src\google\protobuf\extension_set_unittest.cc">
      <Filter>0. Third Party Code\protobuf\protobuf</Filter>
    </ClCompile>
    <ClCompile Include="src\cpp\protobuf\src\google\protobuf\generated_message_reflection.cc">
      <Filter>0. Third Party Code\protobuf\protobuf</Filter>
    </ClCompile>
    <ClCompile Include="src\cpp\protobuf\src\google\protobuf\generated_message_util.cc">
      <Filter>0. Third Party Code\protobuf\protobuf</Filter>
    </ClCompile>
    <ClCompile Include="src\cpp\protobuf\src\google\protobuf\message.cc">
      <Filter>0. Third Party Code\protobuf\protobuf</Filter>
    </ClCompile>
    <ClCompile Include="src\cpp\protobuf\src\google\protobuf\message_lite.cc">
      <Filter>0. Third Party Code\protobuf\protobuf</Filter>
    </ClCompile>
    <ClCompile Include="src\cpp\protobuf\src\google\protobuf\reflection_ops.cc">
      <Filter>0. Third Party Code\protobuf\protobuf</Filter>
    </ClCompile>
    <ClCompile Include="src\cpp\protobuf\src\google\protobuf\repeated_field.cc">
      <Filter>0. Third Party Code\protobuf\protobuf</Filter>
    </ClCompile>
    <ClCompile Include="src\cpp\leveldb\util\bloom.cc">
      <Filter>0. Third Party Code\LevelDB\util</Filter>
    </ClCompile>
    <ClCompile Include="src\cpp\leveldb\util\cache.cc">
      <Filter>0. Third Party Code\LevelDB\util</Filter>
    </ClCompile>
    <ClCompile Include="src\cpp\leveldb\util\coding.cc">
      <Filter>0. Third Party Code\LevelDB\util</Filter>
    </ClCompile>
    <ClCompile Include="src\cpp\leveldb\util\comparator.cc">
      <Filter>0. Third Party Code\LevelDB\util</Filter>
    </ClCompile>
    <ClCompile Include="src\cpp\leveldb\util\crc32c.cc">
      <Filter>0. Third Party Code\LevelDB\util</Filter>
    </ClCompile>
    <ClCompile Include="src\cpp\leveldb\util\env.cc">
      <Filter>0. Third Party Code\LevelDB\util</Filter>
    </ClCompile>
    <ClCompile Include="src\cpp\leveldb\util\env_posix.cc">
      <Filter>0. Third Party Code\LevelDB\util</Filter>
    </ClCompile>
    <ClCompile Include="src\cpp\leveldb\util\env_test.cc">
      <Filter>0. Third Party Code\LevelDB\util</Filter>
    </ClCompile>
    <ClCompile Include="src\cpp\leveldb\util\env_win.cc">
      <Filter>0. Third Party Code\LevelDB\util</Filter>
    </ClCompile>
    <ClCompile Include="src\cpp\leveldb\util\filter_policy.cc">
      <Filter>0. Third Party Code\LevelDB\util</Filter>
    </ClCompile>
    <ClCompile Include="src\cpp\leveldb\util\hash.cc">
      <Filter>0. Third Party Code\LevelDB\util</Filter>
    </ClCompile>
    <ClCompile Include="src\cpp\leveldb\util\histogram.cc">
      <Filter>0. Third Party Code\LevelDB\util</Filter>
    </ClCompile>
    <ClCompile Include="src\cpp\leveldb\util\logging.cc">
      <Filter>0. Third Party Code\LevelDB\util</Filter>
    </ClCompile>
    <ClCompile Include="src\cpp\leveldb\util\options.cc">
      <Filter>0. Third Party Code\LevelDB\util</Filter>
    </ClCompile>
    <ClCompile Include="src\cpp\leveldb\util\status.cc">
      <Filter>0. Third Party Code\LevelDB\util</Filter>
    </ClCompile>
    <ClCompile Include="src\cpp\leveldb\util\arena.cc">
      <Filter>0. Third Party Code\LevelDB\util</Filter>
    </ClCompile>
    <ClCompile Include="src\cpp\protobuf\src\google\protobuf\io\coded_stream.cc">
      <Filter>0. Third Party Code\protobuf\io</Filter>
    </ClCompile>
    <ClCompile Include="src\cpp\protobuf\src\google\protobuf\io\gzip_stream.cc">
      <Filter>0. Third Party Code\protobuf\io</Filter>
    </ClCompile>
    <ClCompile Include="src\cpp\protobuf\src\google\protobuf\io\printer.cc">
      <Filter>0. Third Party Code\protobuf\io</Filter>
    </ClCompile>
    <ClCompile Include="src\cpp\protobuf\src\google\protobuf\io\tokenizer.cc">
      <Filter>0. Third Party Code\protobuf\io</Filter>
    </ClCompile>
    <ClCompile Include="src\cpp\protobuf\src\google\protobuf\io\zero_copy_stream.cc">
      <Filter>0. Third Party Code\protobuf\io</Filter>
    </ClCompile>
    <ClCompile Include="src\cpp\protobuf\src\google\protobuf\io\zero_copy_stream_impl.cc">
      <Filter>0. Third Party Code\protobuf\io</Filter>
    </ClCompile>
    <ClCompile Include="src\cpp\protobuf\src\google\protobuf\io\zero_copy_stream_impl_lite.cc">
      <Filter>0. Third Party Code\protobuf\io</Filter>
    </ClCompile>
    <ClCompile Include="src\cpp\protobuf\src\google\protobuf\stubs\atomicops_internals_x86_msvc.cc">
      <Filter>0. Third Party Code\protobuf\stubs</Filter>
    </ClCompile>
    <ClCompile Include="src\cpp\protobuf\src\google\protobuf\stubs\common.cc">
      <Filter>0. Third Party Code\protobuf\stubs</Filter>
    </ClCompile>
    <ClCompile Include="src\cpp\protobuf\src\google\protobuf\stubs\once.cc">
      <Filter>0. Third Party Code\protobuf\stubs</Filter>
    </ClCompile>
    <ClCompile Include="src\cpp\protobuf\src\google\protobuf\stubs\stringprintf.cc">
      <Filter>0. Third Party Code\protobuf\stubs</Filter>
    </ClCompile>
    <ClCompile Include="src\cpp\protobuf\src\google\protobuf\stubs\structurally_valid.cc">
      <Filter>0. Third Party Code\protobuf\stubs</Filter>
    </ClCompile>
    <ClCompile Include="src\cpp\protobuf\src\google\protobuf\stubs\strutil.cc">
      <Filter>0. Third Party Code\protobuf\stubs</Filter>
    </ClCompile>
    <ClCompile Include="src\cpp\protobuf\src\google\protobuf\stubs\substitute.cc">
      <Filter>0. Third Party Code\protobuf\stubs</Filter>
    </ClCompile>
    <ClCompile Include="src\cpp\ripple\RippleAddress.cpp">
      <Filter>Source Files</Filter>
    </ClCompile>
    <ClCompile Include="src\cpp\ripple\RippleCalc.cpp">
      <Filter>Source Files</Filter>
    </ClCompile>
    <ClCompile Include="src\cpp\ripple\RippleState.cpp">
      <Filter>Source Files</Filter>
    </ClCompile>
    <ClCompile Include="src\cpp\ripple\rpc.cpp">
      <Filter>Source Files</Filter>
    </ClCompile>
    <ClCompile Include="src\cpp\ripple\RPCDoor.cpp">
      <Filter>Source Files</Filter>
    </ClCompile>
    <ClCompile Include="src\cpp\ripple\RPCErr.cpp">
      <Filter>Source Files</Filter>
    </ClCompile>
    <ClCompile Include="src\cpp\ripple\RPCHandler.cpp">
      <Filter>Source Files</Filter>
    </ClCompile>
    <ClCompile Include="src\cpp\ripple\RPCServer.cpp">
      <Filter>Source Files</Filter>
    </ClCompile>
    <ClCompile Include="src\cpp\ripple\RPCSub.cpp">
      <Filter>Source Files</Filter>
    </ClCompile>
    <ClCompile Include="src\cpp\ripple\AcceptedLedger.cpp">
      <Filter>Source Files</Filter>
    </ClCompile>
    <ClCompile Include="src\cpp\ripple\AccountItems.cpp">
      <Filter>Source Files</Filter>
    </ClCompile>
    <ClCompile Include="src\cpp\ripple\AccountSetTransactor.cpp">
      <Filter>Source Files</Filter>
    </ClCompile>
    <ClCompile Include="src\cpp\ripple\AccountState.cpp">
      <Filter>Source Files</Filter>
    </ClCompile>
    <ClCompile Include="src\cpp\ripple\Amount.cpp">
      <Filter>Source Files</Filter>
    </ClCompile>
    <ClCompile Include="src\cpp\ripple\AmountRound.cpp">
      <Filter>Source Files</Filter>
    </ClCompile>
    <ClCompile Include="src\cpp\ripple\Application.cpp">
      <Filter>Source Files</Filter>
    </ClCompile>
    <ClCompile Include="src\cpp\ripple\BitcoinUtil.cpp">
      <Filter>Source Files</Filter>
    </ClCompile>
    <ClCompile Include="src\cpp\ripple\CallRPC.cpp">
      <Filter>Source Files</Filter>
    </ClCompile>
    <ClCompile Include="src\cpp\ripple\CanonicalTXSet.cpp">
      <Filter>Source Files</Filter>
    </ClCompile>
    <ClCompile Include="src\cpp\ripple\ChangeTransactor.cpp">
      <Filter>Source Files</Filter>
    </ClCompile>
    <ClCompile Include="src\cpp\ripple\Config.cpp">
      <Filter>Source Files</Filter>
    </ClCompile>
    <ClCompile Include="src\cpp\ripple\ConnectionPool.cpp">
      <Filter>Source Files</Filter>
    </ClCompile>
    <ClCompile Include="src\cpp\ripple\Contract.cpp">
      <Filter>Source Files</Filter>
    </ClCompile>
    <ClCompile Include="src\cpp\ripple\DBInit.cpp">
      <Filter>Source Files</Filter>
    </ClCompile>
    <ClCompile Include="src\cpp\ripple\DeterministicKeys.cpp">
      <Filter>Source Files</Filter>
    </ClCompile>
    <ClCompile Include="src\cpp\ripple\ECIES.cpp">
      <Filter>Source Files</Filter>
    </ClCompile>
    <ClCompile Include="src\cpp\ripple\FeatureTable.cpp">
      <Filter>Source Files</Filter>
    </ClCompile>
    <ClCompile Include="src\cpp\ripple\FieldNames.cpp">
      <Filter>Source Files</Filter>
    </ClCompile>
    <ClCompile Include="src\cpp\ripple\HashedObject.cpp">
      <Filter>Source Files</Filter>
    </ClCompile>
    <ClCompile Include="src\cpp\ripple\HTTPRequest.cpp">
      <Filter>Source Files</Filter>
    </ClCompile>
    <ClCompile Include="src\cpp\ripple\HttpsClient.cpp">
      <Filter>Source Files</Filter>
    </ClCompile>
    <ClCompile Include="src\cpp\ripple\InstanceCounter.cpp">
      <Filter>Source Files</Filter>
    </ClCompile>
    <ClCompile Include="src\cpp\ripple\Interpreter.cpp">
      <Filter>Source Files</Filter>
    </ClCompile>
    <ClCompile Include="src\cpp\ripple\JobQueue.cpp">
      <Filter>Source Files</Filter>
    </ClCompile>
    <ClCompile Include="src\cpp\ripple\Ledger.cpp">
      <Filter>Source Files</Filter>
    </ClCompile>
    <ClCompile Include="src\cpp\ripple\LedgerAcquire.cpp">
      <Filter>Source Files</Filter>
    </ClCompile>
    <ClCompile Include="src\cpp\ripple\LedgerConsensus.cpp">
      <Filter>Source Files</Filter>
    </ClCompile>
    <ClCompile Include="src\cpp\ripple\LedgerEntrySet.cpp">
      <Filter>Source Files</Filter>
    </ClCompile>
    <ClCompile Include="src\cpp\ripple\LedgerFormats.cpp">
      <Filter>Source Files</Filter>
    </ClCompile>
    <ClCompile Include="src\cpp\ripple\LedgerHistory.cpp">
      <Filter>Source Files</Filter>
    </ClCompile>
    <ClCompile Include="src\cpp\ripple\LedgerMaster.cpp">
      <Filter>Source Files</Filter>
    </ClCompile>
    <ClCompile Include="src\cpp\ripple\LedgerProposal.cpp">
      <Filter>Source Files</Filter>
    </ClCompile>
    <ClCompile Include="src\cpp\ripple\LedgerTiming.cpp">
      <Filter>Source Files</Filter>
    </ClCompile>
    <ClCompile Include="src\cpp\ripple\LoadManager.cpp">
      <Filter>Source Files</Filter>
    </ClCompile>
    <ClCompile Include="src\cpp\ripple\LoadMonitor.cpp">
      <Filter>Source Files</Filter>
    </ClCompile>
    <ClCompile Include="src\cpp\ripple\Log.cpp">
      <Filter>Source Files</Filter>
    </ClCompile>
    <ClCompile Include="src\cpp\ripple\main.cpp">
      <Filter>Source Files</Filter>
    </ClCompile>
    <ClCompile Include="src\cpp\ripple\NetworkOPs.cpp">
      <Filter>Source Files</Filter>
    </ClCompile>
    <ClCompile Include="src\cpp\ripple\NicknameState.cpp">
      <Filter>Source Files</Filter>
    </ClCompile>
    <ClCompile Include="src\cpp\ripple\Offer.cpp">
      <Filter>Source Files</Filter>
    </ClCompile>
    <ClCompile Include="src\cpp\ripple\OfferCancelTransactor.cpp">
      <Filter>Source Files</Filter>
    </ClCompile>
    <ClCompile Include="src\cpp\ripple\OfferCreateTransactor.cpp">
      <Filter>Source Files</Filter>
    </ClCompile>
    <ClCompile Include="src\cpp\ripple\Operation.cpp">
      <Filter>Source Files</Filter>
    </ClCompile>
    <ClCompile Include="src\cpp\ripple\OrderBook.cpp">
      <Filter>Source Files</Filter>
    </ClCompile>
    <ClCompile Include="src\cpp\ripple\OrderBookDB.cpp">
      <Filter>Source Files</Filter>
    </ClCompile>
    <ClCompile Include="src\cpp\ripple\PackedMessage.cpp">
      <Filter>Source Files</Filter>
    </ClCompile>
    <ClCompile Include="src\cpp\ripple\ParameterTable.cpp">
      <Filter>Source Files</Filter>
    </ClCompile>
    <ClCompile Include="src\cpp\ripple\ParseSection.cpp">
      <Filter>Source Files</Filter>
    </ClCompile>
    <ClCompile Include="src\cpp\ripple\PathDB.cpp">
      <Filter>Source Files</Filter>
    </ClCompile>
    <ClCompile Include="src\cpp\ripple\Pathfinder.cpp">
      <Filter>Source Files</Filter>
    </ClCompile>
    <ClCompile Include="src\cpp\ripple\PaymentTransactor.cpp">
      <Filter>Source Files</Filter>
    </ClCompile>
    <ClCompile Include="src\cpp\ripple\Peer.cpp">
      <Filter>Source Files</Filter>
    </ClCompile>
    <ClCompile Include="src\cpp\ripple\PeerDoor.cpp">
      <Filter>Source Files</Filter>
    </ClCompile>
    <ClCompile Include="src\cpp\ripple\PFRequest.cpp">
      <Filter>Source Files</Filter>
    </ClCompile>
    <ClCompile Include="src\cpp\ripple\PlatRand.cpp">
      <Filter>Source Files</Filter>
    </ClCompile>
    <ClCompile Include="src\cpp\ripple\ProofOfWork.cpp">
      <Filter>Source Files</Filter>
    </ClCompile>
    <ClCompile Include="src\cpp\ripple\RangeSet.cpp">
      <Filter>Source Files</Filter>
    </ClCompile>
    <ClCompile Include="src\cpp\ripple\RegularKeySetTransactor.cpp">
      <Filter>Source Files</Filter>
    </ClCompile>
    <ClCompile Include="src\cpp\ripple\rfc1751.cpp">
      <Filter>Source Files</Filter>
    </ClCompile>
    <ClCompile Include="src\cpp\ripple\SerializedValidation.cpp">
      <Filter>Source Files</Filter>
    </ClCompile>
    <ClCompile Include="src\cpp\ripple\Serializer.cpp">
      <Filter>Source Files</Filter>
    </ClCompile>
    <ClCompile Include="src\cpp\ripple\SHAMap.cpp">
      <Filter>Source Files</Filter>
    </ClCompile>
    <ClCompile Include="src\cpp\ripple\SHAMapDiff.cpp">
      <Filter>Source Files</Filter>
    </ClCompile>
    <ClCompile Include="src\cpp\ripple\SHAMapNodes.cpp">
      <Filter>Source Files</Filter>
    </ClCompile>
    <ClCompile Include="src\cpp\ripple\SHAMapSync.cpp">
      <Filter>Source Files</Filter>
    </ClCompile>
    <ClCompile Include="src\cpp\ripple\SNTPClient.cpp">
      <Filter>Source Files</Filter>
    </ClCompile>
    <ClCompile Include="src\cpp\ripple\Suppression.cpp">
      <Filter>Source Files</Filter>
    </ClCompile>
    <ClCompile Include="src\cpp\ripple\Transaction.cpp">
      <Filter>Source Files</Filter>
    </ClCompile>
    <ClCompile Include="src\cpp\ripple\TransactionAcquire.cpp">
      <Filter>Source Files</Filter>
    </ClCompile>
    <ClCompile Include="src\cpp\ripple\TransactionCheck.cpp">
      <Filter>Source Files</Filter>
    </ClCompile>
    <ClCompile Include="src\cpp\ripple\TransactionEngine.cpp">
      <Filter>Source Files</Filter>
    </ClCompile>
    <ClCompile Include="src\cpp\ripple\TransactionErr.cpp">
      <Filter>Source Files</Filter>
    </ClCompile>
    <ClCompile Include="src\cpp\ripple\TransactionFormats.cpp">
      <Filter>Source Files</Filter>
    </ClCompile>
    <ClCompile Include="src\cpp\ripple\TransactionMaster.cpp">
      <Filter>Source Files</Filter>
    </ClCompile>
    <ClCompile Include="src\cpp\ripple\TransactionMeta.cpp">
      <Filter>Source Files</Filter>
    </ClCompile>
    <ClCompile Include="src\cpp\ripple\TransactionQueue.cpp">
      <Filter>Source Files</Filter>
    </ClCompile>
    <ClCompile Include="src\cpp\ripple\Transactor.cpp">
      <Filter>Source Files</Filter>
    </ClCompile>
    <ClCompile Include="src\cpp\ripple\TrustSetTransactor.cpp">
      <Filter>Source Files</Filter>
    </ClCompile>
    <ClCompile Include="src\cpp\ripple\UniqueNodeList.cpp">
      <Filter>Source Files</Filter>
    </ClCompile>
    <ClCompile Include="src\cpp\ripple\UpdateTables.cpp">
      <Filter>Source Files</Filter>
    </ClCompile>
    <ClCompile Include="src\cpp\ripple\utils.cpp">
      <Filter>Source Files</Filter>
    </ClCompile>
    <ClCompile Include="src\cpp\ripple\ValidationCollection.cpp">
      <Filter>Source Files</Filter>
    </ClCompile>
    <ClCompile Include="src\cpp\ripple\Wallet.cpp">
      <Filter>Source Files</Filter>
    </ClCompile>
    <ClCompile Include="src\cpp\ripple\WalletAddTransactor.cpp">
      <Filter>Source Files</Filter>
    </ClCompile>
    <ClCompile Include="src\cpp\ripple\WSDoor.cpp">
      <Filter>Source Files</Filter>
    </ClCompile>
    <ClCompile Include="src\cpp\ripple\ScriptData.cpp">
      <Filter>Source Files</Filter>
    </ClCompile>
    <ClCompile Include="src\cpp\ripple\SerializedLedger.cpp">
      <Filter>Source Files</Filter>
    </ClCompile>
    <ClCompile Include="src\cpp\ripple\SerializedObject.cpp">
      <Filter>Source Files</Filter>
    </ClCompile>
    <ClCompile Include="src\cpp\ripple\SerializedTransaction.cpp">
      <Filter>Source Files</Filter>
    </ClCompile>
    <ClCompile Include="src\cpp\ripple\SerializedTypes.cpp">
      <Filter>Source Files</Filter>
    </ClCompile>
    <ClCompile Include="src\cpp\database\database.cpp">
      <Filter>1. Ripple Modules\database</Filter>
    </ClCompile>
    <ClCompile Include="src\cpp\database\SqliteDatabase.cpp">
      <Filter>1. Ripple Modules\database</Filter>
    </ClCompile>
    <ClCompile Include="src\cpp\websocket_core.cpp">
      <Filter>0. Third Party Code\websocket</Filter>
    </ClCompile>
    <ClCompile Include="src\cpp\ripple\ripple.pb.cc">
      <Filter>protoc_generated</Filter>
    </ClCompile>
  </ItemGroup>
  <ItemGroup>
    <ClInclude Include="database\sqlite3ext.h">
      <Filter>0. Third Party Code\SQLite</Filter>
    </ClInclude>
    <ClInclude Include="database\sqlite3.h">
      <Filter>0. Third Party Code\SQLite</Filter>
    </ClInclude>
    <ClInclude Include="src\cpp\websocketpp\src\common.hpp">
      <Filter>0. Third Party Code\websocket\core</Filter>
    </ClInclude>
    <ClInclude Include="src\cpp\websocketpp\src\connection.hpp">
      <Filter>0. Third Party Code\websocket\core</Filter>
    </ClInclude>
    <ClInclude Include="src\cpp\websocketpp\src\endpoint.hpp">
      <Filter>0. Third Party Code\websocket\core</Filter>
    </ClInclude>
    <ClInclude Include="src\cpp\websocketpp\src\network_utilities.hpp">
      <Filter>0. Third Party Code\websocket\core</Filter>
    </ClInclude>
    <ClInclude Include="src\cpp\websocketpp\src\sockets\plain.hpp">
      <Filter>0. Third Party Code\websocket\core</Filter>
    </ClInclude>
    <ClInclude Include="src\cpp\websocketpp\src\shared_const_buffer.hpp">
      <Filter>0. Third Party Code\websocket\core</Filter>
    </ClInclude>
    <ClInclude Include="src\cpp\websocketpp\src\sockets\socket_base.hpp">
      <Filter>0. Third Party Code\websocket\core</Filter>
    </ClInclude>
    <ClInclude Include="src\cpp\websocketpp\src\sockets\tls.hpp">
      <Filter>0. Third Party Code\websocket\core</Filter>
    </ClInclude>
    <ClInclude Include="src\cpp\websocketpp\src\uri.hpp">
      <Filter>0. Third Party Code\websocket\core</Filter>
    </ClInclude>
    <ClInclude Include="src\cpp\websocketpp\src\websocket_frame.hpp">
      <Filter>0. Third Party Code\websocket\core</Filter>
    </ClInclude>
    <ClInclude Include="src\cpp\websocketpp\src\websocketpp.hpp">
      <Filter>0. Third Party Code\websocket\core</Filter>
    </ClInclude>
    <ClInclude Include="src\cpp\json\autolink.h">
      <Filter>0. Third Party Code\json\core</Filter>
    </ClInclude>
    <ClInclude Include="src\cpp\json\config.h">
      <Filter>0. Third Party Code\json\core</Filter>
    </ClInclude>
    <ClInclude Include="src\cpp\json\features.h">
      <Filter>0. Third Party Code\json\core</Filter>
    </ClInclude>
    <ClInclude Include="src\cpp\json\forwards.h">
      <Filter>0. Third Party Code\json\core</Filter>
    </ClInclude>
    <ClInclude Include="src\cpp\json\json.h">
      <Filter>0. Third Party Code\json\core</Filter>
    </ClInclude>
    <ClInclude Include="src\cpp\json\json_batchallocator.h">
      <Filter>0. Third Party Code\json\core</Filter>
    </ClInclude>
    <ClInclude Include="src\cpp\json\reader.h">
      <Filter>0. Third Party Code\json\core</Filter>
    </ClInclude>
    <ClInclude Include="src\cpp\json\value.h">
      <Filter>0. Third Party Code\json\core</Filter>
    </ClInclude>
    <ClInclude Include="src\cpp\json\writer.h">
      <Filter>0. Third Party Code\json\core</Filter>
    </ClInclude>
    <ClInclude Include="src\cpp\leveldb\db\builder.h">
      <Filter>0. Third Party Code\LevelDB\db</Filter>
    </ClInclude>
    <ClInclude Include="src\cpp\leveldb\db\db_impl.h">
      <Filter>0. Third Party Code\LevelDB\db</Filter>
    </ClInclude>
    <ClInclude Include="src\cpp\leveldb\db\db_iter.h">
      <Filter>0. Third Party Code\LevelDB\db</Filter>
    </ClInclude>
    <ClInclude Include="src\cpp\leveldb\db\dbformat.h">
      <Filter>0. Third Party Code\LevelDB\db</Filter>
    </ClInclude>
    <ClInclude Include="src\cpp\leveldb\db\filename.h">
      <Filter>0. Third Party Code\LevelDB\db</Filter>
    </ClInclude>
    <ClInclude Include="src\cpp\leveldb\db\log_format.h">
      <Filter>0. Third Party Code\LevelDB\db</Filter>
    </ClInclude>
    <ClInclude Include="src\cpp\leveldb\db\log_reader.h">
      <Filter>0. Third Party Code\LevelDB\db</Filter>
    </ClInclude>
    <ClInclude Include="src\cpp\leveldb\db\log_writer.h">
      <Filter>0. Third Party Code\LevelDB\db</Filter>
    </ClInclude>
    <ClInclude Include="src\cpp\leveldb\db\memtable.h">
      <Filter>0. Third Party Code\LevelDB\db</Filter>
    </ClInclude>
    <ClInclude Include="src\cpp\leveldb\db\skiplist.h">
      <Filter>0. Third Party Code\LevelDB\db</Filter>
    </ClInclude>
    <ClInclude Include="src\cpp\leveldb\db\snapshot.h">
      <Filter>0. Third Party Code\LevelDB\db</Filter>
    </ClInclude>
    <ClInclude Include="src\cpp\leveldb\db\table_cache.h">
      <Filter>0. Third Party Code\LevelDB\db</Filter>
    </ClInclude>
    <ClInclude Include="src\cpp\leveldb\db\version_edit.h">
      <Filter>0. Third Party Code\LevelDB\db</Filter>
    </ClInclude>
    <ClInclude Include="src\cpp\leveldb\db\version_set.h">
      <Filter>0. Third Party Code\LevelDB\db</Filter>
    </ClInclude>
    <ClInclude Include="src\cpp\leveldb\db\write_batch_internal.h">
      <Filter>0. Third Party Code\LevelDB\db</Filter>
    </ClInclude>
    <ClInclude Include="src\cpp\leveldb\port\atomic_pointer.h">
      <Filter>0. Third Party Code\LevelDB\port</Filter>
    </ClInclude>
    <ClInclude Include="src\cpp\leveldb\port\port.h">
      <Filter>0. Third Party Code\LevelDB\port</Filter>
    </ClInclude>
    <ClInclude Include="src\cpp\leveldb\port\port_posix.h">
      <Filter>0. Third Party Code\LevelDB\port</Filter>
    </ClInclude>
    <ClInclude Include="src\cpp\leveldb\port\port_win.h">
      <Filter>0. Third Party Code\LevelDB\port</Filter>
    </ClInclude>
    <ClInclude Include="src\cpp\leveldb\port\win\stdint.h">
      <Filter>0. Third Party Code\LevelDB\port\win</Filter>
    </ClInclude>
    <ClInclude Include="src\cpp\leveldb\table\format.h">
      <Filter>0. Third Party Code\LevelDB\table</Filter>
    </ClInclude>
    <ClInclude Include="src\cpp\leveldb\table\iterator_wrapper.h">
      <Filter>0. Third Party Code\LevelDB\table</Filter>
    </ClInclude>
    <ClInclude Include="src\cpp\leveldb\table\merger.h">
      <Filter>0. Third Party Code\LevelDB\table</Filter>
    </ClInclude>
    <ClInclude Include="src\cpp\leveldb\table\two_level_iterator.h">
      <Filter>0. Third Party Code\LevelDB\table</Filter>
    </ClInclude>
    <ClInclude Include="src\cpp\leveldb\table\block.h">
      <Filter>0. Third Party Code\LevelDB\table</Filter>
    </ClInclude>
    <ClInclude Include="src\cpp\leveldb\table\block_builder.h">
      <Filter>0. Third Party Code\LevelDB\table</Filter>
    </ClInclude>
    <ClInclude Include="src\cpp\leveldb\table\filter_block.h">
      <Filter>0. Third Party Code\LevelDB\table</Filter>
    </ClInclude>
    <ClInclude Include="src\cpp\protobuf\src\google\protobuf\service.h">
      <Filter>0. Third Party Code\protobuf\protobuf</Filter>
    </ClInclude>
    <ClInclude Include="src\cpp\protobuf\src\google\protobuf\text_format.h">
      <Filter>0. Third Party Code\protobuf\protobuf</Filter>
    </ClInclude>
    <ClInclude Include="src\cpp\protobuf\src\google\protobuf\unknown_field_set.h">
      <Filter>0. Third Party Code\protobuf\protobuf</Filter>
    </ClInclude>
    <ClInclude Include="src\cpp\protobuf\src\google\protobuf\wire_format.h">
      <Filter>0. Third Party Code\protobuf\protobuf</Filter>
    </ClInclude>
    <ClInclude Include="src\cpp\protobuf\src\google\protobuf\wire_format_lite.h">
      <Filter>0. Third Party Code\protobuf\protobuf</Filter>
    </ClInclude>
    <ClInclude Include="src\cpp\protobuf\src\google\protobuf\wire_format_lite_inl.h">
      <Filter>0. Third Party Code\protobuf\protobuf</Filter>
    </ClInclude>
    <ClInclude Include="src\cpp\protobuf\src\google\protobuf\descriptor.h">
      <Filter>0. Third Party Code\protobuf\protobuf</Filter>
    </ClInclude>
    <ClInclude Include="src\cpp\protobuf\src\google\protobuf\descriptor.pb.h">
      <Filter>0. Third Party Code\protobuf\protobuf</Filter>
    </ClInclude>
    <ClInclude Include="src\cpp\protobuf\src\google\protobuf\descriptor_database.h">
      <Filter>0. Third Party Code\protobuf\protobuf</Filter>
    </ClInclude>
    <ClInclude Include="src\cpp\protobuf\src\google\protobuf\dynamic_message.h">
      <Filter>0. Third Party Code\protobuf\protobuf</Filter>
    </ClInclude>
    <ClInclude Include="src\cpp\protobuf\src\google\protobuf\extension_set.h">
      <Filter>0. Third Party Code\protobuf\protobuf</Filter>
    </ClInclude>
    <ClInclude Include="src\cpp\protobuf\src\google\protobuf\generated_enum_reflection.h">
      <Filter>0. Third Party Code\protobuf\protobuf</Filter>
    </ClInclude>
    <ClInclude Include="src\cpp\protobuf\src\google\protobuf\generated_message_reflection.h">
      <Filter>0. Third Party Code\protobuf\protobuf</Filter>
    </ClInclude>
    <ClInclude Include="src\cpp\protobuf\src\google\protobuf\generated_message_util.h">
      <Filter>0. Third Party Code\protobuf\protobuf</Filter>
    </ClInclude>
    <ClInclude Include="src\cpp\protobuf\src\google\protobuf\message.h">
      <Filter>0. Third Party Code\protobuf\protobuf</Filter>
    </ClInclude>
    <ClInclude Include="src\cpp\protobuf\src\google\protobuf\message_lite.h">
      <Filter>0. Third Party Code\protobuf\protobuf</Filter>
    </ClInclude>
    <ClInclude Include="src\cpp\protobuf\src\google\protobuf\package_info.h">
      <Filter>0. Third Party Code\protobuf\protobuf</Filter>
    </ClInclude>
    <ClInclude Include="src\cpp\protobuf\src\google\protobuf\reflection_ops.h">
      <Filter>0. Third Party Code\protobuf\protobuf</Filter>
    </ClInclude>
    <ClInclude Include="src\cpp\protobuf\src\google\protobuf\repeated_field.h">
      <Filter>0. Third Party Code\protobuf\protobuf</Filter>
    </ClInclude>
    <ClInclude Include="src\cpp\leveldb\util\arena.h">
      <Filter>0. Third Party Code\LevelDB\util</Filter>
    </ClInclude>
    <ClInclude Include="src\cpp\leveldb\util\coding.h">
      <Filter>0. Third Party Code\LevelDB\util</Filter>
    </ClInclude>
    <ClInclude Include="src\cpp\leveldb\util\crc32c.h">
      <Filter>0. Third Party Code\LevelDB\util</Filter>
    </ClInclude>
    <ClInclude Include="src\cpp\leveldb\util\hash.h">
      <Filter>0. Third Party Code\LevelDB\util</Filter>
    </ClInclude>
    <ClInclude Include="src\cpp\leveldb\util\histogram.h">
      <Filter>0. Third Party Code\LevelDB\util</Filter>
    </ClInclude>
    <ClInclude Include="src\cpp\leveldb\util\logging.h">
      <Filter>0. Third Party Code\LevelDB\util</Filter>
    </ClInclude>
    <ClInclude Include="src\cpp\leveldb\util\mutexlock.h">
      <Filter>0. Third Party Code\LevelDB\util</Filter>
    </ClInclude>
    <ClInclude Include="src\cpp\leveldb\util\posix_logger.h">
      <Filter>0. Third Party Code\LevelDB\util</Filter>
    </ClInclude>
    <ClInclude Include="src\cpp\leveldb\util\random.h">
      <Filter>0. Third Party Code\LevelDB\util</Filter>
    </ClInclude>
    <ClInclude Include="src\cpp\protobuf\src\google\protobuf\io\coded_stream.h">
      <Filter>0. Third Party Code\protobuf\io</Filter>
    </ClInclude>
    <ClInclude Include="src\cpp\protobuf\src\google\protobuf\io\coded_stream_inl.h">
      <Filter>0. Third Party Code\protobuf\io</Filter>
    </ClInclude>
    <ClInclude Include="src\cpp\protobuf\src\google\protobuf\io\gzip_stream.h">
      <Filter>0. Third Party Code\protobuf\io</Filter>
    </ClInclude>
    <ClInclude Include="src\cpp\protobuf\src\google\protobuf\io\package_info.h">
      <Filter>0. Third Party Code\protobuf\io</Filter>
    </ClInclude>
    <ClInclude Include="src\cpp\protobuf\src\google\protobuf\io\printer.h">
      <Filter>0. Third Party Code\protobuf\io</Filter>
    </ClInclude>
    <ClInclude Include="src\cpp\protobuf\src\google\protobuf\io\tokenizer.h">
      <Filter>0. Third Party Code\protobuf\io</Filter>
    </ClInclude>
    <ClInclude Include="src\cpp\protobuf\src\google\protobuf\io\zero_copy_stream.h">
      <Filter>0. Third Party Code\protobuf\io</Filter>
    </ClInclude>
    <ClInclude Include="src\cpp\protobuf\src\google\protobuf\io\zero_copy_stream_impl.h">
      <Filter>0. Third Party Code\protobuf\io</Filter>
    </ClInclude>
    <ClInclude Include="src\cpp\protobuf\src\google\protobuf\io\zero_copy_stream_impl_lite.h">
      <Filter>0. Third Party Code\protobuf\io</Filter>
    </ClInclude>
    <ClInclude Include="src\cpp\protobuf\src\google\protobuf\stubs\atomicops.h">
      <Filter>0. Third Party Code\protobuf\stubs</Filter>
    </ClInclude>
    <ClInclude Include="src\cpp\protobuf\src\google\protobuf\stubs\atomicops_internals_x86_msvc.h">
      <Filter>0. Third Party Code\protobuf\stubs</Filter>
    </ClInclude>
    <ClInclude Include="src\cpp\protobuf\src\google\protobuf\stubs\common.h">
      <Filter>0. Third Party Code\protobuf\stubs</Filter>
    </ClInclude>
    <ClInclude Include="src\cpp\protobuf\src\google\protobuf\stubs\hash.h">
      <Filter>0. Third Party Code\protobuf\stubs</Filter>
    </ClInclude>
    <ClInclude Include="src\cpp\protobuf\src\google\protobuf\stubs\map-util.h">
      <Filter>0. Third Party Code\protobuf\stubs</Filter>
    </ClInclude>
    <ClInclude Include="src\cpp\protobuf\src\google\protobuf\stubs\once.h">
      <Filter>0. Third Party Code\protobuf\stubs</Filter>
    </ClInclude>
    <ClInclude Include="src\cpp\protobuf\src\google\protobuf\stubs\platform_macros.h">
      <Filter>0. Third Party Code\protobuf\stubs</Filter>
    </ClInclude>
    <ClInclude Include="src\cpp\protobuf\src\google\protobuf\stubs\stl_util.h">
      <Filter>0. Third Party Code\protobuf\stubs</Filter>
    </ClInclude>
    <ClInclude Include="src\cpp\protobuf\src\google\protobuf\stubs\stringprintf.h">
      <Filter>0. Third Party Code\protobuf\stubs</Filter>
    </ClInclude>
    <ClInclude Include="src\cpp\protobuf\src\google\protobuf\stubs\strutil.h">
      <Filter>0. Third Party Code\protobuf\stubs</Filter>
    </ClInclude>
    <ClInclude Include="src\cpp\protobuf\src\google\protobuf\stubs\substitute.h">
      <Filter>0. Third Party Code\protobuf\stubs</Filter>
    </ClInclude>
    <ClInclude Include="src\cpp\protobuf\src\google\protobuf\stubs\template_util.h">
      <Filter>0. Third Party Code\protobuf\stubs</Filter>
    </ClInclude>
    <ClInclude Include="src\cpp\protobuf\src\google\protobuf\stubs\type_traits.h">
      <Filter>0. Third Party Code\protobuf\stubs</Filter>
    </ClInclude>
    <ClInclude Include="src\cpp\ripple\RippleAddress.h">
      <Filter>Source Files</Filter>
    </ClInclude>
    <ClInclude Include="src\cpp\ripple\RippleCalc.h">
      <Filter>Source Files</Filter>
    </ClInclude>
    <ClInclude Include="src\cpp\ripple\RippleState.h">
      <Filter>Source Files</Filter>
    </ClInclude>
    <ClInclude Include="src\cpp\ripple\RPC.h">
      <Filter>Source Files</Filter>
    </ClInclude>
    <ClInclude Include="src\cpp\ripple\RPCDoor.h">
      <Filter>Source Files</Filter>
    </ClInclude>
    <ClInclude Include="src\cpp\ripple\RPCErr.h">
      <Filter>Source Files</Filter>
    </ClInclude>
    <ClInclude Include="src\cpp\ripple\RPCHandler.h">
      <Filter>Source Files</Filter>
    </ClInclude>
    <ClInclude Include="src\cpp\ripple\RPCServer.h">
      <Filter>Source Files</Filter>
    </ClInclude>
    <ClInclude Include="src\cpp\ripple\RPCSub.h">
      <Filter>Source Files</Filter>
    </ClInclude>
    <ClInclude Include="src\cpp\ripple\AcceptedLedger.h">
      <Filter>Source Files</Filter>
    </ClInclude>
    <ClInclude Include="src\cpp\ripple\AccountItems.h">
      <Filter>Source Files</Filter>
    </ClInclude>
    <ClInclude Include="src\cpp\ripple\AccountSetTransactor.h">
      <Filter>Source Files</Filter>
    </ClInclude>
    <ClInclude Include="src\cpp\ripple\AccountState.h">
      <Filter>Source Files</Filter>
    </ClInclude>
    <ClInclude Include="src\cpp\ripple\Application.h">
      <Filter>Source Files</Filter>
    </ClInclude>
    <ClInclude Include="src\cpp\ripple\AutoSocket.h">
      <Filter>Source Files</Filter>
    </ClInclude>
    <ClInclude Include="src\cpp\ripple\base58.h">
      <Filter>Source Files</Filter>
    </ClInclude>
    <ClInclude Include="src\cpp\ripple\bignum.h">
      <Filter>Source Files</Filter>
    </ClInclude>
    <ClInclude Include="src\cpp\ripple\BigNum64.h">
      <Filter>Source Files</Filter>
    </ClInclude>
    <ClInclude Include="src\cpp\ripple\BitcoinUtil.h">
      <Filter>Source Files</Filter>
    </ClInclude>
    <ClInclude Include="src\cpp\ripple\CallRPC.h">
      <Filter>Source Files</Filter>
    </ClInclude>
    <ClInclude Include="src\cpp\ripple\CanonicalTXSet.h">
      <Filter>Source Files</Filter>
    </ClInclude>
    <ClInclude Include="src\cpp\ripple\ChangeTransactor.h">
      <Filter>Source Files</Filter>
    </ClInclude>
    <ClInclude Include="src\cpp\ripple\Config.h">
      <Filter>Source Files</Filter>
    </ClInclude>
    <ClInclude Include="src\cpp\ripple\ConnectionPool.h">
      <Filter>Source Files</Filter>
    </ClInclude>
    <ClInclude Include="src\cpp\ripple\Contract.h">
      <Filter>Source Files</Filter>
    </ClInclude>
    <ClInclude Include="src\cpp\ripple\FeatureTable.h">
      <Filter>Source Files</Filter>
    </ClInclude>
    <ClInclude Include="src\cpp\ripple\FieldNames.h">
      <Filter>Source Files</Filter>
    </ClInclude>
    <ClInclude Include="src\cpp\ripple\HashedObject.h">
      <Filter>Source Files</Filter>
    </ClInclude>
    <ClInclude Include="src\cpp\ripple\HashPrefixes.h">
      <Filter>Source Files</Filter>
    </ClInclude>
    <ClInclude Include="src\cpp\ripple\HTTPRequest.h">
      <Filter>Source Files</Filter>
    </ClInclude>
    <ClInclude Include="src\cpp\ripple\HttpsClient.h">
      <Filter>Source Files</Filter>
    </ClInclude>
    <ClInclude Include="src\cpp\ripple\InstanceCounter.h">
      <Filter>Source Files</Filter>
    </ClInclude>
    <ClInclude Include="src\cpp\ripple\Interpreter.h">
      <Filter>Source Files</Filter>
    </ClInclude>
    <ClInclude Include="src\cpp\ripple\JobQueue.h">
      <Filter>Source Files</Filter>
    </ClInclude>
    <ClInclude Include="src\cpp\ripple\key.h">
      <Filter>Source Files</Filter>
    </ClInclude>
    <ClInclude Include="src\cpp\ripple\KeyCache.h">
      <Filter>Source Files</Filter>
    </ClInclude>
    <ClInclude Include="src\cpp\ripple\Ledger.h">
      <Filter>Source Files</Filter>
    </ClInclude>
    <ClInclude Include="src\cpp\ripple\LedgerAcquire.h">
      <Filter>Source Files</Filter>
    </ClInclude>
    <ClInclude Include="src\cpp\ripple\LedgerConsensus.h">
      <Filter>Source Files</Filter>
    </ClInclude>
    <ClInclude Include="src\cpp\ripple\LedgerEntrySet.h">
      <Filter>Source Files</Filter>
    </ClInclude>
    <ClInclude Include="src\cpp\ripple\LedgerFormats.h">
      <Filter>Source Files</Filter>
    </ClInclude>
    <ClInclude Include="src\cpp\ripple\LedgerHistory.h">
      <Filter>Source Files</Filter>
    </ClInclude>
    <ClInclude Include="src\cpp\ripple\LedgerMaster.h">
      <Filter>Source Files</Filter>
    </ClInclude>
    <ClInclude Include="src\cpp\ripple\LedgerProposal.h">
      <Filter>Source Files</Filter>
    </ClInclude>
    <ClInclude Include="src\cpp\ripple\LedgerTiming.h">
      <Filter>Source Files</Filter>
    </ClInclude>
    <ClInclude Include="src\cpp\ripple\LoadManager.h">
      <Filter>Source Files</Filter>
    </ClInclude>
    <ClInclude Include="src\cpp\ripple\LoadMonitor.h">
      <Filter>Source Files</Filter>
    </ClInclude>
    <ClInclude Include="src\cpp\ripple\Log.h">
      <Filter>Source Files</Filter>
    </ClInclude>
    <ClInclude Include="src\cpp\ripple\NetworkOPs.h">
      <Filter>Source Files</Filter>
    </ClInclude>
    <ClInclude Include="src\cpp\ripple\NetworkStatus.h">
      <Filter>Source Files</Filter>
    </ClInclude>
    <ClInclude Include="src\cpp\ripple\NicknameState.h">
      <Filter>Source Files</Filter>
    </ClInclude>
    <ClInclude Include="src\cpp\ripple\Offer.h">
      <Filter>Source Files</Filter>
    </ClInclude>
    <ClInclude Include="src\cpp\ripple\OfferCancelTransactor.h">
      <Filter>Source Files</Filter>
    </ClInclude>
    <ClInclude Include="src\cpp\ripple\OfferCreateTransactor.h">
      <Filter>Source Files</Filter>
    </ClInclude>
    <ClInclude Include="src\cpp\ripple\Operation.h">
      <Filter>Source Files</Filter>
    </ClInclude>
    <ClInclude Include="src\cpp\ripple\OrderBook.h">
      <Filter>Source Files</Filter>
    </ClInclude>
    <ClInclude Include="src\cpp\ripple\OrderBookDB.h">
      <Filter>Source Files</Filter>
    </ClInclude>
    <ClInclude Include="src\cpp\ripple\PackedMessage.h">
      <Filter>Source Files</Filter>
    </ClInclude>
    <ClInclude Include="src\cpp\ripple\ParameterTable.h">
      <Filter>Source Files</Filter>
    </ClInclude>
    <ClInclude Include="src\cpp\ripple\ParseSection.h">
      <Filter>Source Files</Filter>
    </ClInclude>
    <ClInclude Include="src\cpp\ripple\PathDB.h">
      <Filter>Source Files</Filter>
    </ClInclude>
    <ClInclude Include="src\cpp\ripple\Pathfinder.h">
      <Filter>Source Files</Filter>
    </ClInclude>
    <ClInclude Include="src\cpp\ripple\PaymentTransactor.h">
      <Filter>Source Files</Filter>
    </ClInclude>
    <ClInclude Include="src\cpp\ripple\Peer.h">
      <Filter>Source Files</Filter>
    </ClInclude>
    <ClInclude Include="src\cpp\ripple\PeerDoor.h">
      <Filter>Source Files</Filter>
    </ClInclude>
    <ClInclude Include="src\cpp\ripple\PFRequest.h">
      <Filter>Source Files</Filter>
    </ClInclude>
    <ClInclude Include="src\cpp\ripple\ProofOfWork.h">
      <Filter>Source Files</Filter>
    </ClInclude>
    <ClInclude Include="src\cpp\ripple\RangeSet.h">
      <Filter>Source Files</Filter>
    </ClInclude>
    <ClInclude Include="src\cpp\ripple\RegularKeySetTransactor.h">
      <Filter>Source Files</Filter>
    </ClInclude>
    <ClInclude Include="src\cpp\ripple\rfc1751.h">
      <Filter>Source Files</Filter>
    </ClInclude>
    <ClInclude Include="src\cpp\ripple\SerializedValidation.h">
      <Filter>Source Files</Filter>
    </ClInclude>
    <ClInclude Include="src\cpp\ripple\SerializeProto.h">
      <Filter>Source Files</Filter>
    </ClInclude>
    <ClInclude Include="src\cpp\ripple\Serializer.h">
      <Filter>Source Files</Filter>
    </ClInclude>
    <ClInclude Include="src\cpp\ripple\SHAMap.h">
      <Filter>Source Files</Filter>
    </ClInclude>
    <ClInclude Include="src\cpp\ripple\SHAMapSync.h">
      <Filter>Source Files</Filter>
    </ClInclude>
    <ClInclude Include="src\cpp\ripple\SNTPClient.h">
      <Filter>Source Files</Filter>
    </ClInclude>
    <ClInclude Include="src\cpp\ripple\Suppression.h">
      <Filter>Source Files</Filter>
    </ClInclude>
    <ClInclude Include="src\cpp\ripple\TaggedCache.h">
      <Filter>Source Files</Filter>
    </ClInclude>
    <ClInclude Include="src\cpp\ripple\Transaction.h">
      <Filter>Source Files</Filter>
    </ClInclude>
    <ClInclude Include="src\cpp\ripple\TransactionEngine.h">
      <Filter>Source Files</Filter>
    </ClInclude>
    <ClInclude Include="src\cpp\ripple\TransactionErr.h">
      <Filter>Source Files</Filter>
    </ClInclude>
    <ClInclude Include="src\cpp\ripple\TransactionFormats.h">
      <Filter>Source Files</Filter>
    </ClInclude>
    <ClInclude Include="src\cpp\ripple\TransactionMaster.h">
      <Filter>Source Files</Filter>
    </ClInclude>
    <ClInclude Include="src\cpp\ripple\TransactionMeta.h">
      <Filter>Source Files</Filter>
    </ClInclude>
    <ClInclude Include="src\cpp\ripple\TransactionQueue.h">
      <Filter>Source Files</Filter>
    </ClInclude>
    <ClInclude Include="src\cpp\ripple\Transactor.h">
      <Filter>Source Files</Filter>
    </ClInclude>
    <ClInclude Include="src\cpp\ripple\TrustSetTransactor.h">
      <Filter>Source Files</Filter>
    </ClInclude>
    <ClInclude Include="src\cpp\ripple\types.h">
      <Filter>Source Files</Filter>
    </ClInclude>
    <ClInclude Include="src\cpp\ripple\uint256.h">
      <Filter>Source Files</Filter>
    </ClInclude>
    <ClInclude Include="src\cpp\ripple\UniqueNodeList.h">
      <Filter>Source Files</Filter>
    </ClInclude>
    <ClInclude Include="src\cpp\ripple\utils.h">
      <Filter>Source Files</Filter>
    </ClInclude>
    <ClInclude Include="src\cpp\ripple\ValidationCollection.h">
      <Filter>Source Files</Filter>
    </ClInclude>
    <ClInclude Include="src\cpp\ripple\Version.h">
      <Filter>Source Files</Filter>
    </ClInclude>
    <ClInclude Include="src\cpp\ripple\Wallet.h">
      <Filter>Source Files</Filter>
    </ClInclude>
    <ClInclude Include="src\cpp\ripple\WalletAddTransactor.h">
      <Filter>Source Files</Filter>
    </ClInclude>
    <ClInclude Include="src\cpp\ripple\WSConnection.h">
      <Filter>Source Files</Filter>
    </ClInclude>
    <ClInclude Include="src\cpp\ripple\WSDoor.h">
      <Filter>Source Files</Filter>
    </ClInclude>
    <ClInclude Include="src\cpp\ripple\WSHandler.h">
      <Filter>Source Files</Filter>
    </ClInclude>
    <ClInclude Include="src\cpp\ripple\ScopedLock.h">
      <Filter>Source Files</Filter>
    </ClInclude>
    <ClInclude Include="src\cpp\ripple\ScriptData.h">
      <Filter>Source Files</Filter>
    </ClInclude>
    <ClInclude Include="src\cpp\ripple\SecureAllocator.h">
      <Filter>Source Files</Filter>
    </ClInclude>
    <ClInclude Include="src\cpp\ripple\SerializedLedger.h">
      <Filter>Source Files</Filter>
    </ClInclude>
    <ClInclude Include="src\cpp\ripple\SerializedObject.h">
      <Filter>Source Files</Filter>
    </ClInclude>
    <ClInclude Include="src\cpp\ripple\SerializedTransaction.h">
      <Filter>Source Files</Filter>
    </ClInclude>
    <ClInclude Include="src\cpp\ripple\SerializedTypes.h">
      <Filter>Source Files</Filter>
    </ClInclude>
    <ClInclude Include="src\cpp\database\SqliteDatabase.h">
      <Filter>1. Ripple Modules\database</Filter>
    </ClInclude>
    <ClInclude Include="src\cpp\database\database.h">
      <Filter>1. Ripple Modules\database</Filter>
    </ClInclude>
    <ClInclude Include="src\cpp\ripple\ripple.pb.h">
      <Filter>protoc_generated</Filter>
    </ClInclude>
  </ItemGroup>
  <ItemGroup>
    <None Include="wallet.xml" />
    <None Include="SConstruct" />
    <None Include="newcoind.cfg" />
    <None Include="validators.txt" />
    <None Include="README" />
    <None Include="test\server.js" />
    <None Include="test\standalone-test.js" />
    <None Include="test\utils.js" />
    <None Include="src\cpp\json\json_internalarray.inl">
      <Filter>0. Third Party Code\json\core</Filter>
    </None>
    <None Include="src\cpp\json\json_internalmap.inl">
      <Filter>0. Third Party Code\json\core</Filter>
    </None>
    <None Include="src\cpp\json\json_valueiterator.inl">
      <Filter>0. Third Party Code\json\core</Filter>
    </None>
    <None Include="src\cpp\protobuf\src\google\protobuf\descriptor.proto">
      <Filter>0. Third Party Code\protobuf\protobuf</Filter>
    </None>
  </ItemGroup>
  <ItemGroup>
    <CustomBuild Include="src\cpp\ripple\ripple.proto" />
  </ItemGroup>
</Project>