<?xml version="1.0" encoding="utf-8"?>
<Project ToolsVersion="4.0" xmlns="http://schemas.microsoft.com/developer/msbuild/2003">
  <ItemGroup>
    <Filter Include="Source Files">
      <UniqueIdentifier>{4FC737F1-C7A5-4376-A066-2A32D752A2FF}</UniqueIdentifier>
      <Extensions>cpp;c;cc;cxx;def;odl;idl;hpj;bat;asm;asmx</Extensions>
    </Filter>
    <Filter Include="Header Files">
      <UniqueIdentifier>{93995380-89BD-4b04-88EB-625FBE52EBFB}</UniqueIdentifier>
      <Extensions>h;hpp;hxx;hm;inl;inc;xsd</Extensions>
    </Filter>
    <Filter Include="Resource Files">
      <UniqueIdentifier>{67DA6AB6-F800-4c08-8B7A-83BB121AAD01}</UniqueIdentifier>
      <Extensions>rc;ico;cur;bmp;dlg;rc2;rct;bin;rgs;gif;jpg;jpeg;jpe;resx;tiff;tif;png;wav;mfcribbon-ms</Extensions>
    </Filter>
    <Filter Include="Header Files\util">
      <UniqueIdentifier>{54608e0e-4ac4-44d6-af96-0c278457ac6f}</UniqueIdentifier>
    </Filter>
    <Filter Include="Source Files\json">
      <UniqueIdentifier>{c642219d-cace-47c1-828a-58ba570da63a}</UniqueIdentifier>
    </Filter>
    <Filter Include="Header Files\json">
      <UniqueIdentifier>{c717b139-5eba-454b-8888-9bf54ce0a652}</UniqueIdentifier>
    </Filter>
    <Filter Include="html">
      <UniqueIdentifier>{77d2a621-b503-4ce4-aee8-ef0b337c4ee2}</UniqueIdentifier>
    </Filter>
    <Filter Include="Source Files\database">
      <UniqueIdentifier>{60c3631e-8855-4a61-bdd3-9892d96242d5}</UniqueIdentifier>
    </Filter>
    <Filter Include="Source Files\websocketpp">
      <UniqueIdentifier>{92775c5f-dc9f-4a97-a9a6-6d4bd4e424b4}</UniqueIdentifier>
    </Filter>
  </ItemGroup>
  <ItemGroup>
    <ClCompile Include="database\sqlite3.c">
      <Filter>Header Files\util</Filter>
    </ClCompile>
    <ClCompile Include="json\json_reader.cpp">
      <Filter>Source Files\json</Filter>
    </ClCompile>
    <ClCompile Include="json\json_value.cpp">
      <Filter>Source Files\json</Filter>
    </ClCompile>
    <ClCompile Include="json\json_writer.cpp">
      <Filter>Source Files\json</Filter>
    </ClCompile>
    <ClCompile Include="src\AccountState.cpp">
      <Filter>Source Files</Filter>
    </ClCompile>
    <ClCompile Include="src\Amount.cpp">
      <Filter>Source Files</Filter>
    </ClCompile>
    <ClCompile Include="src\Application.cpp">
      <Filter>Source Files</Filter>
    </ClCompile>
    <ClCompile Include="src\CallRPC.cpp">
      <Filter>Source Files</Filter>
    </ClCompile>
    <ClCompile Include="src\Config.cpp">
      <Filter>Source Files</Filter>
    </ClCompile>
    <ClCompile Include="src\ConnectionPool.cpp">
      <Filter>Source Files</Filter>
    </ClCompile>
    <ClCompile Include="src\Conversion.cpp">
      <Filter>Source Files</Filter>
    </ClCompile>
    <ClCompile Include="src\DBInit.cpp">
      <Filter>Source Files</Filter>
    </ClCompile>
    <ClCompile Include="src\DeterministicKeys.cpp">
      <Filter>Source Files</Filter>
    </ClCompile>
    <ClCompile Include="src\ECIES.cpp">
      <Filter>Source Files</Filter>
    </ClCompile>
    <ClCompile Include="src\HashedObject.cpp">
      <Filter>Source Files</Filter>
    </ClCompile>
    <ClCompile Include="src\HttpsClient.cpp">
      <Filter>Source Files</Filter>
    </ClCompile>
    <ClCompile Include="src\Ledger.cpp">
      <Filter>Source Files</Filter>
    </ClCompile>
    <ClCompile Include="src\LedgerAcquire.cpp">
      <Filter>Source Files</Filter>
    </ClCompile>
    <ClCompile Include="src\LedgerFormats.cpp">
      <Filter>Source Files</Filter>
    </ClCompile>
    <ClCompile Include="src\LedgerHistory.cpp">
      <Filter>Source Files</Filter>
    </ClCompile>
    <ClCompile Include="src\LedgerMaster.cpp">
      <Filter>Source Files</Filter>
    </ClCompile>
    <ClCompile Include="src\main.cpp">
      <Filter>Source Files</Filter>
    </ClCompile>
    <ClCompile Include="src\NetworkOPs.cpp">
      <Filter>Source Files</Filter>
    </ClCompile>
    <ClCompile Include="src\NewcoinAddress.cpp">
      <Filter>Source Files</Filter>
    </ClCompile>
    <ClCompile Include="src\PackedMessage.cpp">
      <Filter>Source Files</Filter>
    </ClCompile>
    <ClCompile Include="src\ParseSection.cpp">
      <Filter>Source Files</Filter>
    </ClCompile>
    <ClCompile Include="src\Peer.cpp">
      <Filter>Source Files</Filter>
    </ClCompile>
    <ClCompile Include="src\PeerDoor.cpp">
      <Filter>Source Files</Filter>
    </ClCompile>
    <ClCompile Include="src\PlatRand.cpp">
      <Filter>Source Files</Filter>
    </ClCompile>
    <ClCompile Include="src\PubKeyCache.cpp">
      <Filter>Source Files</Filter>
    </ClCompile>
    <ClCompile Include="src\RequestParser.cpp">
      <Filter>Source Files</Filter>
    </ClCompile>
    <ClCompile Include="src\rfc1751.cpp">
      <Filter>Source Files</Filter>
    </ClCompile>
    <ClCompile Include="src\rpc.cpp">
      <Filter>Source Files</Filter>
    </ClCompile>
    <ClCompile Include="src\RPCCommands.cpp">
      <Filter>Source Files</Filter>
    </ClCompile>
    <ClCompile Include="src\RPCDoor.cpp">
      <Filter>Source Files</Filter>
    </ClCompile>
    <ClCompile Include="src\RPCServer.cpp">
      <Filter>Source Files</Filter>
    </ClCompile>
    <ClCompile Include="src\SerializedLedger.cpp">
      <Filter>Source Files</Filter>
    </ClCompile>
    <ClCompile Include="src\SerializedObject.cpp">
      <Filter>Source Files</Filter>
    </ClCompile>
    <ClCompile Include="src\SerializedTransaction.cpp">
      <Filter>Source Files</Filter>
    </ClCompile>
    <ClCompile Include="src\SerializedTypes.cpp">
      <Filter>Source Files</Filter>
    </ClCompile>
    <ClCompile Include="src\SerializedValidation.cpp">
      <Filter>Source Files</Filter>
    </ClCompile>
    <ClCompile Include="src\Serializer.cpp">
      <Filter>Source Files</Filter>
    </ClCompile>
    <ClCompile Include="src\SHAMap.cpp">
      <Filter>Source Files</Filter>
    </ClCompile>
    <ClCompile Include="src\SHAMapDiff.cpp">
      <Filter>Source Files</Filter>
    </ClCompile>
    <ClCompile Include="src\SHAMapNodes.cpp">
      <Filter>Source Files</Filter>
    </ClCompile>
    <ClCompile Include="src\SHAMapSync.cpp">
      <Filter>Source Files</Filter>
    </ClCompile>
    <ClCompile Include="src\Transaction.cpp">
      <Filter>Source Files</Filter>
    </ClCompile>
    <ClCompile Include="src\TransactionEngine.cpp">
      <Filter>Source Files</Filter>
    </ClCompile>
    <ClCompile Include="src\TransactionFormats.cpp">
      <Filter>Source Files</Filter>
    </ClCompile>
    <ClCompile Include="src\TransactionMaster.cpp">
      <Filter>Source Files</Filter>
    </ClCompile>
    <ClCompile Include="src\UniqueNodeList.cpp">
      <Filter>Source Files</Filter>
    </ClCompile>
    <ClCompile Include="src\utils.cpp">
      <Filter>Source Files</Filter>
    </ClCompile>
    <ClCompile Include="src\Wallet.cpp">
      <Filter>Source Files</Filter>
    </ClCompile>
    <ClCompile Include="src\BitcoinUtil.cpp">
      <Filter>Source Files</Filter>
    </ClCompile>
    <ClCompile Include="database\database.cpp">
      <Filter>Source Files\database</Filter>
    </ClCompile>
    <ClCompile Include="database\SqliteDatabase.cpp">
      <Filter>Source Files\database</Filter>
    </ClCompile>
    <ClCompile Include="database\win\windatabase.cpp">
      <Filter>Source Files\database</Filter>
    </ClCompile>
    <ClCompile Include="obj\src\newcoin.pb.cc">
      <Filter>Source Files</Filter>
    </ClCompile>
    <ClCompile Include="src\RippleState.cpp">
      <Filter>Source Files</Filter>
    </ClCompile>
    <ClCompile Include="src\Log.cpp">
      <Filter>Source Files</Filter>
    </ClCompile>
    <ClCompile Include="src\LedgerConsensus.cpp">
      <Filter>Source Files</Filter>
    </ClCompile>
    <ClCompile Include="src\LedgerProposal.cpp">
      <Filter>Source Files</Filter>
    </ClCompile>
    <ClCompile Include="src\NicknameState.cpp">
      <Filter>Source Files</Filter>
    </ClCompile>
    <ClCompile Include="src\CanonicalTXSet.cpp">
      <Filter>Source Files</Filter>
    </ClCompile>
    <ClCompile Include="src\ValidationCollection.cpp">
      <Filter>Source Files</Filter>
    </ClCompile>
    <ClCompile Include="src\Suppression.cpp">
      <Filter>Source Files</Filter>
    </ClCompile>
    <ClCompile Include="src\WSDoor.cpp">
      <Filter>Source Files</Filter>
    </ClCompile>
    <ClCompile Include="websocketpp\src\base64\base64.cpp">
      <Filter>Source Files\websocketpp</Filter>
    </ClCompile>
    <ClCompile Include="websocketpp\src\md5\md5.c">
      <Filter>Source Files\websocketpp</Filter>
    </ClCompile>
    <ClCompile Include="websocketpp\src\messages\data.cpp">
      <Filter>Source Files\websocketpp</Filter>
    </ClCompile>
    <ClCompile Include="websocketpp\src\network_utilities.cpp">
      <Filter>Source Files\websocketpp</Filter>
    </ClCompile>
    <ClCompile Include="websocketpp\src\processors\hybi_header.cpp">
      <Filter>Source Files\websocketpp</Filter>
    </ClCompile>
    <ClCompile Include="websocketpp\src\processors\hybi_util.cpp">
      <Filter>Source Files\websocketpp</Filter>
    </ClCompile>
    <ClCompile Include="websocketpp\src\uri.cpp">
      <Filter>Source Files\websocketpp</Filter>
    </ClCompile>
    <ClCompile Include="websocketpp\src\sha1\sha1.cpp">
      <Filter>Source Files\websocketpp</Filter>
    </ClCompile>
    <ClCompile Include="src\LedgerTiming.cpp">
      <Filter>Source Files</Filter>
    </ClCompile>
    <ClCompile Include="src\LedgerEntrySet.cpp">
      <Filter>Source Files</Filter>
    </ClCompile>
    <ClCompile Include="src\TransactionMeta.cpp">
      <Filter>Source Files</Filter>
    </ClCompile>
    <ClCompile Include="src\SNTPClient.cpp">
      <Filter>Source Files</Filter>
    </ClCompile>
    <ClCompile Include="src\Pathfinder.cpp">
      <Filter>Source Files</Filter>
    </ClCompile>
    <ClCompile Include="src\RippleLines.cpp">
      <Filter>Source Files</Filter>
    </ClCompile>
    <ClCompile Include="src\OrderBookDB.cpp">
      <Filter>Source Files</Filter>
    </ClCompile>
    <ClCompile Include="src\OrderBook.cpp">
      <Filter>Source Files</Filter>
    </ClCompile>
    <ClCompile Include="src\Contract.cpp">
      <Filter>Source Files</Filter>
    </ClCompile>
    <ClCompile Include="src\Interpreter.cpp">
      <Filter>Source Files</Filter>
    </ClCompile>
  </ItemGroup>
  <ItemGroup>
    <ClInclude Include="KnownNodeList.h">
      <Filter>Header Files</Filter>
    </ClInclude>
    <ClInclude Include="util\pugiconfig.hpp">
      <Filter>Header Files\util</Filter>
    </ClInclude>
    <ClInclude Include="util\pugixml.hpp">
      <Filter>Header Files\util</Filter>
    </ClInclude>
    <ClInclude Include="NetworkThread.h">
      <Filter>Header Files</Filter>
    </ClInclude>
    <ClInclude Include="bitcoinUtil.h">
      <Filter>Header Files\util</Filter>
    </ClInclude>
    <ClInclude Include="TimingService.h">
      <Filter>Header Files</Filter>
    </ClInclude>
    <ClInclude Include="script.h">
      <Filter>Header Files</Filter>
    </ClInclude>
    <ClInclude Include="ExtendedTransaction.h">
      <Filter>Header Files</Filter>
    </ClInclude>
    <ClInclude Include="Account.h">
      <Filter>Header Files</Filter>
    </ClInclude>
    <ClInclude Include="database\database.h">
      <Filter>Header Files\util</Filter>
    </ClInclude>
    <ClInclude Include="database\SqliteDatabase.h">
      <Filter>Header Files\util</Filter>
    </ClInclude>
    <ClInclude Include="database\sqlite3.h">
      <Filter>Header Files\util</Filter>
    </ClInclude>
    <ClInclude Include="database\sqlite3ext.h">
      <Filter>Header Files\util</Filter>
    </ClInclude>
    <ClInclude Include="Conversion.h">
      <Filter>Header Files</Filter>
    </ClInclude>
    <ClInclude Include="obj\src\newcoin.pb.h">
      <Filter>Header Files</Filter>
    </ClInclude>
    <ClInclude Include="src\AccountState.h">
      <Filter>Header Files</Filter>
    </ClInclude>
    <ClInclude Include="src\Application.h">
      <Filter>Header Files</Filter>
    </ClInclude>
    <ClInclude Include="src\base58.h">
      <Filter>Header Files</Filter>
    </ClInclude>
    <ClInclude Include="src\bignum.h">
      <Filter>Header Files</Filter>
    </ClInclude>
    <ClInclude Include="src\BinaryFormats.h">
      <Filter>Header Files</Filter>
    </ClInclude>
    <ClInclude Include="src\BitcoinUtil.h">
      <Filter>Header Files</Filter>
    </ClInclude>
    <ClInclude Include="src\CallRPC.h">
      <Filter>Header Files</Filter>
    </ClInclude>
    <ClInclude Include="src\CanonicalTXSet.h">
      <Filter>Header Files</Filter>
    </ClInclude>
    <ClInclude Include="src\Config.h">
      <Filter>Header Files</Filter>
    </ClInclude>
    <ClInclude Include="src\ConnectionPool.h">
      <Filter>Header Files</Filter>
    </ClInclude>
    <ClInclude Include="src\Conversion.h">
      <Filter>Header Files</Filter>
    </ClInclude>
    <ClInclude Include="src\HashedObject.h">
      <Filter>Header Files</Filter>
    </ClInclude>
    <ClInclude Include="src\HttpReply.h">
      <Filter>Header Files</Filter>
    </ClInclude>
    <ClInclude Include="src\HttpRequest.h">
      <Filter>Header Files</Filter>
    </ClInclude>
    <ClInclude Include="src\HttpsClient.h">
      <Filter>Header Files</Filter>
    </ClInclude>
    <ClInclude Include="src\key.h">
      <Filter>Header Files</Filter>
    </ClInclude>
    <ClInclude Include="src\Ledger.h">
      <Filter>Header Files</Filter>
    </ClInclude>
    <ClInclude Include="src\LedgerAcquire.h">
      <Filter>Header Files</Filter>
    </ClInclude>
    <ClInclude Include="src\LedgerConsensus.h">
      <Filter>Header Files</Filter>
    </ClInclude>
    <ClInclude Include="src\LedgerFormats.h">
      <Filter>Header Files</Filter>
    </ClInclude>
    <ClInclude Include="src\LedgerHistory.h">
      <Filter>Header Files</Filter>
    </ClInclude>
    <ClInclude Include="src\LedgerMaster.h">
      <Filter>Header Files</Filter>
    </ClInclude>
    <ClInclude Include="src\LedgerProposal.h">
      <Filter>Header Files</Filter>
    </ClInclude>
    <ClInclude Include="src\LedgerTiming.h">
      <Filter>Header Files</Filter>
    </ClInclude>
    <ClInclude Include="src\Log.h">
      <Filter>Header Files</Filter>
    </ClInclude>
    <ClInclude Include="src\NetworkOPs.h">
      <Filter>Header Files</Filter>
    </ClInclude>
    <ClInclude Include="src\NetworkStatus.h">
      <Filter>Header Files</Filter>
    </ClInclude>
    <ClInclude Include="src\NewcoinAddress.h">
      <Filter>Header Files</Filter>
    </ClInclude>
    <ClInclude Include="src\NicknameState.h">
      <Filter>Header Files</Filter>
    </ClInclude>
    <ClInclude Include="src\PackedMessage.h">
      <Filter>Header Files</Filter>
    </ClInclude>
    <ClInclude Include="src\ParseSection.h">
      <Filter>Header Files</Filter>
    </ClInclude>
    <ClInclude Include="src\Peer.h">
      <Filter>Header Files</Filter>
    </ClInclude>
    <ClInclude Include="src\PeerDoor.h">
      <Filter>Header Files</Filter>
    </ClInclude>
    <ClInclude Include="src\PubKeyCache.h">
      <Filter>Header Files</Filter>
    </ClInclude>
    <ClInclude Include="src\RequestParser.h">
      <Filter>Header Files</Filter>
    </ClInclude>
    <ClInclude Include="src\rfc1751.h">
      <Filter>Header Files</Filter>
    </ClInclude>
    <ClInclude Include="src\RippleState.h">
      <Filter>Header Files</Filter>
    </ClInclude>
    <ClInclude Include="src\RPC.h">
      <Filter>Header Files</Filter>
    </ClInclude>
    <ClInclude Include="src\RPCCommands.h">
      <Filter>Header Files</Filter>
    </ClInclude>
    <ClInclude Include="src\RPCDoor.h">
      <Filter>Header Files</Filter>
    </ClInclude>
    <ClInclude Include="src\RPCServer.h">
      <Filter>Header Files</Filter>
    </ClInclude>
    <ClInclude Include="src\ScopedLock.h">
      <Filter>Header Files</Filter>
    </ClInclude>
    <ClInclude Include="src\SecureAllocator.h">
      <Filter>Header Files</Filter>
    </ClInclude>
    <ClInclude Include="src\SerializedLedger.h">
      <Filter>Header Files</Filter>
    </ClInclude>
    <ClInclude Include="src\SerializedObject.h">
      <Filter>Header Files</Filter>
    </ClInclude>
    <ClInclude Include="src\SerializedTransaction.h">
      <Filter>Header Files</Filter>
    </ClInclude>
    <ClInclude Include="src\SerializedTypes.h">
      <Filter>Header Files</Filter>
    </ClInclude>
    <ClInclude Include="src\SerializedValidation.h">
      <Filter>Header Files</Filter>
    </ClInclude>
    <ClInclude Include="src\Serializer.h">
      <Filter>Header Files</Filter>
    </ClInclude>
    <ClInclude Include="src\SHAMap.h">
      <Filter>Header Files</Filter>
    </ClInclude>
    <ClInclude Include="src\TaggedCache.h">
      <Filter>Header Files</Filter>
    </ClInclude>
    <ClInclude Include="src\Transaction.h">
      <Filter>Header Files</Filter>
    </ClInclude>
    <ClInclude Include="src\TransactionEngine.h">
      <Filter>Header Files</Filter>
    </ClInclude>
    <ClInclude Include="src\TransactionFormats.h">
      <Filter>Header Files</Filter>
    </ClInclude>
    <ClInclude Include="src\TransactionMaster.h">
      <Filter>Header Files</Filter>
    </ClInclude>
    <ClInclude Include="src\types.h">
      <Filter>Header Files</Filter>
    </ClInclude>
    <ClInclude Include="src\uint256.h">
      <Filter>Header Files</Filter>
    </ClInclude>
    <ClInclude Include="src\UniqueNodeList.h">
      <Filter>Header Files</Filter>
    </ClInclude>
    <ClInclude Include="src\utils.h">
      <Filter>Header Files</Filter>
    </ClInclude>
    <ClInclude Include="src\ValidationCollection.h">
      <Filter>Header Files</Filter>
    </ClInclude>
    <ClInclude Include="src\Wallet.h">
      <Filter>Header Files</Filter>
    </ClInclude>
    <ClInclude Include="src\Pathfinder.h">
      <Filter>Header Files</Filter>
    </ClInclude>
    <ClInclude Include="src\RippleLines.h">
      <Filter>Header Files</Filter>
    </ClInclude>
    <ClInclude Include="src\OrderBookDB.h">
      <Filter>Header Files</Filter>
    </ClInclude>
    <ClInclude Include="src\OrderBook.h">
      <Filter>Header Files</Filter>
    </ClInclude>
    <ClInclude Include="src\Contract.h">
      <Filter>Header Files</Filter>
    </ClInclude>
    <ClInclude Include="src\Interpreter.h">
      <Filter>Source Files</Filter>
    </ClInclude>
  </ItemGroup>
  <ItemGroup>
    <None Include="wallet.xml" />
    <None Include="html\newcoin.html">
      <Filter>html</Filter>
    </None>
    <None Include="SConstruct" />
    <None Include="newcoind.cfg" />
    <None Include="validators.txt" />
  </ItemGroup>
  <ItemGroup>
    <CustomBuild Include="src\newcoin.proto" />
  </ItemGroup>
</Project>