# This file is automatically @generated by Cargo.
# It is not intended for manual editing.
version = 4

[[package]]
name = "all_keylets"
version = "0.0.1"
dependencies = [
 "xrpl-std",
]

[[package]]
name = "xrpl-std"
version = "0.5.1-devnet5"
source = "git+https://github.com/ripple/craft.git?branch=main#94fb247e0c21b9e7fecb91ce71ef7f74ef4a7931"
