# This file is automatically @generated by Cargo.
# It is not intended for manual editing.
version = 4

[[package]]
name = "codecov_tests"
version = "0.0.1"
dependencies = [
 "xrpl-std",
]

[[package]]
name = "xrpl-std"
version = "0.5.1-devnet5"
source = "git+https://github.com/ripple/craft.git?branch=lastdevnet#6b20669b20561b9d0f09678f44ccbddb84ef9f47"
