<?xml version="1.0" encoding="utf-8"?>
<Project ToolsVersion="4.0" xmlns="http://schemas.microsoft.com/developer/msbuild/2003">
  <ItemGroup>
    <None Include="..\..\README.md" />
    <None Include="..\..\CodingStyle.md" />
    <None Include="..\..\modules\beast_core\beast_core.mm">
      <Filter>beast_core</Filter>
    </None>
    <None Include="..\..\modules\beast_core\native\beast_mac_Files.mm">
      <Filter>beast_core\native</Filter>
    </None>
    <None Include="..\..\modules\beast_core\native\beast_mac_Network.mm">
      <Filter>beast_core\native</Filter>
    </None>
    <None Include="..\..\modules\beast_core\native\beast_mac_Strings.mm">
      <Filter>beast_core\native</Filter>
    </None>
    <None Include="..\..\modules\beast_core\native\beast_mac_SystemStats.mm">
      <Filter>beast_core\native</Filter>
    </None>
    <None Include="..\..\modules\beast_core\native\beast_mac_Threads.mm">
      <Filter>beast_core\native</Filter>
    </None>
    <None Include="..\..\modules\beast_core\zip\zlib\README">
      <Filter>beast_core\zip\zlib</Filter>
    </None>
    <None Include="..\..\modules\beast_core\native\java\BeastAppActivity.java">
      <Filter>beast_core\native\java</Filter>
    </None>
    <None Include="..\..\Doxyfile" />
    <None Include="..\..\.gitattributes" />
    <None Include="..\..\.gitignore" />
  </ItemGroup>
  <ItemGroup>
    <Filter Include="beast_core">
      <UniqueIdentifier>{6dafd8d5-2901-4b41-85b7-52f6e86baacc}</UniqueIdentifier>
    </Filter>
    <Filter Include="beast_core\containers">
      <UniqueIdentifier>{7cc041c8-fdf4-4e98-a56a-df516c2a9aa2}</UniqueIdentifier>
    </Filter>
    <Filter Include="beast_core\files">
      <UniqueIdentifier>{3b7d8d7e-eabc-423c-a631-2ff37bf9b9eb}</UniqueIdentifier>
    </Filter>
    <Filter Include="beast_core\json">
      <UniqueIdentifier>{abe24d69-c1d1-49e2-98a1-1e7bf760b97a}</UniqueIdentifier>
    </Filter>
    <Filter Include="beast_core\maths">
      <UniqueIdentifier>{e2339099-bb8e-4437-ae8b-d4f64ef1e3f3}</UniqueIdentifier>
    </Filter>
    <Filter Include="beast_core\memory">
      <UniqueIdentifier>{a89aa17e-4e01-4c2d-ba7e-196e9e0b67bb}</UniqueIdentifier>
    </Filter>
    <Filter Include="beast_core\misc">
      <UniqueIdentifier>{64a314e1-0361-428a-a294-0615d8140f58}</UniqueIdentifier>
    </Filter>
    <Filter Include="beast_core\native">
      <UniqueIdentifier>{1d018a70-71b3-4d70-9280-02efd4f348de}</UniqueIdentifier>
    </Filter>
    <Filter Include="beast_core\network">
      <UniqueIdentifier>{ad675f57-9303-4712-9ff2-c7f59f959e7b}</UniqueIdentifier>
    </Filter>
    <Filter Include="beast_core\streams">
      <UniqueIdentifier>{016d839c-4860-4bc3-8f6c-e965f50c2bfa}</UniqueIdentifier>
    </Filter>
    <Filter Include="beast_core\system">
      <UniqueIdentifier>{7fb77af6-ce16-4f53-823e-906963b42985}</UniqueIdentifier>
    </Filter>
    <Filter Include="beast_core\text">
      <UniqueIdentifier>{4603580c-5668-4e70-bed8-77f00f03f0ff}</UniqueIdentifier>
    </Filter>
    <Filter Include="beast_core\threads">
      <UniqueIdentifier>{3409dc7a-92b5-43aa-b678-fde9f82ced55}</UniqueIdentifier>
    </Filter>
    <Filter Include="beast_core\time">
      <UniqueIdentifier>{d3ea4af5-ae48-4144-a2ef-a212342d72ee}</UniqueIdentifier>
    </Filter>
    <Filter Include="beast_core\xml">
      <UniqueIdentifier>{a1a38659-7779-41d6-8a3c-068433c4deaf}</UniqueIdentifier>
    </Filter>
    <Filter Include="beast_core\zip">
      <UniqueIdentifier>{df5f5a69-5919-4a24-bbce-b3f87e4903cf}</UniqueIdentifier>
    </Filter>
    <Filter Include="beast_core\native\java">
      <UniqueIdentifier>{b0d206d9-c002-4be1-b503-4ad16aca838a}</UniqueIdentifier>
    </Filter>
    <Filter Include="beast_core\zip\zlib">
      <UniqueIdentifier>{31038502-9139-4c19-bd67-8f90f08a70ca}</UniqueIdentifier>
    </Filter>
    <Filter Include="beast_basics">
      <UniqueIdentifier>{e3a8f3eb-7f0f-4b81-b978-0dd0823f583b}</UniqueIdentifier>
    </Filter>
    <Filter Include="beast_basics\events">
      <UniqueIdentifier>{b8caa85d-f224-4e3a-966f-a19b65023869}</UniqueIdentifier>
    </Filter>
    <Filter Include="beast_basics\functor">
      <UniqueIdentifier>{bb0bef46-51a6-4c26-8354-4df753c3bace}</UniqueIdentifier>
    </Filter>
    <Filter Include="beast_basics\math">
      <UniqueIdentifier>{1d53386e-0732-4213-b45d-026ff3d14042}</UniqueIdentifier>
    </Filter>
    <Filter Include="beast_basics\memory">
      <UniqueIdentifier>{9e850052-6ab7-4a65-911d-adfde81ceb5f}</UniqueIdentifier>
    </Filter>
    <Filter Include="beast_basics\threads">
      <UniqueIdentifier>{f58dddf7-fe43-49a2-8e57-91feba586119}</UniqueIdentifier>
    </Filter>
    <Filter Include="beast_core\diagnostic">
      <UniqueIdentifier>{69e28551-92ea-420b-a465-75ed248e3b59}</UniqueIdentifier>
    </Filter>
    <Filter Include="beast_crypto">
      <UniqueIdentifier>{62b1f8e3-79e4-46cc-b3fb-a12754aef249}</UniqueIdentifier>
    </Filter>
    <Filter Include="beast_crypto\math">
      <UniqueIdentifier>{1170f2bc-2456-410a-ab2b-c45f6ed37b9e}</UniqueIdentifier>
    </Filter>
    <Filter Include="beast_db">
      <UniqueIdentifier>{4834218f-f13f-41bc-a8a0-50314a3a99a3}</UniqueIdentifier>
    </Filter>
    <Filter Include="beast_db\keyvalue">
      <UniqueIdentifier>{15a98fee-1b52-45eb-9480-514b8750d755}</UniqueIdentifier>
    </Filter>
    <Filter Include="beast_sqlite">
      <UniqueIdentifier>{cbf5f5a3-5d66-4b6d-996d-20ed14b41793}</UniqueIdentifier>
    </Filter>
    <Filter Include="beast_sqlite\sqlite">
      <UniqueIdentifier>{acd9ab9d-3ba8-4c60-bfb8-36799d9d7a06}</UniqueIdentifier>
    </Filter>
    <Filter Include="beast_sqdb">
      <UniqueIdentifier>{67b47aab-8e6a-4acd-9291-d95a8795d6ad}</UniqueIdentifier>
    </Filter>
    <Filter Include="beast_sqdb\api">
      <UniqueIdentifier>{e666952d-d490-40a2-aa05-2d63ea23284f}</UniqueIdentifier>
    </Filter>
    <Filter Include="beast_sqdb\detail">
      <UniqueIdentifier>{3f969218-0a32-41f1-8e05-9a47247cf494}</UniqueIdentifier>
    </Filter>
    <Filter Include="beast_sqdb\source">
      <UniqueIdentifier>{10ef778f-6b81-437e-a6ef-558ff4163acc}</UniqueIdentifier>
    </Filter>
    <Filter Include="beast_core\logging">
      <UniqueIdentifier>{0fa6b76b-305f-473c-9b94-c1028a3af3fc}</UniqueIdentifier>
    </Filter>
    <Filter Include="beast_asio">
      <UniqueIdentifier>{54bbe439-76c3-4781-becc-9c70a2be6d82}</UniqueIdentifier>
    </Filter>
    <Filter Include="beast_asio\sockets">
      <UniqueIdentifier>{af535ad5-a06c-462f-8ac0-8207a708e032}</UniqueIdentifier>
    </Filter>
    <Filter Include="beast_asio\system">
      <UniqueIdentifier>{c7a576bb-27b2-486e-aa14-3c51aa86c50f}</UniqueIdentifier>
    </Filter>
    <Filter Include="beast_asio\tests">
      <UniqueIdentifier>{422da6a1-e57e-4a96-9fce-e5958c16026e}</UniqueIdentifier>
    </Filter>
    <Filter Include="beast_asio\basics">
      <UniqueIdentifier>{ccdc0c8e-f77a-486e-ba2f-29c10ec97f18}</UniqueIdentifier>
    </Filter>
    <Filter Include="beast_asio\handshake">
      <UniqueIdentifier>{4856837a-fa72-4252-8e8f-a112c1dbb3d2}</UniqueIdentifier>
    </Filter>
    <Filter Include="beast_asio\async">
      <UniqueIdentifier>{beb81776-4aad-401d-8826-81478dbbf30b}</UniqueIdentifier>
    </Filter>
  </ItemGroup>
  <ItemGroup>
    <ClInclude Include="..\..\modules\beast_core\beast_core.h">
      <Filter>beast_core</Filter>
    </ClInclude>
    <ClInclude Include="..\..\modules\beast_core\containers\beast_AbstractFifo.h">
      <Filter>beast_core\containers</Filter>
    </ClInclude>
    <ClInclude Include="..\..\modules\beast_core\containers\beast_Array.h">
      <Filter>beast_core\containers</Filter>
    </ClInclude>
    <ClInclude Include="..\..\modules\beast_core\containers\beast_ArrayAllocationBase.h">
      <Filter>beast_core\containers</Filter>
    </ClInclude>
    <ClInclude Include="..\..\modules\beast_core\containers\beast_DynamicObject.h">
      <Filter>beast_core\containers</Filter>
    </ClInclude>
    <ClInclude Include="..\..\modules\beast_core\containers\beast_ElementComparator.h">
      <Filter>beast_core\containers</Filter>
    </ClInclude>
    <ClInclude Include="..\..\modules\beast_core\containers\beast_HashMap.h">
      <Filter>beast_core\containers</Filter>
    </ClInclude>
    <ClInclude Include="..\..\modules\beast_core\containers\beast_LinkedListPointer.h">
      <Filter>beast_core\containers</Filter>
    </ClInclude>
    <ClInclude Include="..\..\modules\beast_core\containers\beast_NamedValueSet.h">
      <Filter>beast_core\containers</Filter>
    </ClInclude>
    <ClInclude Include="..\..\modules\beast_core\containers\beast_OwnedArray.h">
      <Filter>beast_core\containers</Filter>
    </ClInclude>
    <ClInclude Include="..\..\modules\beast_core\containers\beast_PropertySet.h">
      <Filter>beast_core\containers</Filter>
    </ClInclude>
    <ClInclude Include="..\..\modules\beast_core\containers\beast_ScopedValueSetter.h">
      <Filter>beast_core\containers</Filter>
    </ClInclude>
    <ClInclude Include="..\..\modules\beast_core\containers\beast_SortedSet.h">
      <Filter>beast_core\containers</Filter>
    </ClInclude>
    <ClInclude Include="..\..\modules\beast_core\containers\beast_SparseSet.h">
      <Filter>beast_core\containers</Filter>
    </ClInclude>
    <ClInclude Include="..\..\modules\beast_core\containers\beast_Variant.h">
      <Filter>beast_core\containers</Filter>
    </ClInclude>
    <ClInclude Include="..\..\modules\beast_core\files\beast_DirectoryIterator.h">
      <Filter>beast_core\files</Filter>
    </ClInclude>
    <ClInclude Include="..\..\modules\beast_core\files\beast_File.h">
      <Filter>beast_core\files</Filter>
    </ClInclude>
    <ClInclude Include="..\..\modules\beast_core\files\beast_FileInputStream.h">
      <Filter>beast_core\files</Filter>
    </ClInclude>
    <ClInclude Include="..\..\modules\beast_core\files\beast_FileOutputStream.h">
      <Filter>beast_core\files</Filter>
    </ClInclude>
    <ClInclude Include="..\..\modules\beast_core\files\beast_FileSearchPath.h">
      <Filter>beast_core\files</Filter>
    </ClInclude>
    <ClInclude Include="..\..\modules\beast_core\files\beast_MemoryMappedFile.h">
      <Filter>beast_core\files</Filter>
    </ClInclude>
    <ClInclude Include="..\..\modules\beast_core\files\beast_TemporaryFile.h">
      <Filter>beast_core\files</Filter>
    </ClInclude>
    <ClInclude Include="..\..\modules\beast_core\json\beast_JSON.h">
      <Filter>beast_core\json</Filter>
    </ClInclude>
    <ClInclude Include="..\..\modules\beast_core\logging\beast_FileLogger.h">
      <Filter>beast_core\logging</Filter>
    </ClInclude>
    <ClInclude Include="..\..\modules\beast_core\logging\beast_Logger.h">
      <Filter>beast_core\logging</Filter>
    </ClInclude>
    <ClInclude Include="..\..\modules\beast_core\maths\beast_BigInteger.h">
      <Filter>beast_core\maths</Filter>
    </ClInclude>
    <ClInclude Include="..\..\modules\beast_core\maths\beast_Expression.h">
      <Filter>beast_core\maths</Filter>
    </ClInclude>
    <ClInclude Include="..\..\modules\beast_core\maths\beast_MathsFunctions.h">
      <Filter>beast_core\maths</Filter>
    </ClInclude>
    <ClInclude Include="..\..\modules\beast_core\maths\beast_Random.h">
      <Filter>beast_core\maths</Filter>
    </ClInclude>
    <ClInclude Include="..\..\modules\beast_core\maths\beast_Range.h">
      <Filter>beast_core\maths</Filter>
    </ClInclude>
    <ClInclude Include="..\..\modules\beast_core\memory\beast_Atomic.h">
      <Filter>beast_core\memory</Filter>
    </ClInclude>
    <ClInclude Include="..\..\modules\beast_core\memory\beast_ByteOrder.h">
      <Filter>beast_core\memory</Filter>
    </ClInclude>
    <ClInclude Include="..\..\modules\beast_core\memory\beast_HeapBlock.h">
      <Filter>beast_core\memory</Filter>
    </ClInclude>
    <ClInclude Include="..\..\modules\beast_core\memory\beast_Memory.h">
      <Filter>beast_core\memory</Filter>
    </ClInclude>
    <ClInclude Include="..\..\modules\beast_core\memory\beast_MemoryBlock.h">
      <Filter>beast_core\memory</Filter>
    </ClInclude>
    <ClInclude Include="..\..\modules\beast_core\memory\beast_OptionalScopedPointer.h">
      <Filter>beast_core\memory</Filter>
    </ClInclude>
    <ClInclude Include="..\..\modules\beast_core\memory\beast_ScopedPointer.h">
      <Filter>beast_core\memory</Filter>
    </ClInclude>
    <ClInclude Include="..\..\modules\beast_core\memory\beast_WeakReference.h">
      <Filter>beast_core\memory</Filter>
    </ClInclude>
    <ClInclude Include="..\..\modules\beast_core\misc\beast_Result.h">
      <Filter>beast_core\misc</Filter>
    </ClInclude>
    <ClInclude Include="..\..\modules\beast_core\misc\beast_Uuid.h">
      <Filter>beast_core\misc</Filter>
    </ClInclude>
    <ClInclude Include="..\..\modules\beast_core\misc\beast_WindowsRegistry.h">
      <Filter>beast_core\misc</Filter>
    </ClInclude>
    <ClInclude Include="..\..\modules\beast_core\native\beast_android_JNIHelpers.h">
      <Filter>beast_core\native</Filter>
    </ClInclude>
    <ClInclude Include="..\..\modules\beast_core\native\beast_BasicNativeHeaders.h">
      <Filter>beast_core\native</Filter>
    </ClInclude>
    <ClInclude Include="..\..\modules\beast_core\native\beast_osx_ObjCHelpers.h">
      <Filter>beast_core\native</Filter>
    </ClInclude>
    <ClInclude Include="..\..\modules\beast_core\native\beast_posix_SharedCode.h">
      <Filter>beast_core\native</Filter>
    </ClInclude>
    <ClInclude Include="..\..\modules\beast_core\native\beast_win32_ComSmartPtr.h">
      <Filter>beast_core\native</Filter>
    </ClInclude>
    <ClInclude Include="..\..\modules\beast_core\network\beast_IPAddress.h">
      <Filter>beast_core\network</Filter>
    </ClInclude>
    <ClInclude Include="..\..\modules\beast_core\network\beast_MACAddress.h">
      <Filter>beast_core\network</Filter>
    </ClInclude>
    <ClInclude Include="..\..\modules\beast_core\network\beast_NamedPipe.h">
      <Filter>beast_core\network</Filter>
    </ClInclude>
    <ClInclude Include="..\..\modules\beast_core\network\beast_Socket.h">
      <Filter>beast_core\network</Filter>
    </ClInclude>
    <ClInclude Include="..\..\modules\beast_core\network\beast_URL.h">
      <Filter>beast_core\network</Filter>
    </ClInclude>
    <ClInclude Include="..\..\modules\beast_core\streams\beast_BufferedInputStream.h">
      <Filter>beast_core\streams</Filter>
    </ClInclude>
    <ClInclude Include="..\..\modules\beast_core\streams\beast_FileInputSource.h">
      <Filter>beast_core\streams</Filter>
    </ClInclude>
    <ClInclude Include="..\..\modules\beast_core\streams\beast_InputSource.h">
      <Filter>beast_core\streams</Filter>
    </ClInclude>
    <ClInclude Include="..\..\modules\beast_core\streams\beast_InputStream.h">
      <Filter>beast_core\streams</Filter>
    </ClInclude>
    <ClInclude Include="..\..\modules\beast_core\streams\beast_MemoryInputStream.h">
      <Filter>beast_core\streams</Filter>
    </ClInclude>
    <ClInclude Include="..\..\modules\beast_core\streams\beast_MemoryOutputStream.h">
      <Filter>beast_core\streams</Filter>
    </ClInclude>
    <ClInclude Include="..\..\modules\beast_core\streams\beast_OutputStream.h">
      <Filter>beast_core\streams</Filter>
    </ClInclude>
    <ClInclude Include="..\..\modules\beast_core\streams\beast_SubregionStream.h">
      <Filter>beast_core\streams</Filter>
    </ClInclude>
    <ClInclude Include="..\..\modules\beast_core\system\beast_PlatformDefs.h">
      <Filter>beast_core\system</Filter>
    </ClInclude>
    <ClInclude Include="..\..\modules\beast_core\system\beast_StandardHeader.h">
      <Filter>beast_core\system</Filter>
    </ClInclude>
    <ClInclude Include="..\..\modules\beast_core\system\beast_SystemStats.h">
      <Filter>beast_core\system</Filter>
    </ClInclude>
    <ClInclude Include="..\..\modules\beast_core\system\beast_TargetPlatform.h">
      <Filter>beast_core\system</Filter>
    </ClInclude>
    <ClInclude Include="..\..\modules\beast_core\text\beast_CharacterFunctions.h">
      <Filter>beast_core\text</Filter>
    </ClInclude>
    <ClInclude Include="..\..\modules\beast_core\text\beast_CharPointer_ASCII.h">
      <Filter>beast_core\text</Filter>
    </ClInclude>
    <ClInclude Include="..\..\modules\beast_core\text\beast_CharPointer_UTF8.h">
      <Filter>beast_core\text</Filter>
    </ClInclude>
    <ClInclude Include="..\..\modules\beast_core\text\beast_CharPointer_UTF16.h">
      <Filter>beast_core\text</Filter>
    </ClInclude>
    <ClInclude Include="..\..\modules\beast_core\text\beast_CharPointer_UTF32.h">
      <Filter>beast_core\text</Filter>
    </ClInclude>
    <ClInclude Include="..\..\modules\beast_core\text\beast_Identifier.h">
      <Filter>beast_core\text</Filter>
    </ClInclude>
    <ClInclude Include="..\..\modules\beast_core\text\beast_LocalisedStrings.h">
      <Filter>beast_core\text</Filter>
    </ClInclude>
    <ClInclude Include="..\..\modules\beast_core\text\beast_NewLine.h">
      <Filter>beast_core\text</Filter>
    </ClInclude>
    <ClInclude Include="..\..\modules\beast_core\text\beast_String.h">
      <Filter>beast_core\text</Filter>
    </ClInclude>
    <ClInclude Include="..\..\modules\beast_core\text\beast_StringArray.h">
      <Filter>beast_core\text</Filter>
    </ClInclude>
    <ClInclude Include="..\..\modules\beast_core\text\beast_StringPairArray.h">
      <Filter>beast_core\text</Filter>
    </ClInclude>
    <ClInclude Include="..\..\modules\beast_core\text\beast_StringPool.h">
      <Filter>beast_core\text</Filter>
    </ClInclude>
    <ClInclude Include="..\..\modules\beast_core\text\beast_TextDiff.h">
      <Filter>beast_core\text</Filter>
    </ClInclude>
    <ClInclude Include="..\..\modules\beast_core\threads\beast_ChildProcess.h">
      <Filter>beast_core\threads</Filter>
    </ClInclude>
    <ClInclude Include="..\..\modules\beast_core\threads\beast_CriticalSection.h">
      <Filter>beast_core\threads</Filter>
    </ClInclude>
    <ClInclude Include="..\..\modules\beast_core\threads\beast_DynamicLibrary.h">
      <Filter>beast_core\threads</Filter>
    </ClInclude>
    <ClInclude Include="..\..\modules\beast_core\threads\beast_HighResolutionTimer.h">
      <Filter>beast_core\threads</Filter>
    </ClInclude>
    <ClInclude Include="..\..\modules\beast_core\threads\beast_InterProcessLock.h">
      <Filter>beast_core\threads</Filter>
    </ClInclude>
    <ClInclude Include="..\..\modules\beast_core\threads\beast_Process.h">
      <Filter>beast_core\threads</Filter>
    </ClInclude>
    <ClInclude Include="..\..\modules\beast_core\threads\beast_ReadWriteLock.h">
      <Filter>beast_core\threads</Filter>
    </ClInclude>
    <ClInclude Include="..\..\modules\beast_core\threads\beast_ScopedLock.h">
      <Filter>beast_core\threads</Filter>
    </ClInclude>
    <ClInclude Include="..\..\modules\beast_core\threads\beast_ScopedReadLock.h">
      <Filter>beast_core\threads</Filter>
    </ClInclude>
    <ClInclude Include="..\..\modules\beast_core\threads\beast_ScopedWriteLock.h">
      <Filter>beast_core\threads</Filter>
    </ClInclude>
    <ClInclude Include="..\..\modules\beast_core\threads\beast_SpinLock.h">
      <Filter>beast_core\threads</Filter>
    </ClInclude>
    <ClInclude Include="..\..\modules\beast_core\threads\beast_Thread.h">
      <Filter>beast_core\threads</Filter>
    </ClInclude>
    <ClInclude Include="..\..\modules\beast_core\threads\beast_ThreadLocalValue.h">
      <Filter>beast_core\threads</Filter>
    </ClInclude>
    <ClInclude Include="..\..\modules\beast_core\threads\beast_ThreadPool.h">
      <Filter>beast_core\threads</Filter>
    </ClInclude>
    <ClInclude Include="..\..\modules\beast_core\threads\beast_TimeSliceThread.h">
      <Filter>beast_core\threads</Filter>
    </ClInclude>
    <ClInclude Include="..\..\modules\beast_core\threads\beast_WaitableEvent.h">
      <Filter>beast_core\threads</Filter>
    </ClInclude>
    <ClInclude Include="..\..\modules\beast_core\time\beast_PerformanceCounter.h">
      <Filter>beast_core\time</Filter>
    </ClInclude>
    <ClInclude Include="..\..\modules\beast_core\time\beast_RelativeTime.h">
      <Filter>beast_core\time</Filter>
    </ClInclude>
    <ClInclude Include="..\..\modules\beast_core\time\beast_Time.h">
      <Filter>beast_core\time</Filter>
    </ClInclude>
    <ClInclude Include="..\..\modules\beast_core\xml\beast_XmlDocument.h">
      <Filter>beast_core\xml</Filter>
    </ClInclude>
    <ClInclude Include="..\..\modules\beast_core\xml\beast_XmlElement.h">
      <Filter>beast_core\xml</Filter>
    </ClInclude>
    <ClInclude Include="..\..\modules\beast_core\zip\beast_GZIPCompressorOutputStream.h">
      <Filter>beast_core\zip</Filter>
    </ClInclude>
    <ClInclude Include="..\..\modules\beast_core\zip\beast_GZIPDecompressorInputStream.h">
      <Filter>beast_core\zip</Filter>
    </ClInclude>
    <ClInclude Include="..\..\modules\beast_core\zip\beast_ZipFile.h">
      <Filter>beast_core\zip</Filter>
    </ClInclude>
    <ClInclude Include="..\..\modules\beast_core\zip\zlib\crc32.h">
      <Filter>beast_core\zip\zlib</Filter>
    </ClInclude>
    <ClInclude Include="..\..\modules\beast_core\zip\zlib\deflate.h">
      <Filter>beast_core\zip\zlib</Filter>
    </ClInclude>
    <ClInclude Include="..\..\modules\beast_core\zip\zlib\inffast.h">
      <Filter>beast_core\zip\zlib</Filter>
    </ClInclude>
    <ClInclude Include="..\..\modules\beast_core\zip\zlib\inffixed.h">
      <Filter>beast_core\zip\zlib</Filter>
    </ClInclude>
    <ClInclude Include="..\..\modules\beast_core\zip\zlib\inflate.h">
      <Filter>beast_core\zip\zlib</Filter>
    </ClInclude>
    <ClInclude Include="..\..\modules\beast_core\zip\zlib\inftrees.h">
      <Filter>beast_core\zip\zlib</Filter>
    </ClInclude>
    <ClInclude Include="..\..\modules\beast_core\zip\zlib\trees.h">
      <Filter>beast_core\zip\zlib</Filter>
    </ClInclude>
    <ClInclude Include="..\..\modules\beast_core\zip\zlib\zconf.h">
      <Filter>beast_core\zip\zlib</Filter>
    </ClInclude>
    <ClInclude Include="..\..\modules\beast_core\zip\zlib\zconf.in.h">
      <Filter>beast_core\zip\zlib</Filter>
    </ClInclude>
    <ClInclude Include="..\..\modules\beast_core\zip\zlib\zlib.h">
      <Filter>beast_core\zip\zlib</Filter>
    </ClInclude>
    <ClInclude Include="..\..\modules\beast_core\zip\zlib\zutil.h">
      <Filter>beast_core\zip\zlib</Filter>
    </ClInclude>
    <ClInclude Include="BeastConfig.h" />
    <ClInclude Include="..\..\modules\beast_basics\beast_basics.h">
      <Filter>beast_basics</Filter>
    </ClInclude>
    <ClInclude Include="..\..\modules\beast_basics\events\beast_OncePerSecond.h">
      <Filter>beast_basics\events</Filter>
    </ClInclude>
    <ClInclude Include="..\..\modules\beast_basics\functor\beast_Function.h">
      <Filter>beast_basics\functor</Filter>
    </ClInclude>
    <ClInclude Include="..\..\modules\beast_basics\math\beast_Math.h">
      <Filter>beast_basics\math</Filter>
    </ClInclude>
    <ClInclude Include="..\..\modules\beast_basics\memory\beast_AllocatedBy.h">
      <Filter>beast_basics\memory</Filter>
    </ClInclude>
    <ClInclude Include="..\..\modules\beast_basics\memory\beast_FifoFreeStore.h">
      <Filter>beast_basics\memory</Filter>
    </ClInclude>
    <ClInclude Include="..\..\modules\beast_basics\memory\beast_FifoFreeStoreWithoutTLS.h">
      <Filter>beast_basics\memory</Filter>
    </ClInclude>
    <ClInclude Include="..\..\modules\beast_basics\memory\beast_FifoFreeStoreWithTLS.h">
      <Filter>beast_basics\memory</Filter>
    </ClInclude>
    <ClInclude Include="..\..\modules\beast_basics\memory\beast_GlobalFifoFreeStore.h">
      <Filter>beast_basics\memory</Filter>
    </ClInclude>
    <ClInclude Include="..\..\modules\beast_basics\memory\beast_GlobalPagedFreeStore.h">
      <Filter>beast_basics\memory</Filter>
    </ClInclude>
    <ClInclude Include="..\..\modules\beast_basics\memory\beast_PagedFreeStore.h">
      <Filter>beast_basics\memory</Filter>
    </ClInclude>
    <ClInclude Include="..\..\modules\beast_basics\threads\beast_CallQueue.h">
      <Filter>beast_basics\threads</Filter>
    </ClInclude>
    <ClInclude Include="..\..\modules\beast_basics\threads\beast_GlobalThreadGroup.h">
      <Filter>beast_basics\threads</Filter>
    </ClInclude>
    <ClInclude Include="..\..\modules\beast_basics\threads\beast_InterruptibleThread.h">
      <Filter>beast_basics\threads</Filter>
    </ClInclude>
    <ClInclude Include="..\..\modules\beast_basics\threads\beast_Listeners.h">
      <Filter>beast_basics\threads</Filter>
    </ClInclude>
    <ClInclude Include="..\..\modules\beast_basics\threads\beast_ParallelFor.h">
      <Filter>beast_basics\threads</Filter>
    </ClInclude>
    <ClInclude Include="..\..\modules\beast_basics\threads\beast_ReadWriteMutex.h">
      <Filter>beast_basics\threads</Filter>
    </ClInclude>
    <ClInclude Include="..\..\modules\beast_basics\threads\beast_Semaphore.h">
      <Filter>beast_basics\threads</Filter>
    </ClInclude>
    <ClInclude Include="..\..\modules\beast_basics\threads\beast_SerialFor.h">
      <Filter>beast_basics\threads</Filter>
    </ClInclude>
    <ClInclude Include="..\..\modules\beast_basics\threads\beast_ThreadGroup.h">
      <Filter>beast_basics\threads</Filter>
    </ClInclude>
    <ClInclude Include="..\..\modules\beast_basics\threads\beast_ThreadWithCallQueue.h">
      <Filter>beast_basics\threads</Filter>
    </ClInclude>
    <ClInclude Include="..\..\modules\beast_core\containers\beast_List.h">
      <Filter>beast_core\containers</Filter>
    </ClInclude>
    <ClInclude Include="..\..\modules\beast_core\memory\beast_CacheLine.h">
      <Filter>beast_core\memory</Filter>
    </ClInclude>
    <ClInclude Include="..\..\modules\beast_core\memory\beast_MemoryAlignment.h">
      <Filter>beast_core\memory</Filter>
    </ClInclude>
    <ClInclude Include="..\..\modules\beast_core\memory\beast_AtomicCounter.h">
      <Filter>beast_core\memory</Filter>
    </ClInclude>
    <ClInclude Include="..\..\modules\beast_core\memory\beast_AtomicFlag.h">
      <Filter>beast_core\memory</Filter>
    </ClInclude>
    <ClInclude Include="..\..\modules\beast_core\memory\beast_AtomicPointer.h">
      <Filter>beast_core\memory</Filter>
    </ClInclude>
    <ClInclude Include="..\..\modules\beast_core\memory\beast_AtomicState.h">
      <Filter>beast_core\memory</Filter>
    </ClInclude>
    <ClInclude Include="..\..\modules\beast_core\containers\beast_LockFreeQueue.h">
      <Filter>beast_core\containers</Filter>
    </ClInclude>
    <ClInclude Include="..\..\modules\beast_core\containers\beast_LockFreeStack.h">
      <Filter>beast_core\containers</Filter>
    </ClInclude>
    <ClInclude Include="..\..\modules\beast_core\threads\beast_SpinDelay.h">
      <Filter>beast_core\threads</Filter>
    </ClInclude>
    <ClInclude Include="..\..\modules\beast_core\memory\beast_StaticObject.h">
      <Filter>beast_core\memory</Filter>
    </ClInclude>
    <ClInclude Include="..\..\modules\beast_core\containers\beast_SharedTable.h">
      <Filter>beast_core\containers</Filter>
    </ClInclude>
    <ClInclude Include="..\..\modules\beast_core\containers\beast_SortedLookupTable.h">
      <Filter>beast_core\containers</Filter>
    </ClInclude>
    <ClInclude Include="..\..\modules\beast_core\diagnostic\beast_Debug.h">
      <Filter>beast_core\diagnostic</Filter>
    </ClInclude>
    <ClInclude Include="..\..\modules\beast_core\diagnostic\beast_Error.h">
      <Filter>beast_core\diagnostic</Filter>
    </ClInclude>
    <ClInclude Include="..\..\modules\beast_core\diagnostic\beast_FPUFlags.h">
      <Filter>beast_core\diagnostic</Filter>
    </ClInclude>
    <ClInclude Include="..\..\modules\beast_core\diagnostic\beast_LeakChecked.h">
      <Filter>beast_core\diagnostic</Filter>
    </ClInclude>
    <ClInclude Include="..\..\modules\beast_core\diagnostic\beast_SafeBool.h">
      <Filter>beast_core\diagnostic</Filter>
    </ClInclude>
    <ClInclude Include="..\..\modules\beast_core\diagnostic\beast_Throw.h">
      <Filter>beast_core\diagnostic</Filter>
    </ClInclude>
    <ClInclude Include="..\..\modules\beast_core\memory\beast_Uncopyable.h">
      <Filter>beast_core\memory</Filter>
    </ClInclude>
    <ClInclude Include="..\..\modules\beast_core\memory\beast_SharedSingleton.h">
      <Filter>beast_core\memory</Filter>
    </ClInclude>
    <ClInclude Include="..\..\modules\beast_core\system\beast_Functional.h">
      <Filter>beast_core\system</Filter>
    </ClInclude>
    <ClInclude Include="..\..\modules\beast_core\maths\beast_Interval.h">
      <Filter>beast_core\maths</Filter>
    </ClInclude>
    <ClInclude Include="..\..\modules\beast_core\time\beast_PerformedAtExit.h">
      <Filter>beast_core\time</Filter>
    </ClInclude>
    <ClInclude Include="..\..\modules\beast_basics\threads\beast_SharedData.h">
      <Filter>beast_basics\threads</Filter>
    </ClInclude>
    <ClInclude Include="..\..\modules\beast_basics\events\beast_DeadlineTimer.h">
      <Filter>beast_basics\events</Filter>
    </ClInclude>
    <ClInclude Include="..\..\modules\beast_core\memory\beast_SharedObject.h">
      <Filter>beast_core\memory</Filter>
    </ClInclude>
    <ClInclude Include="..\..\modules\beast_core\diagnostic\beast_UnitTest.h">
      <Filter>beast_core\diagnostic</Filter>
    </ClInclude>
    <ClInclude Include="..\..\modules\beast_crypto\math\beast_UnsignedInteger.h">
      <Filter>beast_crypto\math</Filter>
    </ClInclude>
    <ClInclude Include="..\..\modules\beast_crypto\beast_crypto.h">
      <Filter>beast_crypto</Filter>
    </ClInclude>
    <ClInclude Include="..\..\modules\beast_core\containers\beast_SharedObjectArray.h">
      <Filter>beast_core\containers</Filter>
    </ClInclude>
    <ClInclude Include="..\..\modules\beast_core\files\beast_RandomAccessFile.h">
      <Filter>beast_core\files</Filter>
    </ClInclude>
    <ClInclude Include="..\..\modules\beast_core\diagnostic\beast_UnitTestUtilities.h">
      <Filter>beast_core\diagnostic</Filter>
    </ClInclude>
    <ClInclude Include="..\..\modules\beast_core\memory\beast_RecycledObjectPool.h">
      <Filter>beast_core\memory</Filter>
    </ClInclude>
    <ClInclude Include="..\..\modules\beast_db\beast_db.h">
      <Filter>beast_db</Filter>
    </ClInclude>
    <ClInclude Include="..\..\modules\beast_db\keyvalue\beast_KeyvaDB.h">
      <Filter>beast_db\keyvalue</Filter>
    </ClInclude>
    <ClInclude Include="..\..\modules\beast_sqlite\beast_sqlite.h">
      <Filter>beast_sqlite</Filter>
    </ClInclude>
    <ClInclude Include="..\..\modules\beast_sqlite\sqlite\sqlite3.h">
      <Filter>beast_sqlite\sqlite</Filter>
    </ClInclude>
    <ClInclude Include="..\..\modules\beast_sqlite\sqlite\sqlite3ext.h">
      <Filter>beast_sqlite\sqlite</Filter>
    </ClInclude>
    <ClInclude Include="..\..\modules\beast_sqdb\beast_sqdb.h">
      <Filter>beast_sqdb</Filter>
    </ClInclude>
    <ClInclude Include="..\..\modules\beast_sqdb\api\backend.h">
      <Filter>beast_sqdb\api</Filter>
    </ClInclude>
    <ClInclude Include="..\..\modules\beast_sqdb\api\blob.h">
      <Filter>beast_sqdb\api</Filter>
    </ClInclude>
    <ClInclude Include="..\..\modules\beast_sqdb\api\into.h">
      <Filter>beast_sqdb\api</Filter>
    </ClInclude>
    <ClInclude Include="..\..\modules\beast_sqdb\api\session.h">
      <Filter>beast_sqdb\api</Filter>
    </ClInclude>
    <ClInclude Include="..\..\modules\beast_sqdb\api\statement.h">
      <Filter>beast_sqdb\api</Filter>
    </ClInclude>
    <ClInclude Include="..\..\modules\beast_sqdb\api\transaction.h">
      <Filter>beast_sqdb\api</Filter>
    </ClInclude>
    <ClInclude Include="..\..\modules\beast_sqdb\api\type_conversion_traits.h">
      <Filter>beast_sqdb\api</Filter>
    </ClInclude>
    <ClInclude Include="..\..\modules\beast_sqdb\api\use.h">
      <Filter>beast_sqdb\api</Filter>
    </ClInclude>
    <ClInclude Include="..\..\modules\beast_sqdb\detail\error_codes.h">
      <Filter>beast_sqdb\detail</Filter>
    </ClInclude>
    <ClInclude Include="..\..\modules\beast_sqdb\detail\exchange_traits.h">
      <Filter>beast_sqdb\detail</Filter>
    </ClInclude>
    <ClInclude Include="..\..\modules\beast_sqdb\detail\into_type.h">
      <Filter>beast_sqdb\detail</Filter>
    </ClInclude>
    <ClInclude Include="..\..\modules\beast_sqdb\detail\once_temp_type.h">
      <Filter>beast_sqdb\detail</Filter>
    </ClInclude>
    <ClInclude Include="..\..\modules\beast_sqdb\detail\prepare_temp_type.h">
      <Filter>beast_sqdb\detail</Filter>
    </ClInclude>
    <ClInclude Include="..\..\modules\beast_sqdb\detail\ref_counted_prepare_info.h">
      <Filter>beast_sqdb\detail</Filter>
    </ClInclude>
    <ClInclude Include="..\..\modules\beast_sqdb\detail\ref_counted_statement.h">
      <Filter>beast_sqdb\detail</Filter>
    </ClInclude>
    <ClInclude Include="..\..\modules\beast_sqdb\detail\statement_imp.h">
      <Filter>beast_sqdb\detail</Filter>
    </ClInclude>
    <ClInclude Include="..\..\modules\beast_sqdb\detail\type_conversion.h">
      <Filter>beast_sqdb\detail</Filter>
    </ClInclude>
    <ClInclude Include="..\..\modules\beast_sqdb\detail\type_ptr.h">
      <Filter>beast_sqdb\detail</Filter>
    </ClInclude>
    <ClInclude Include="..\..\modules\beast_sqdb\detail\use_type.h">
      <Filter>beast_sqdb\detail</Filter>
    </ClInclude>
    <ClInclude Include="..\..\modules\beast_core\maths\beast_MurmurHash.h">
      <Filter>beast_core\maths</Filter>
    </ClInclude>
    <ClInclude Include="..\..\modules\beast_core\diagnostic\beast_ProtectedCall.h">
      <Filter>beast_core\diagnostic</Filter>
    </ClInclude>
    <ClInclude Include="..\..\modules\beast_core\misc\beast_Main.h">
      <Filter>beast_core\misc</Filter>
    </ClInclude>
    <ClInclude Include="..\..\modules\beast_core\text\beast_LexicalCast.h">
      <Filter>beast_core\text</Filter>
    </ClInclude>
    <ClInclude Include="..\..\modules\beast_basics\threads\beast_Workers.h">
      <Filter>beast_basics\threads</Filter>
    </ClInclude>
    <ClInclude Include="..\..\modules\beast_core\diagnostic\beast_FatalError.h">
      <Filter>beast_core\diagnostic</Filter>
    </ClInclude>
    <ClInclude Include="..\..\modules\beast_core\diagnostic\beast_SemanticVersion.h">
      <Filter>beast_core\diagnostic</Filter>
    </ClInclude>
    <ClInclude Include="..\..\modules\beast_asio\beast_asio.h">
      <Filter>beast_asio</Filter>
    </ClInclude>
    <ClInclude Include="..\..\modules\beast_asio\sockets\beast_SocketBase.h">
      <Filter>beast_asio\sockets</Filter>
    </ClInclude>
    <ClInclude Include="..\..\modules\beast_asio\sockets\beast_SocketWrapper.h">
      <Filter>beast_asio\sockets</Filter>
    </ClInclude>
    <ClInclude Include="..\..\modules\beast_asio\sockets\beast_Socket.h">
      <Filter>beast_asio\sockets</Filter>
    </ClInclude>
    <ClInclude Include="..\..\modules\beast_asio\system\beast_BoostIncludes.h">
      <Filter>beast_asio\system</Filter>
    </ClInclude>
    <ClInclude Include="..\..\modules\beast_asio\sockets\beast_SslContext.h">
      <Filter>beast_asio\sockets</Filter>
    </ClInclude>
    <ClInclude Include="..\..\modules\beast_asio\tests\beast_TestPeer.h">
      <Filter>beast_asio\tests</Filter>
    </ClInclude>
    <ClInclude Include="..\..\modules\beast_asio\tests\beast_TestPeerBasics.h">
      <Filter>beast_asio\tests</Filter>
    </ClInclude>
    <ClInclude Include="..\..\modules\beast_asio\tests\beast_TestPeerLogic.h">
      <Filter>beast_asio\tests</Filter>
    </ClInclude>
    <ClInclude Include="..\..\modules\beast_asio\tests\beast_TestPeerDetails.h">
      <Filter>beast_asio\tests</Filter>
    </ClInclude>
    <ClInclude Include="..\..\modules\beast_asio\tests\beast_TestPeerLogicAsyncServer.h">
      <Filter>beast_asio\tests</Filter>
    </ClInclude>
    <ClInclude Include="..\..\modules\beast_asio\tests\beast_TestPeerLogicSyncClient.h">
      <Filter>beast_asio\tests</Filter>
    </ClInclude>
    <ClInclude Include="..\..\modules\beast_asio\tests\beast_TestPeerLogicSyncServer.h">
      <Filter>beast_asio\tests</Filter>
    </ClInclude>
    <ClInclude Include="..\..\modules\beast_asio\tests\beast_TestPeerType.h">
      <Filter>beast_asio\tests</Filter>
    </ClInclude>
    <ClInclude Include="..\..\modules\beast_asio\tests\beast_TestPeerDetailsTcp.h">
      <Filter>beast_asio\tests</Filter>
    </ClInclude>
    <ClInclude Include="..\..\modules\beast_asio\tests\beast_TestPeerLogicAsyncClient.h">
      <Filter>beast_asio\tests</Filter>
    </ClInclude>
    <ClInclude Include="..\..\modules\beast_asio\tests\beast_PeerTest.h">
      <Filter>beast_asio\tests</Filter>
    </ClInclude>
    <ClInclude Include="..\..\modules\beast_asio\tests\beast_TestPeerLogicProxyClient.h">
      <Filter>beast_asio\tests</Filter>
    </ClInclude>
    <ClInclude Include="..\..\modules\beast_asio\basics\beast_BufferType.h">
      <Filter>beast_asio\basics</Filter>
    </ClInclude>
    <ClInclude Include="..\..\modules\beast_asio\basics\beast_PeerRole.h">
      <Filter>beast_asio\basics</Filter>
    </ClInclude>
    <ClInclude Include="..\..\modules\beast_core\maths\beast_uint24.h">
      <Filter>beast_core\maths</Filter>
    </ClInclude>
    <ClInclude Include="..\..\modules\beast_core\memory\beast_ByteSwap.h">
      <Filter>beast_core\memory</Filter>
    </ClInclude>
    <ClInclude Include="..\..\modules\beast_asio\handshake\beast_HandshakeDetectLogic.h">
      <Filter>beast_asio\handshake</Filter>
    </ClInclude>
    <ClInclude Include="..\..\modules\beast_asio\basics\beast_FixedInputBuffer.h">
      <Filter>beast_asio\basics</Filter>
    </ClInclude>
    <ClInclude Include="..\..\modules\beast_asio\handshake\beast_HandshakeDetectLogicSSL2.h">
      <Filter>beast_asio\handshake</Filter>
    </ClInclude>
    <ClInclude Include="..\..\modules\beast_asio\handshake\beast_HandshakeDetectLogicSSL3.h">
      <Filter>beast_asio\handshake</Filter>
    </ClInclude>
    <ClInclude Include="..\..\modules\beast_asio\handshake\beast_HandshakeDetectLogicPROXY.h">
      <Filter>beast_asio\handshake</Filter>
    </ClInclude>
    <ClInclude Include="..\..\modules\beast_core\memory\beast_ContainerDeletePolicy.h">
      <Filter>beast_core\memory</Filter>
    </ClInclude>
    <ClInclude Include="..\..\modules\beast_asio\system\beast_OpenSSLIncludes.h">
      <Filter>beast_asio\system</Filter>
    </ClInclude>
    <ClInclude Include="..\..\modules\beast_asio\handshake\beast_HandshakeDetector.h">
      <Filter>beast_asio\handshake</Filter>
    </ClInclude>
    <ClInclude Include="..\..\modules\beast_asio\handshake\beast_PrefilledReadStream.h">
      <Filter>beast_asio\handshake</Filter>
    </ClInclude>
    <ClInclude Include="..\..\modules\beast_asio\async\beast_ComposedAsyncOperation.h">
      <Filter>beast_asio\async</Filter>
    </ClInclude>
    <ClInclude Include="..\..\modules\beast_asio\async\beast_SharedHandler.h">
      <Filter>beast_asio\async</Filter>
    </ClInclude>
    <ClInclude Include="..\..\modules\beast_asio\async\beast_SharedHandlerAllocator.h">
      <Filter>beast_asio\async</Filter>
    </ClInclude>
    <ClInclude Include="..\..\modules\beast_asio\async\beast_SharedHandlerPtr.h">
      <Filter>beast_asio\async</Filter>
    </ClInclude>
    <ClInclude Include="..\..\modules\beast_asio\async\beast_SharedHandlerType.h">
      <Filter>beast_asio\async</Filter>
    </ClInclude>
    <ClInclude Include="..\..\modules\beast_asio\handshake\beast_InputParser.h">
      <Filter>beast_asio\handshake</Filter>
    </ClInclude>
  </ItemGroup>
  <ItemGroup>
    <ClCompile Include="..\..\modules\beast_core\beast_core.cpp">
      <Filter>beast_core</Filter>
    </ClCompile>
    <ClCompile Include="..\..\modules\beast_core\containers\beast_AbstractFifo.cpp">
      <Filter>beast_core\containers</Filter>
    </ClCompile>
    <ClCompile Include="..\..\modules\beast_core\containers\beast_DynamicObject.cpp">
      <Filter>beast_core\containers</Filter>
    </ClCompile>
    <ClCompile Include="..\..\modules\beast_core\containers\beast_NamedValueSet.cpp">
      <Filter>beast_core\containers</Filter>
    </ClCompile>
    <ClCompile Include="..\..\modules\beast_core\containers\beast_PropertySet.cpp">
      <Filter>beast_core\containers</Filter>
    </ClCompile>
    <ClCompile Include="..\..\modules\beast_core\containers\beast_Variant.cpp">
      <Filter>beast_core\containers</Filter>
    </ClCompile>
    <ClCompile Include="..\..\modules\beast_core\files\beast_DirectoryIterator.cpp">
      <Filter>beast_core\files</Filter>
    </ClCompile>
    <ClCompile Include="..\..\modules\beast_core\files\beast_File.cpp">
      <Filter>beast_core\files</Filter>
    </ClCompile>
    <ClCompile Include="..\..\modules\beast_core\files\beast_FileInputStream.cpp">
      <Filter>beast_core\files</Filter>
    </ClCompile>
    <ClCompile Include="..\..\modules\beast_core\files\beast_FileOutputStream.cpp">
      <Filter>beast_core\files</Filter>
    </ClCompile>
    <ClCompile Include="..\..\modules\beast_core\files\beast_FileSearchPath.cpp">
      <Filter>beast_core\files</Filter>
    </ClCompile>
    <ClCompile Include="..\..\modules\beast_core\files\beast_TemporaryFile.cpp">
      <Filter>beast_core\files</Filter>
    </ClCompile>
    <ClCompile Include="..\..\modules\beast_core\json\beast_JSON.cpp">
      <Filter>beast_core\json</Filter>
    </ClCompile>
    <ClCompile Include="..\..\modules\beast_core\logging\beast_FileLogger.cpp">
      <Filter>beast_core\logging</Filter>
    </ClCompile>
    <ClCompile Include="..\..\modules\beast_core\logging\beast_Logger.cpp">
      <Filter>beast_core\logging</Filter>
    </ClCompile>
    <ClCompile Include="..\..\modules\beast_core\maths\beast_BigInteger.cpp">
      <Filter>beast_core\maths</Filter>
    </ClCompile>
    <ClCompile Include="..\..\modules\beast_core\maths\beast_Expression.cpp">
      <Filter>beast_core\maths</Filter>
    </ClCompile>
    <ClCompile Include="..\..\modules\beast_core\maths\beast_Random.cpp">
      <Filter>beast_core\maths</Filter>
    </ClCompile>
    <ClCompile Include="..\..\modules\beast_core\memory\beast_MemoryBlock.cpp">
      <Filter>beast_core\memory</Filter>
    </ClCompile>
    <ClCompile Include="..\..\modules\beast_core\misc\beast_Result.cpp">
      <Filter>beast_core\misc</Filter>
    </ClCompile>
    <ClCompile Include="..\..\modules\beast_core\misc\beast_Uuid.cpp">
      <Filter>beast_core\misc</Filter>
    </ClCompile>
    <ClCompile Include="..\..\modules\beast_core\native\beast_android_Files.cpp">
      <Filter>beast_core\native</Filter>
    </ClCompile>
    <ClCompile Include="..\..\modules\beast_core\native\beast_android_Misc.cpp">
      <Filter>beast_core\native</Filter>
    </ClCompile>
    <ClCompile Include="..\..\modules\beast_core\native\beast_android_Network.cpp">
      <Filter>beast_core\native</Filter>
    </ClCompile>
    <ClCompile Include="..\..\modules\beast_core\native\beast_android_SystemStats.cpp">
      <Filter>beast_core\native</Filter>
    </ClCompile>
    <ClCompile Include="..\..\modules\beast_core\native\beast_android_Threads.cpp">
      <Filter>beast_core\native</Filter>
    </ClCompile>
    <ClCompile Include="..\..\modules\beast_core\native\beast_linux_Files.cpp">
      <Filter>beast_core\native</Filter>
    </ClCompile>
    <ClCompile Include="..\..\modules\beast_core\native\beast_linux_Network.cpp">
      <Filter>beast_core\native</Filter>
    </ClCompile>
    <ClCompile Include="..\..\modules\beast_core\native\beast_linux_SystemStats.cpp">
      <Filter>beast_core\native</Filter>
    </ClCompile>
    <ClCompile Include="..\..\modules\beast_core\native\beast_linux_Threads.cpp">
      <Filter>beast_core\native</Filter>
    </ClCompile>
    <ClCompile Include="..\..\modules\beast_core\native\beast_posix_NamedPipe.cpp">
      <Filter>beast_core\native</Filter>
    </ClCompile>
    <ClCompile Include="..\..\modules\beast_core\native\beast_win32_Files.cpp">
      <Filter>beast_core\native</Filter>
    </ClCompile>
    <ClCompile Include="..\..\modules\beast_core\native\beast_win32_Network.cpp">
      <Filter>beast_core\native</Filter>
    </ClCompile>
    <ClCompile Include="..\..\modules\beast_core\native\beast_win32_Registry.cpp">
      <Filter>beast_core\native</Filter>
    </ClCompile>
    <ClCompile Include="..\..\modules\beast_core\native\beast_win32_SystemStats.cpp">
      <Filter>beast_core\native</Filter>
    </ClCompile>
    <ClCompile Include="..\..\modules\beast_core\native\beast_win32_Threads.cpp">
      <Filter>beast_core\native</Filter>
    </ClCompile>
    <ClCompile Include="..\..\modules\beast_core\network\beast_IPAddress.cpp">
      <Filter>beast_core\network</Filter>
    </ClCompile>
    <ClCompile Include="..\..\modules\beast_core\network\beast_MACAddress.cpp">
      <Filter>beast_core\network</Filter>
    </ClCompile>
    <ClCompile Include="..\..\modules\beast_core\network\beast_NamedPipe.cpp">
      <Filter>beast_core\network</Filter>
    </ClCompile>
    <ClCompile Include="..\..\modules\beast_core\network\beast_Socket.cpp">
      <Filter>beast_core\network</Filter>
    </ClCompile>
    <ClCompile Include="..\..\modules\beast_core\network\beast_URL.cpp">
      <Filter>beast_core\network</Filter>
    </ClCompile>
    <ClCompile Include="..\..\modules\beast_core\streams\beast_BufferedInputStream.cpp">
      <Filter>beast_core\streams</Filter>
    </ClCompile>
    <ClCompile Include="..\..\modules\beast_core\streams\beast_FileInputSource.cpp">
      <Filter>beast_core\streams</Filter>
    </ClCompile>
    <ClCompile Include="..\..\modules\beast_core\streams\beast_InputStream.cpp">
      <Filter>beast_core\streams</Filter>
    </ClCompile>
    <ClCompile Include="..\..\modules\beast_core\streams\beast_MemoryInputStream.cpp">
      <Filter>beast_core\streams</Filter>
    </ClCompile>
    <ClCompile Include="..\..\modules\beast_core\streams\beast_MemoryOutputStream.cpp">
      <Filter>beast_core\streams</Filter>
    </ClCompile>
    <ClCompile Include="..\..\modules\beast_core\streams\beast_OutputStream.cpp">
      <Filter>beast_core\streams</Filter>
    </ClCompile>
    <ClCompile Include="..\..\modules\beast_core\streams\beast_SubregionStream.cpp">
      <Filter>beast_core\streams</Filter>
    </ClCompile>
    <ClCompile Include="..\..\modules\beast_core\system\beast_SystemStats.cpp">
      <Filter>beast_core\system</Filter>
    </ClCompile>
    <ClCompile Include="..\..\modules\beast_core\text\beast_CharacterFunctions.cpp">
      <Filter>beast_core\text</Filter>
    </ClCompile>
    <ClCompile Include="..\..\modules\beast_core\text\beast_Identifier.cpp">
      <Filter>beast_core\text</Filter>
    </ClCompile>
    <ClCompile Include="..\..\modules\beast_core\text\beast_LocalisedStrings.cpp">
      <Filter>beast_core\text</Filter>
    </ClCompile>
    <ClCompile Include="..\..\modules\beast_core\text\beast_String.cpp">
      <Filter>beast_core\text</Filter>
    </ClCompile>
    <ClCompile Include="..\..\modules\beast_core\text\beast_StringArray.cpp">
      <Filter>beast_core\text</Filter>
    </ClCompile>
    <ClCompile Include="..\..\modules\beast_core\text\beast_StringPairArray.cpp">
      <Filter>beast_core\text</Filter>
    </ClCompile>
    <ClCompile Include="..\..\modules\beast_core\text\beast_StringPool.cpp">
      <Filter>beast_core\text</Filter>
    </ClCompile>
    <ClCompile Include="..\..\modules\beast_core\text\beast_TextDiff.cpp">
      <Filter>beast_core\text</Filter>
    </ClCompile>
    <ClCompile Include="..\..\modules\beast_core\threads\beast_ChildProcess.cpp">
      <Filter>beast_core\threads</Filter>
    </ClCompile>
    <ClCompile Include="..\..\modules\beast_core\threads\beast_HighResolutionTimer.cpp">
      <Filter>beast_core\threads</Filter>
    </ClCompile>
    <ClCompile Include="..\..\modules\beast_core\threads\beast_ReadWriteLock.cpp">
      <Filter>beast_core\threads</Filter>
    </ClCompile>
    <ClCompile Include="..\..\modules\beast_core\threads\beast_Thread.cpp">
      <Filter>beast_core\threads</Filter>
    </ClCompile>
    <ClCompile Include="..\..\modules\beast_core\threads\beast_ThreadPool.cpp">
      <Filter>beast_core\threads</Filter>
    </ClCompile>
    <ClCompile Include="..\..\modules\beast_core\threads\beast_TimeSliceThread.cpp">
      <Filter>beast_core\threads</Filter>
    </ClCompile>
    <ClCompile Include="..\..\modules\beast_core\time\beast_PerformanceCounter.cpp">
      <Filter>beast_core\time</Filter>
    </ClCompile>
    <ClCompile Include="..\..\modules\beast_core\time\beast_RelativeTime.cpp">
      <Filter>beast_core\time</Filter>
    </ClCompile>
    <ClCompile Include="..\..\modules\beast_core\time\beast_Time.cpp">
      <Filter>beast_core\time</Filter>
    </ClCompile>
    <ClCompile Include="..\..\modules\beast_core\xml\beast_XmlDocument.cpp">
      <Filter>beast_core\xml</Filter>
    </ClCompile>
    <ClCompile Include="..\..\modules\beast_core\xml\beast_XmlElement.cpp">
      <Filter>beast_core\xml</Filter>
    </ClCompile>
    <ClCompile Include="..\..\modules\beast_core\zip\beast_GZIPCompressorOutputStream.cpp">
      <Filter>beast_core\zip</Filter>
    </ClCompile>
    <ClCompile Include="..\..\modules\beast_core\zip\beast_GZIPDecompressorInputStream.cpp">
      <Filter>beast_core\zip</Filter>
    </ClCompile>
    <ClCompile Include="..\..\modules\beast_core\zip\beast_ZipFile.cpp">
      <Filter>beast_core\zip</Filter>
    </ClCompile>
    <ClCompile Include="..\..\modules\beast_core\zip\zlib\adler32.c">
      <Filter>beast_core\zip\zlib</Filter>
    </ClCompile>
    <ClCompile Include="..\..\modules\beast_core\zip\zlib\compress.c">
      <Filter>beast_core\zip\zlib</Filter>
    </ClCompile>
    <ClCompile Include="..\..\modules\beast_core\zip\zlib\crc32.c">
      <Filter>beast_core\zip\zlib</Filter>
    </ClCompile>
    <ClCompile Include="..\..\modules\beast_core\zip\zlib\deflate.c">
      <Filter>beast_core\zip\zlib</Filter>
    </ClCompile>
    <ClCompile Include="..\..\modules\beast_core\zip\zlib\infback.c">
      <Filter>beast_core\zip\zlib</Filter>
    </ClCompile>
    <ClCompile Include="..\..\modules\beast_core\zip\zlib\inffast.c">
      <Filter>beast_core\zip\zlib</Filter>
    </ClCompile>
    <ClCompile Include="..\..\modules\beast_core\zip\zlib\inflate.c">
      <Filter>beast_core\zip\zlib</Filter>
    </ClCompile>
    <ClCompile Include="..\..\modules\beast_core\zip\zlib\inftrees.c">
      <Filter>beast_core\zip\zlib</Filter>
    </ClCompile>
    <ClCompile Include="..\..\modules\beast_core\zip\zlib\trees.c">
      <Filter>beast_core\zip\zlib</Filter>
    </ClCompile>
    <ClCompile Include="..\..\modules\beast_core\zip\zlib\uncompr.c">
      <Filter>beast_core\zip\zlib</Filter>
    </ClCompile>
    <ClCompile Include="..\..\modules\beast_core\zip\zlib\zutil.c">
      <Filter>beast_core\zip\zlib</Filter>
    </ClCompile>
    <ClCompile Include="..\..\modules\beast_basics\beast_basics.cpp">
      <Filter>beast_basics</Filter>
    </ClCompile>
    <ClCompile Include="..\..\modules\beast_basics\events\beast_OncePerSecond.cpp">
      <Filter>beast_basics\events</Filter>
    </ClCompile>
    <ClCompile Include="..\..\modules\beast_basics\memory\beast_FifoFreeStoreWithoutTLS.cpp">
      <Filter>beast_basics\memory</Filter>
    </ClCompile>
    <ClCompile Include="..\..\modules\beast_basics\memory\beast_FifoFreeStoreWithTLS.cpp">
      <Filter>beast_basics\memory</Filter>
    </ClCompile>
    <ClCompile Include="..\..\modules\beast_basics\memory\beast_GlobalPagedFreeStore.cpp">
      <Filter>beast_basics\memory</Filter>
    </ClCompile>
    <ClCompile Include="..\..\modules\beast_basics\memory\beast_PagedFreeStore.cpp">
      <Filter>beast_basics\memory</Filter>
    </ClCompile>
    <ClCompile Include="..\..\modules\beast_basics\threads\beast_CallQueue.cpp">
      <Filter>beast_basics\threads</Filter>
    </ClCompile>
    <ClCompile Include="..\..\modules\beast_basics\threads\beast_InterruptibleThread.cpp">
      <Filter>beast_basics\threads</Filter>
    </ClCompile>
    <ClCompile Include="..\..\modules\beast_basics\threads\beast_Listeners.cpp">
      <Filter>beast_basics\threads</Filter>
    </ClCompile>
    <ClCompile Include="..\..\modules\beast_basics\threads\beast_ParallelFor.cpp">
      <Filter>beast_basics\threads</Filter>
    </ClCompile>
    <ClCompile Include="..\..\modules\beast_basics\threads\beast_ReadWriteMutex.cpp">
      <Filter>beast_basics\threads</Filter>
    </ClCompile>
    <ClCompile Include="..\..\modules\beast_basics\threads\beast_Semaphore.cpp">
      <Filter>beast_basics\threads</Filter>
    </ClCompile>
    <ClCompile Include="..\..\modules\beast_basics\threads\beast_ThreadGroup.cpp">
      <Filter>beast_basics\threads</Filter>
    </ClCompile>
    <ClCompile Include="..\..\modules\beast_basics\threads\beast_ThreadWithCallQueue.cpp">
      <Filter>beast_basics\threads</Filter>
    </ClCompile>
    <ClCompile Include="..\..\modules\beast_core\native\beast_bsd_SystemStats.cpp">
      <Filter>beast_core\native</Filter>
    </ClCompile>
    <ClCompile Include="..\..\modules\beast_core\native\beast_bsd_Files.cpp">
      <Filter>beast_core\native</Filter>
    </ClCompile>
    <ClCompile Include="..\..\modules\beast_core\native\beast_bsd_Network.cpp">
      <Filter>beast_core\native</Filter>
    </ClCompile>
    <ClCompile Include="..\..\modules\beast_core\native\beast_bsd_Threads.cpp">
      <Filter>beast_core\native</Filter>
    </ClCompile>
    <ClCompile Include="..\..\modules\beast_core\diagnostic\beast_Debug.cpp">
      <Filter>beast_core\diagnostic</Filter>
    </ClCompile>
    <ClCompile Include="..\..\modules\beast_core\diagnostic\beast_Error.cpp">
      <Filter>beast_core\diagnostic</Filter>
    </ClCompile>
    <ClCompile Include="..\..\modules\beast_core\diagnostic\beast_FPUFlags.cpp">
      <Filter>beast_core\diagnostic</Filter>
    </ClCompile>
    <ClCompile Include="..\..\modules\beast_core\diagnostic\beast_LeakChecked.cpp">
      <Filter>beast_core\diagnostic</Filter>
    </ClCompile>
    <ClCompile Include="..\..\modules\beast_core\threads\beast_SpinDelay.cpp">
      <Filter>beast_core\threads</Filter>
    </ClCompile>
    <ClCompile Include="..\..\modules\beast_core\native\beast_posix_FPUFlags.cpp">
      <Filter>beast_core\native</Filter>
    </ClCompile>
    <ClCompile Include="..\..\modules\beast_core\native\beast_win32_FPUFlags.cpp">
      <Filter>beast_core\native</Filter>
    </ClCompile>
    <ClCompile Include="..\..\modules\beast_core\time\beast_PerformedAtExit.cpp">
      <Filter>beast_core\time</Filter>
    </ClCompile>
    <ClCompile Include="..\..\modules\beast_basics\events\beast_DeadlineTimer.cpp">
      <Filter>beast_basics\events</Filter>
    </ClCompile>
    <ClCompile Include="..\..\modules\beast_core\diagnostic\beast_UnitTest.cpp">
      <Filter>beast_core\diagnostic</Filter>
    </ClCompile>
    <ClCompile Include="..\..\modules\beast_crypto\beast_crypto.cpp">
      <Filter>beast_crypto</Filter>
    </ClCompile>
    <ClCompile Include="..\..\modules\beast_crypto\math\beast_UnsignedInteger.cpp">
      <Filter>beast_crypto\math</Filter>
    </ClCompile>
    <ClCompile Include="..\..\modules\beast_core\files\beast_RandomAccessFile.cpp">
      <Filter>beast_core\files</Filter>
    </ClCompile>
    <ClCompile Include="..\..\modules\beast_core\diagnostic\beast_UnitTestUtilities.cpp">
      <Filter>beast_core\diagnostic</Filter>
    </ClCompile>
    <ClCompile Include="..\..\modules\beast_db\beast_db.cpp">
      <Filter>beast_db</Filter>
    </ClCompile>
    <ClCompile Include="..\..\modules\beast_db\keyvalue\beast_KeyvaDB.cpp">
      <Filter>beast_db\keyvalue</Filter>
    </ClCompile>
    <ClCompile Include="..\..\modules\beast_sqlite\beast_sqlite.c">
      <Filter>beast_sqlite</Filter>
    </ClCompile>
    <ClCompile Include="..\..\modules\beast_sqlite\sqlite\sqlite3.c">
      <Filter>beast_sqlite\sqlite</Filter>
    </ClCompile>
    <ClCompile Include="..\..\modules\beast_sqdb\beast_sqdb.cpp">
      <Filter>beast_sqdb</Filter>
    </ClCompile>
    <ClCompile Include="..\..\modules\beast_sqdb\source\blob.cpp">
      <Filter>beast_sqdb\source</Filter>
    </ClCompile>
    <ClCompile Include="..\..\modules\beast_sqdb\source\error_codes.cpp">
      <Filter>beast_sqdb\source</Filter>
    </ClCompile>
    <ClCompile Include="..\..\modules\beast_sqdb\source\into_type.cpp">
      <Filter>beast_sqdb\source</Filter>
    </ClCompile>
    <ClCompile Include="..\..\modules\beast_sqdb\source\once_temp_type.cpp">
      <Filter>beast_sqdb\source</Filter>
    </ClCompile>
    <ClCompile Include="..\..\modules\beast_sqdb\source\prepare_temp_type.cpp">
      <Filter>beast_sqdb\source</Filter>
    </ClCompile>
    <ClCompile Include="..\..\modules\beast_sqdb\source\ref_counted_prepare_info.cpp">
      <Filter>beast_sqdb\source</Filter>
    </ClCompile>
    <ClCompile Include="..\..\modules\beast_sqdb\source\ref_counted_statement.cpp">
      <Filter>beast_sqdb\source</Filter>
    </ClCompile>
    <ClCompile Include="..\..\modules\beast_sqdb\source\session.cpp">
      <Filter>beast_sqdb\source</Filter>
    </ClCompile>
    <ClCompile Include="..\..\modules\beast_sqdb\source\statement.cpp">
      <Filter>beast_sqdb\source</Filter>
    </ClCompile>
    <ClCompile Include="..\..\modules\beast_sqdb\source\statement_imp.cpp">
      <Filter>beast_sqdb\source</Filter>
    </ClCompile>
    <ClCompile Include="..\..\modules\beast_sqdb\source\transaction.cpp">
      <Filter>beast_sqdb\source</Filter>
    </ClCompile>
    <ClCompile Include="..\..\modules\beast_sqdb\source\use_type.cpp">
      <Filter>beast_sqdb\source</Filter>
    </ClCompile>
    <ClCompile Include="..\..\modules\beast_core\maths\beast_MurmurHash.cpp">
      <Filter>beast_core\maths</Filter>
    </ClCompile>
    <ClCompile Include="..\..\modules\beast_core\diagnostic\beast_ProtectedCall.cpp">
      <Filter>beast_core\diagnostic</Filter>
    </ClCompile>
    <ClCompile Include="..\..\modules\beast_core\misc\beast_Main.cpp">
      <Filter>beast_core\misc</Filter>
    </ClCompile>
    <ClCompile Include="..\..\modules\beast_core\text\beast_LexicalCast.cpp">
      <Filter>beast_core\text</Filter>
    </ClCompile>
    <ClCompile Include="..\..\modules\beast_basics\threads\beast_Workers.cpp">
      <Filter>beast_basics\threads</Filter>
    </ClCompile>
    <ClCompile Include="..\..\modules\beast_core\diagnostic\beast_FatalError.cpp">
      <Filter>beast_core\diagnostic</Filter>
    </ClCompile>
    <ClCompile Include="..\..\modules\beast_core\diagnostic\beast_SemanticVersion.cpp">
      <Filter>beast_core\diagnostic</Filter>
    </ClCompile>
    <ClCompile Include="..\..\modules\beast_asio\beast_asio.cpp">
      <Filter>beast_asio</Filter>
    </ClCompile>
    <ClCompile Include="..\..\modules\beast_asio\sockets\beast_SslContext.cpp">
      <Filter>beast_asio\sockets</Filter>
    </ClCompile>
    <ClCompile Include="..\..\modules\beast_asio\tests\beast_TestPeerBasics.cpp">
      <Filter>beast_asio\tests</Filter>
    </ClCompile>
    <ClCompile Include="..\..\modules\beast_asio\sockets\beast_Socket.cpp">
      <Filter>beast_asio\sockets</Filter>
    </ClCompile>
    <ClCompile Include="..\..\modules\beast_asio\sockets\beast_SocketBase.cpp">
      <Filter>beast_asio\sockets</Filter>
    </ClCompile>
    <ClCompile Include="..\..\modules\beast_asio\tests\beast_TestPeerLogic.cpp">
      <Filter>beast_asio\tests</Filter>
    </ClCompile>
    <ClCompile Include="..\..\modules\beast_asio\tests\beast_TestPeerLogicSyncClient.cpp">
      <Filter>beast_asio\tests</Filter>
    </ClCompile>
    <ClCompile Include="..\..\modules\beast_asio\tests\beast_TestPeerLogicSyncServer.cpp">
      <Filter>beast_asio\tests</Filter>
    </ClCompile>
    <ClCompile Include="..\..\modules\beast_asio\tests\beast_TestPeerLogicAsyncClient.cpp">
      <Filter>beast_asio\tests</Filter>
    </ClCompile>
    <ClCompile Include="..\..\modules\beast_asio\tests\beast_TestPeerLogicAsyncServer.cpp">
      <Filter>beast_asio\tests</Filter>
    </ClCompile>
    <ClCompile Include="..\..\modules\beast_asio\tests\beast_PeerTest.cpp">
      <Filter>beast_asio\tests</Filter>
    </ClCompile>
    <ClCompile Include="..\..\modules\beast_asio\tests\beast_TestPeerUnitTests.cpp">
      <Filter>beast_asio\tests</Filter>
    </ClCompile>
    <ClCompile Include="..\..\modules\beast_asio\tests\beast_TestPeerLogicProxyClient.cpp">
      <Filter>beast_asio\tests</Filter>
    </ClCompile>
    <ClCompile Include="..\..\modules\beast_asio\basics\beast_PeerRole.cpp">
      <Filter>beast_asio\basics</Filter>
    </ClCompile>
    <ClCompile Include="..\..\modules\beast_asio\handshake\beast_HandshakeDetectLogicPROXY.cpp">
      <Filter>beast_asio\handshake</Filter>
    </ClCompile>
    <ClCompile Include="..\..\modules\beast_asio\system\beast_BoostUnitTests.cpp">
      <Filter>beast_asio\system</Filter>
    </ClCompile>
    <ClCompile Include="..\..\modules\beast_asio\async\beast_SharedHandler.cpp">
      <Filter>beast_asio\async</Filter>
    </ClCompile>
  </ItemGroup>
  <ItemGroup>
    <Text Include="..\..\TODO.txt" />
  </ItemGroup>
</Project>